{
  "version": 4,
  "terraform_version": "1.12.2",
  "serial": 183,
  "lineage": "90073a24-7695-fa72-22a1-59975cab7e11",
  "outputs": {},
  "resources": [
    {
      "mode": "data",
      "type": "mso_schema",
      "name": "existing",
      "provider": "provider[\"registry.terraform.io/ciscodevnet/mso\"]",
      "instances": [
        {
          "schema_version": 1,
          "attributes": {
            "description": "",
            "id": "66154ea5749a9abe118014de",
            "name": "AEDCE",
            "template": [
              {
                "description": "",
                "display_name": "VRF_Template",
                "name": "UpgradeTemplate1",
                "template_type": "aci_multi_site",
                "tenant_id": "6273874522000025012cc8bd"
              },
              {
                "description": "",
                "display_name": "G-Specific_Only",
                "name": "G-Specific_Only",
                "template_type": "aci_multi_site",
                "tenant_id": "6273874522000025012cc8bd"
              },
              {
                "description": "",
                "display_name": "K-Specific_Only",
                "name": "K-Specific_Only",
                "template_type": "aci_multi_site",
                "tenant_id": "6273874522000025012cc8bd"
              },
              {
                "description": "",
                "display_name": "L2_Stretched",
                "name": "L2_Stretched",
                "template_type": "aci_multi_site",
                "tenant_id": "6273874522000025012cc8bd"
              },
              {
                "description": "",
                "display_name": "L2_Non-Stretched",
                "name": "L2_Non-Stretched",
                "template_type": "aci_multi_site",
                "tenant_id": "6273874522000025012cc8bd"
              }
            ],
            "template_name": null,
            "tenant_id": null
          },
          "sensitive_attributes": [],
          "identity_schema_version": 0
        }
      ]
    },
    {
      "mode": "data",
      "type": "mso_site",
      "name": "aedcg",
      "provider": "provider[\"registry.terraform.io/ciscodevnet/mso\"]",
      "instances": [
        {
          "schema_version": 1,
          "attributes": {
            "apic_site_id": "1",
            "cloud_providers": null,
            "group_id": null,
            "id": "6273879590601e1600226231",
            "labels": null,
            "location": {},
            "name": "AEDCG",
            "password": "******",
            "proxy": null,
            "reprovision": null,
            "sr_l3out": null,
            "status": null,
            "template_count": null,
            "type": null,
            "urls": [
              "https://198.18.1.11"
            ],
            "username": "Cisco_MSO_hkzicNQr",
            "version": null
          },
          "sensitive_attributes": [],
          "identity_schema_version": 0
        }
      ]
    },
    {
      "mode": "data",
      "type": "mso_site",
      "name": "aedck",
      "provider": "provider[\"registry.terraform.io/ciscodevnet/mso\"]",
      "instances": [
        {
          "schema_version": 1,
          "attributes": {
            "apic_site_id": "2",
            "cloud_providers": null,
            "group_id": null,
            "id": "627387a0ad7390c6b9205cd7",
            "labels": null,
            "location": {},
            "name": "AEDCK",
            "password": "******",
            "proxy": null,
            "reprovision": null,
            "sr_l3out": null,
            "status": null,
            "template_count": null,
            "type": null,
            "urls": [
              "https://198.18.3.10"
            ],
            "username": "Cisco_MSO_hkzicNQr",
            "version": null
          },
          "sensitive_attributes": [],
          "identity_schema_version": 0
        }
      ]
    },
    {
      "mode": "data",
      "type": "mso_tenant",
      "name": "eur",
      "provider": "provider[\"registry.terraform.io/ciscodevnet/mso\"]",
      "instances": [
        {
          "schema_version": 1,
          "attributes": {
            "description": "",
            "display_name": "EUR",
            "id": "6273874522000025012cc8bd",
            "name": "EUR",
            "site_associations": [
              {
                "aws_access_key_id": "",
                "aws_account_id": "",
                "aws_secret_key": "",
                "azure_access_type": "",
                "azure_active_directory_id": "",
                "azure_application_id": "",
                "azure_client_secret": "",
                "azure_shared_account_id": "",
                "azure_subscription_id": "",
                "gcp_access_type": "",
                "gcp_client_id": "",
                "gcp_email": "",
                "gcp_key_id": "",
                "gcp_name": "",
                "gcp_private_key": "",
                "gcp_project_id": "",
                "is_aws_account_trusted": false,
                "security_domains": [],
                "site_id": "6273879590601e1600226231",
                "vendor": ""
              },
              {
                "aws_access_key_id": "",
                "aws_account_id": "",
                "aws_secret_key": "",
                "azure_access_type": "",
                "azure_active_directory_id": "",
                "azure_application_id": "",
                "azure_client_secret": "",
                "azure_shared_account_id": "",
                "azure_subscription_id": "",
                "gcp_access_type": "",
                "gcp_client_id": "",
                "gcp_email": "",
                "gcp_key_id": "",
                "gcp_name": "",
                "gcp_private_key": "",
                "gcp_project_id": "",
                "is_aws_account_trusted": false,
                "security_domains": [],
                "site_id": "627387a0ad7390c6b9205cd7",
                "vendor": ""
              }
            ],
            "user_associations": [
              {
                "user_id": "950a097f46e71434f428bdb6cbe22f94ca28cbd17949564b42e062efafce96e5"
              },
              {
                "user_id": "3eb8151db60d2bb55c9f2b6af2969d47907f6d5bf04e7d20a054096cde7a779a"
              },
              {
                "user_id": "5585d99401a0f2bc6d560ff4670a38a6a5356e3e38b7dcdc5a77cb8600006684"
              },
              {
                "user_id": "1c2452b2e677f215e275356cab54ba52fe7dcfbf9da57fd8830952c751b16f25"
              },
              {
                "user_id": "84991333b7746ea162c9ced86e508a140dfbc8c3197374244ae4a0404387335c"
              },
              {
                "user_id": "48d105bdfbc49a5fcf39a10b961386e61dfe40085cb0315d818b761c5735dafa"
              }
            ]
          },
          "sensitive_attributes": [],
          "identity_schema_version": 0
        }
      ]
    },
    {
      "mode": "managed",
      "type": "mso_schema_site_anp",
      "name": "site_anp_aedcg_g_specific",
      "provider": "provider[\"registry.terraform.io/ciscodevnet/mso\"]",
      "instances": [
        {
          "schema_version": 1,
          "attributes": {
            "anp_name": "AppProf-RCC",
            "id": "AppProf-RCC",
            "schema_id": "66154ea5749a9abe118014de",
            "site_id": "6273879590601e1600226231",
            "template_name": "G-Specific_Only"
          },
          "sensitive_attributes": [],
          "identity_schema_version": 0,
          "private": "eyJzY2hlbWFfdmVyc2lvbiI6IjEifQ==",
          "dependencies": [
            "data.mso_schema.existing",
            "data.mso_site.aedcg",
            "mso_schema_template_anp.appprof_rcc_g_specific"
          ]
        }
      ]
    },
    {
      "mode": "managed",
      "type": "mso_schema_site_anp",
      "name": "site_anp_aedcg_non_stretched",
      "provider": "provider[\"registry.terraform.io/ciscodevnet/mso\"]",
      "instances": [
        {
          "schema_version": 1,
          "attributes": {
            "anp_name": "AppProf-RCC",
            "id": "AppProf-RCC",
            "schema_id": "66154ea5749a9abe118014de",
            "site_id": "6273879590601e1600226231",
            "template_name": "L2_Non-Stretched"
          },
          "sensitive_attributes": [],
          "identity_schema_version": 0,
          "private": "eyJzY2hlbWFfdmVyc2lvbiI6IjEifQ==",
          "dependencies": [
            "data.mso_schema.existing",
            "data.mso_site.aedcg",
            "mso_schema_template_anp.appprof_rcc_non_stretched"
          ]
        }
      ]
    },
    {
      "mode": "managed",
      "type": "mso_schema_site_anp",
      "name": "site_anp_aedcg_stretched",
      "provider": "provider[\"registry.terraform.io/ciscodevnet/mso\"]",
      "instances": [
        {
          "schema_version": 1,
          "attributes": {
            "anp_name": "AppProf-RCC",
            "id": "AppProf-RCC",
            "schema_id": "66154ea5749a9abe118014de",
            "site_id": "6273879590601e1600226231",
            "template_name": "L2_Stretched"
          },
          "sensitive_attributes": [],
          "identity_schema_version": 0,
          "private": "eyJzY2hlbWFfdmVyc2lvbiI6IjEifQ==",
          "dependencies": [
            "data.mso_schema.existing",
            "data.mso_site.aedcg",
            "mso_schema_template_anp.appprof_rcc_stretched"
          ]
        }
      ]
    },
    {
      "mode": "managed",
      "type": "mso_schema_site_anp",
      "name": "site_anp_aedck_k_specific",
      "provider": "provider[\"registry.terraform.io/ciscodevnet/mso\"]",
      "instances": [
        {
          "schema_version": 1,
          "attributes": {
            "anp_name": "AppProf-RCC",
            "id": "AppProf-RCC",
            "schema_id": "66154ea5749a9abe118014de",
            "site_id": "627387a0ad7390c6b9205cd7",
            "template_name": "K-Specific_Only"
          },
          "sensitive_attributes": [],
          "identity_schema_version": 0,
          "private": "eyJzY2hlbWFfdmVyc2lvbiI6IjEifQ==",
          "dependencies": [
            "data.mso_schema.existing",
            "data.mso_site.aedck",
            "mso_schema_template_anp.appprof_rcc_k_specific"
          ]
        }
      ]
    },
    {
      "mode": "managed",
      "type": "mso_schema_site_anp",
      "name": "site_anp_aedck_non_stretched",
      "provider": "provider[\"registry.terraform.io/ciscodevnet/mso\"]",
      "instances": [
        {
          "schema_version": 1,
          "attributes": {
            "anp_name": "AppProf-RCC",
            "id": "AppProf-RCC",
            "schema_id": "66154ea5749a9abe118014de",
            "site_id": "627387a0ad7390c6b9205cd7",
            "template_name": "L2_Non-Stretched"
          },
          "sensitive_attributes": [],
          "identity_schema_version": 0,
          "private": "eyJzY2hlbWFfdmVyc2lvbiI6IjEifQ==",
          "dependencies": [
            "data.mso_schema.existing",
            "data.mso_site.aedck",
            "mso_schema_template_anp.appprof_rcc_non_stretched"
          ]
        }
      ]
    },
    {
      "mode": "managed",
      "type": "mso_schema_site_anp",
      "name": "site_anp_aedck_stretched",
      "provider": "provider[\"registry.terraform.io/ciscodevnet/mso\"]",
      "instances": [
        {
          "schema_version": 1,
          "attributes": {
            "anp_name": "AppProf-RCC",
            "id": "AppProf-RCC",
            "schema_id": "66154ea5749a9abe118014de",
            "site_id": "627387a0ad7390c6b9205cd7",
            "template_name": "L2_Stretched"
          },
          "sensitive_attributes": [],
          "identity_schema_version": 0,
          "private": "eyJzY2hlbWFfdmVyc2lvbiI6IjEifQ==",
          "dependencies": [
            "data.mso_schema.existing",
            "data.mso_site.aedck",
            "mso_schema_template_anp.appprof_rcc_stretched"
          ]
        }
      ]
    },
    {
      "mode": "managed",
      "type": "mso_schema_site_anp_epg",
      "name": "site_epg_acas_scanners_g",
      "provider": "provider[\"registry.terraform.io/ciscodevnet/mso\"]",
      "instances": [
        {
          "schema_version": 1,
          "attributes": {
            "anp_name": "AppProf-RCC",
            "epg_name": "EPG-ACAS-SCANNERS",
            "id": "EPG-ACAS-SCANNERS",
            "private_link_label": null,
            "schema_id": "66154ea5749a9abe118014de",
            "site_id": "6273879590601e1600226231",
            "template_name": "L2_Stretched"
          },
          "sensitive_attributes": [],
          "identity_schema_version": 0,
          "private": "eyJzY2hlbWFfdmVyc2lvbiI6IjEifQ==",
          "dependencies": [
            "data.mso_schema.existing",
            "data.mso_site.aedcg",
            "mso_schema_template_anp.appprof_rcc_stretched",
            "mso_schema_template_anp_epg.epg_acas_scanners",
            "mso_schema_template_bd.bd_acas_scanners",
            "mso_schema_template_vrf.vrf_rcc"
          ]
        }
      ]
    },
    {
      "mode": "managed",
      "type": "mso_schema_site_anp_epg",
      "name": "site_epg_acas_scanners_k",
      "provider": "provider[\"registry.terraform.io/ciscodevnet/mso\"]",
      "instances": [
        {
          "schema_version": 1,
          "attributes": {
            "anp_name": "AppProf-RCC",
            "epg_name": "EPG-ACAS-SCANNERS",
            "id": "EPG-ACAS-SCANNERS",
            "private_link_label": null,
            "schema_id": "66154ea5749a9abe118014de",
            "site_id": "627387a0ad7390c6b9205cd7",
            "template_name": "L2_Stretched"
          },
          "sensitive_attributes": [],
          "identity_schema_version": 0,
          "private": "eyJzY2hlbWFfdmVyc2lvbiI6IjEifQ==",
          "dependencies": [
            "data.mso_schema.existing",
            "data.mso_site.aedck",
            "mso_schema_template_anp.appprof_rcc_stretched",
            "mso_schema_template_anp_epg.epg_acas_scanners",
            "mso_schema_template_bd.bd_acas_scanners",
            "mso_schema_template_vrf.vrf_rcc"
          ]
        }
      ]
    },
    {
      "mode": "managed",
      "type": "mso_schema_site_anp_epg",
      "name": "site_epg_ad_g",
      "provider": "provider[\"registry.terraform.io/ciscodevnet/mso\"]",
      "instances": [
        {
          "schema_version": 1,
          "attributes": {
            "anp_name": "AppProf-RCC",
            "epg_name": "EPG-AD",
            "id": "EPG-AD",
            "private_link_label": null,
            "schema_id": "66154ea5749a9abe118014de",
            "site_id": "6273879590601e1600226231",
            "template_name": "L2_Stretched"
          },
          "sensitive_attributes": [],
          "identity_schema_version": 0,
          "private": "eyJzY2hlbWFfdmVyc2lvbiI6IjEifQ==",
          "dependencies": [
            "data.mso_schema.existing",
            "data.mso_site.aedcg",
            "mso_schema_template_anp.appprof_rcc_stretched",
            "mso_schema_template_anp_epg.epg_ad",
            "mso_schema_template_bd.bd_ad",
            "mso_schema_template_vrf.vrf_rcc"
          ]
        }
      ]
    },
    {
      "mode": "managed",
      "type": "mso_schema_site_anp_epg",
      "name": "site_epg_ad_k",
      "provider": "provider[\"registry.terraform.io/ciscodevnet/mso\"]",
      "instances": [
        {
          "schema_version": 1,
          "attributes": {
            "anp_name": "AppProf-RCC",
            "epg_name": "EPG-AD",
            "id": "EPG-AD",
            "private_link_label": null,
            "schema_id": "66154ea5749a9abe118014de",
            "site_id": "627387a0ad7390c6b9205cd7",
            "template_name": "L2_Stretched"
          },
          "sensitive_attributes": [],
          "identity_schema_version": 0,
          "private": "eyJzY2hlbWFfdmVyc2lvbiI6IjEifQ==",
          "dependencies": [
            "data.mso_schema.existing",
            "data.mso_site.aedck",
            "mso_schema_template_anp.appprof_rcc_stretched",
            "mso_schema_template_anp_epg.epg_ad",
            "mso_schema_template_bd.bd_ad",
            "mso_schema_template_vrf.vrf_rcc"
          ]
        }
      ]
    },
    {
      "mode": "managed",
      "type": "mso_schema_site_anp_epg",
      "name": "site_epg_adfs_g",
      "provider": "provider[\"registry.terraform.io/ciscodevnet/mso\"]",
      "instances": [
        {
          "schema_version": 1,
          "attributes": {
            "anp_name": "AppProf-RCC",
            "epg_name": "EPG-ADFS",
            "id": "EPG-ADFS",
            "private_link_label": null,
            "schema_id": "66154ea5749a9abe118014de",
            "site_id": "6273879590601e1600226231",
            "template_name": "L2_Stretched"
          },
          "sensitive_attributes": [],
          "identity_schema_version": 0,
          "private": "eyJzY2hlbWFfdmVyc2lvbiI6IjEifQ==",
          "dependencies": [
            "data.mso_schema.existing",
            "data.mso_site.aedcg",
            "mso_schema_template_anp.appprof_rcc_stretched",
            "mso_schema_template_anp_epg.epg_adfs",
            "mso_schema_template_bd.bd_adfs",
            "mso_schema_template_vrf.vrf_rcc"
          ]
        }
      ]
    },
    {
      "mode": "managed",
      "type": "mso_schema_site_anp_epg",
      "name": "site_epg_adfs_k",
      "provider": "provider[\"registry.terraform.io/ciscodevnet/mso\"]",
      "instances": [
        {
          "schema_version": 1,
          "attributes": {
            "anp_name": "AppProf-RCC",
            "epg_name": "EPG-ADFS",
            "id": "EPG-ADFS",
            "private_link_label": null,
            "schema_id": "66154ea5749a9abe118014de",
            "site_id": "627387a0ad7390c6b9205cd7",
            "template_name": "L2_Stretched"
          },
          "sensitive_attributes": [],
          "identity_schema_version": 0,
          "private": "eyJzY2hlbWFfdmVyc2lvbiI6IjEifQ==",
          "dependencies": [
            "data.mso_schema.existing",
            "data.mso_site.aedck",
            "mso_schema_template_anp.appprof_rcc_stretched",
            "mso_schema_template_anp_epg.epg_adfs",
            "mso_schema_template_bd.bd_adfs",
            "mso_schema_template_vrf.vrf_rcc"
          ]
        }
      ]
    },
    {
      "mode": "managed",
      "type": "mso_schema_site_anp_epg",
      "name": "site_epg_app_svr_g",
      "provider": "provider[\"registry.terraform.io/ciscodevnet/mso\"]",
      "instances": [
        {
          "schema_version": 1,
          "attributes": {
            "anp_name": "AppProf-RCC",
            "epg_name": "EPG-APP-SVR",
            "id": "EPG-APP-SVR",
            "private_link_label": null,
            "schema_id": "66154ea5749a9abe118014de",
            "site_id": "6273879590601e1600226231",
            "template_name": "L2_Stretched"
          },
          "sensitive_attributes": [],
          "identity_schema_version": 0,
          "private": "eyJzY2hlbWFfdmVyc2lvbiI6IjEifQ==",
          "dependencies": [
            "data.mso_schema.existing",
            "data.mso_site.aedcg",
            "mso_schema_template_anp.appprof_rcc_stretched",
            "mso_schema_template_anp_epg.epg_app_svr",
            "mso_schema_template_bd.bd_app_svr",
            "mso_schema_template_vrf.vrf_rcc"
          ]
        }
      ]
    },
    {
      "mode": "managed",
      "type": "mso_schema_site_anp_epg",
      "name": "site_epg_app_svr_k",
      "provider": "provider[\"registry.terraform.io/ciscodevnet/mso\"]",
      "instances": [
        {
          "schema_version": 1,
          "attributes": {
            "anp_name": "AppProf-RCC",
            "epg_name": "EPG-APP-SVR",
            "id": "EPG-APP-SVR",
            "private_link_label": null,
            "schema_id": "66154ea5749a9abe118014de",
            "site_id": "627387a0ad7390c6b9205cd7",
            "template_name": "L2_Stretched"
          },
          "sensitive_attributes": [],
          "identity_schema_version": 0,
          "private": "eyJzY2hlbWFfdmVyc2lvbiI6IjEifQ==",
          "dependencies": [
            "data.mso_schema.existing",
            "data.mso_site.aedck",
            "mso_schema_template_anp.appprof_rcc_stretched",
            "mso_schema_template_anp_epg.epg_app_svr",
            "mso_schema_template_bd.bd_app_svr",
            "mso_schema_template_vrf.vrf_rcc"
          ]
        }
      ]
    },
    {
      "mode": "managed",
      "type": "mso_schema_site_anp_epg",
      "name": "site_epg_backup_svr_k",
      "provider": "provider[\"registry.terraform.io/ciscodevnet/mso\"]",
      "instances": [
        {
          "schema_version": 1,
          "attributes": {
            "anp_name": "AppProf-RCC",
            "epg_name": "EPG-BACKUP-SVR",
            "id": "EPG-BACKUP-SVR",
            "private_link_label": null,
            "schema_id": "66154ea5749a9abe118014de",
            "site_id": "627387a0ad7390c6b9205cd7",
            "template_name": "K-Specific_Only"
          },
          "sensitive_attributes": [],
          "identity_schema_version": 0,
          "private": "eyJzY2hlbWFfdmVyc2lvbiI6IjEifQ==",
          "dependencies": [
            "data.mso_schema.existing",
            "data.mso_site.aedck",
            "mso_schema_template_anp.appprof_rcc_k_specific",
            "mso_schema_template_anp_epg.epg_backup_svr_k",
            "mso_schema_template_bd.bd_backup_svr_k",
            "mso_schema_template_vrf.vrf_rcc"
          ]
        }
      ]
    },
    {
      "mode": "managed",
      "type": "mso_schema_site_anp_epg",
      "name": "site_epg_c2c_scanners_g",
      "provider": "provider[\"registry.terraform.io/ciscodevnet/mso\"]",
      "instances": [
        {
          "schema_version": 1,
          "attributes": {
            "anp_name": "AppProf-RCC",
            "epg_name": "EPG-C2C-SCANNERS",
            "id": "EPG-C2C-SCANNERS",
            "private_link_label": null,
            "schema_id": "66154ea5749a9abe118014de",
            "site_id": "6273879590601e1600226231",
            "template_name": "L2_Stretched"
          },
          "sensitive_attributes": [],
          "identity_schema_version": 0,
          "private": "eyJzY2hlbWFfdmVyc2lvbiI6IjEifQ==",
          "dependencies": [
            "data.mso_schema.existing",
            "data.mso_site.aedcg",
            "mso_schema_template_anp.appprof_rcc_stretched",
            "mso_schema_template_anp_epg.epg_c2c_scanners",
            "mso_schema_template_bd.bd_c2c_scanners",
            "mso_schema_template_vrf.vrf_rcc"
          ]
        }
      ]
    },
    {
      "mode": "managed",
      "type": "mso_schema_site_anp_epg",
      "name": "site_epg_c2c_scanners_k",
      "provider": "provider[\"registry.terraform.io/ciscodevnet/mso\"]",
      "instances": [
        {
          "schema_version": 1,
          "attributes": {
            "anp_name": "AppProf-RCC",
            "epg_name": "EPG-C2C-SCANNERS",
            "id": "EPG-C2C-SCANNERS",
            "private_link_label": null,
            "schema_id": "66154ea5749a9abe118014de",
            "site_id": "627387a0ad7390c6b9205cd7",
            "template_name": "L2_Stretched"
          },
          "sensitive_attributes": [],
          "identity_schema_version": 0,
          "private": "eyJzY2hlbWFfdmVyc2lvbiI6IjEifQ==",
          "dependencies": [
            "data.mso_schema.existing",
            "data.mso_site.aedck",
            "mso_schema_template_anp.appprof_rcc_stretched",
            "mso_schema_template_anp_epg.epg_c2c_scanners",
            "mso_schema_template_bd.bd_c2c_scanners",
            "mso_schema_template_vrf.vrf_rcc"
          ]
        }
      ]
    },
    {
      "mode": "managed",
      "type": "mso_schema_site_anp_epg",
      "name": "site_epg_cfg_mgmt_g",
      "provider": "provider[\"registry.terraform.io/ciscodevnet/mso\"]",
      "instances": [
        {
          "schema_version": 1,
          "attributes": {
            "anp_name": "AppProf-RCC",
            "epg_name": "EPG-CFG-MGMT",
            "id": "EPG-CFG-MGMT",
            "private_link_label": null,
            "schema_id": "66154ea5749a9abe118014de",
            "site_id": "6273879590601e1600226231",
            "template_name": "L2_Stretched"
          },
          "sensitive_attributes": [],
          "identity_schema_version": 0,
          "private": "eyJzY2hlbWFfdmVyc2lvbiI6IjEifQ==",
          "dependencies": [
            "data.mso_schema.existing",
            "data.mso_site.aedcg",
            "mso_schema_template_anp.appprof_rcc_stretched",
            "mso_schema_template_anp_epg.epg_cfg_mgmt",
            "mso_schema_template_bd.bd_cfg_mgmt",
            "mso_schema_template_vrf.vrf_rcc"
          ]
        }
      ]
    },
    {
      "mode": "managed",
      "type": "mso_schema_site_anp_epg",
      "name": "site_epg_cfg_mgmt_k",
      "provider": "provider[\"registry.terraform.io/ciscodevnet/mso\"]",
      "instances": [
        {
          "schema_version": 1,
          "attributes": {
            "anp_name": "AppProf-RCC",
            "epg_name": "EPG-CFG-MGMT",
            "id": "EPG-CFG-MGMT",
            "private_link_label": null,
            "schema_id": "66154ea5749a9abe118014de",
            "site_id": "627387a0ad7390c6b9205cd7",
            "template_name": "L2_Stretched"
          },
          "sensitive_attributes": [],
          "identity_schema_version": 0,
          "private": "eyJzY2hlbWFfdmVyc2lvbiI6IjEifQ==",
          "dependencies": [
            "data.mso_schema.existing",
            "data.mso_site.aedck",
            "mso_schema_template_anp.appprof_rcc_stretched",
            "mso_schema_template_anp_epg.epg_cfg_mgmt",
            "mso_schema_template_bd.bd_cfg_mgmt",
            "mso_schema_template_vrf.vrf_rcc"
          ]
        }
      ]
    },
    {
      "mode": "managed",
      "type": "mso_schema_site_anp_epg",
      "name": "site_epg_d64_proxy_g",
      "provider": "provider[\"registry.terraform.io/ciscodevnet/mso\"]",
      "instances": [
        {
          "schema_version": 1,
          "attributes": {
            "anp_name": "AppProf-RCC",
            "epg_name": "EPG-D64-PROXY",
            "id": "EPG-D64-PROXY",
            "private_link_label": null,
            "schema_id": "66154ea5749a9abe118014de",
            "site_id": "6273879590601e1600226231",
            "template_name": "L2_Stretched"
          },
          "sensitive_attributes": [],
          "identity_schema_version": 0,
          "private": "eyJzY2hlbWFfdmVyc2lvbiI6IjEifQ==",
          "dependencies": [
            "data.mso_schema.existing",
            "data.mso_site.aedcg",
            "mso_schema_template_anp.appprof_rcc_stretched",
            "mso_schema_template_anp_epg.epg_d64_proxy",
            "mso_schema_template_bd.bd_d64_proxy",
            "mso_schema_template_vrf.vrf_rcc"
          ]
        }
      ]
    },
    {
      "mode": "managed",
      "type": "mso_schema_site_anp_epg",
      "name": "site_epg_d64_proxy_k",
      "provider": "provider[\"registry.terraform.io/ciscodevnet/mso\"]",
      "instances": [
        {
          "schema_version": 1,
          "attributes": {
            "anp_name": "AppProf-RCC",
            "epg_name": "EPG-D64-PROXY",
            "id": "EPG-D64-PROXY",
            "private_link_label": null,
            "schema_id": "66154ea5749a9abe118014de",
            "site_id": "627387a0ad7390c6b9205cd7",
            "template_name": "L2_Stretched"
          },
          "sensitive_attributes": [],
          "identity_schema_version": 0,
          "private": "eyJzY2hlbWFfdmVyc2lvbiI6IjEifQ==",
          "dependencies": [
            "data.mso_schema.existing",
            "data.mso_site.aedck",
            "mso_schema_template_anp.appprof_rcc_stretched",
            "mso_schema_template_anp_epg.epg_d64_proxy",
            "mso_schema_template_bd.bd_d64_proxy",
            "mso_schema_template_vrf.vrf_rcc"
          ]
        }
      ]
    },
    {
      "mode": "managed",
      "type": "mso_schema_site_anp_epg",
      "name": "site_epg_db_svr_g",
      "provider": "provider[\"registry.terraform.io/ciscodevnet/mso\"]",
      "instances": [
        {
          "schema_version": 1,
          "attributes": {
            "anp_name": "AppProf-RCC",
            "epg_name": "EPG-DB-SVR",
            "id": "EPG-DB-SVR",
            "private_link_label": null,
            "schema_id": "66154ea5749a9abe118014de",
            "site_id": "6273879590601e1600226231",
            "template_name": "L2_Non-Stretched"
          },
          "sensitive_attributes": [],
          "identity_schema_version": 0,
          "private": "eyJzY2hlbWFfdmVyc2lvbiI6IjEifQ==",
          "dependencies": [
            "data.mso_schema.existing",
            "data.mso_site.aedcg",
            "mso_schema_template_anp.appprof_rcc_non_stretched",
            "mso_schema_template_anp_epg.epg_db_svr",
            "mso_schema_template_bd.bd_db_svr",
            "mso_schema_template_vrf.vrf_rcc"
          ]
        }
      ]
    },
    {
      "mode": "managed",
      "type": "mso_schema_site_anp_epg",
      "name": "site_epg_db_svr_k",
      "provider": "provider[\"registry.terraform.io/ciscodevnet/mso\"]",
      "instances": [
        {
          "schema_version": 1,
          "attributes": {
            "anp_name": "AppProf-RCC",
            "epg_name": "EPG-DB-SVR",
            "id": "EPG-DB-SVR",
            "private_link_label": null,
            "schema_id": "66154ea5749a9abe118014de",
            "site_id": "627387a0ad7390c6b9205cd7",
            "template_name": "L2_Non-Stretched"
          },
          "sensitive_attributes": [],
          "identity_schema_version": 0,
          "private": "eyJzY2hlbWFfdmVyc2lvbiI6IjEifQ==",
          "dependencies": [
            "data.mso_schema.existing",
            "data.mso_site.aedck",
            "mso_schema_template_anp.appprof_rcc_non_stretched",
            "mso_schema_template_anp_epg.epg_db_svr",
            "mso_schema_template_bd.bd_db_svr",
            "mso_schema_template_vrf.vrf_rcc"
          ]
        }
      ]
    },
    {
      "mode": "managed",
      "type": "mso_schema_site_anp_epg",
      "name": "site_epg_dhcp_svr_g",
      "provider": "provider[\"registry.terraform.io/ciscodevnet/mso\"]",
      "instances": [
        {
          "schema_version": 1,
          "attributes": {
            "anp_name": "AppProf-RCC",
            "epg_name": "EPG-DHCP-SVR",
            "id": "EPG-DHCP-SVR",
            "private_link_label": null,
            "schema_id": "66154ea5749a9abe118014de",
            "site_id": "6273879590601e1600226231",
            "template_name": "L2_Stretched"
          },
          "sensitive_attributes": [],
          "identity_schema_version": 0,
          "private": "eyJzY2hlbWFfdmVyc2lvbiI6IjEifQ==",
          "dependencies": [
            "data.mso_schema.existing",
            "data.mso_site.aedcg",
            "mso_schema_template_anp.appprof_rcc_stretched",
            "mso_schema_template_anp_epg.epg_dhcp_svr",
            "mso_schema_template_bd.bd_dhcp_svr",
            "mso_schema_template_vrf.vrf_rcc"
          ]
        }
      ]
    },
    {
      "mode": "managed",
      "type": "mso_schema_site_anp_epg",
      "name": "site_epg_dhcp_svr_k",
      "provider": "provider[\"registry.terraform.io/ciscodevnet/mso\"]",
      "instances": [
        {
          "schema_version": 1,
          "attributes": {
            "anp_name": "AppProf-RCC",
            "epg_name": "EPG-DHCP-SVR",
            "id": "EPG-DHCP-SVR",
            "private_link_label": null,
            "schema_id": "66154ea5749a9abe118014de",
            "site_id": "627387a0ad7390c6b9205cd7",
            "template_name": "L2_Stretched"
          },
          "sensitive_attributes": [],
          "identity_schema_version": 0,
          "private": "eyJzY2hlbWFfdmVyc2lvbiI6IjEifQ==",
          "dependencies": [
            "data.mso_schema.existing",
            "data.mso_site.aedck",
            "mso_schema_template_anp.appprof_rcc_stretched",
            "mso_schema_template_anp_epg.epg_dhcp_svr",
            "mso_schema_template_bd.bd_dhcp_svr",
            "mso_schema_template_vrf.vrf_rcc"
          ]
        }
      ]
    },
    {
      "mode": "managed",
      "type": "mso_schema_site_anp_epg",
      "name": "site_epg_dns_mgmt_g",
      "provider": "provider[\"registry.terraform.io/ciscodevnet/mso\"]",
      "instances": [
        {
          "schema_version": 1,
          "attributes": {
            "anp_name": "AppProf-RCC",
            "epg_name": "EPG-DNS-MGMT",
            "id": "EPG-DNS-MGMT",
            "private_link_label": null,
            "schema_id": "66154ea5749a9abe118014de",
            "site_id": "6273879590601e1600226231",
            "template_name": "L2_Stretched"
          },
          "sensitive_attributes": [],
          "identity_schema_version": 0,
          "private": "eyJzY2hlbWFfdmVyc2lvbiI6IjEifQ==",
          "dependencies": [
            "data.mso_schema.existing",
            "data.mso_site.aedcg",
            "mso_schema_template_anp.appprof_rcc_stretched",
            "mso_schema_template_anp_epg.epg_dns_mgmt",
            "mso_schema_template_bd.bd_dns_mgmt",
            "mso_schema_template_vrf.vrf_rcc"
          ]
        }
      ]
    },
    {
      "mode": "managed",
      "type": "mso_schema_site_anp_epg",
      "name": "site_epg_dns_mgmt_k",
      "provider": "provider[\"registry.terraform.io/ciscodevnet/mso\"]",
      "instances": [
        {
          "schema_version": 1,
          "attributes": {
            "anp_name": "AppProf-RCC",
            "epg_name": "EPG-DNS-MGMT",
            "id": "EPG-DNS-MGMT",
            "private_link_label": null,
            "schema_id": "66154ea5749a9abe118014de",
            "site_id": "627387a0ad7390c6b9205cd7",
            "template_name": "L2_Stretched"
          },
          "sensitive_attributes": [],
          "identity_schema_version": 0,
          "private": "eyJzY2hlbWFfdmVyc2lvbiI6IjEifQ==",
          "dependencies": [
            "data.mso_schema.existing",
            "data.mso_site.aedck",
            "mso_schema_template_anp.appprof_rcc_stretched",
            "mso_schema_template_anp_epg.epg_dns_mgmt",
            "mso_schema_template_bd.bd_dns_mgmt",
            "mso_schema_template_vrf.vrf_rcc"
          ]
        }
      ]
    },
    {
      "mode": "managed",
      "type": "mso_schema_site_anp_epg",
      "name": "site_epg_e911_svr_g",
      "provider": "provider[\"registry.terraform.io/ciscodevnet/mso\"]",
      "instances": [
        {
          "schema_version": 1,
          "attributes": {
            "anp_name": "AppProf-RCC",
            "epg_name": "EPG-E911-SVR",
            "id": "EPG-E911-SVR",
            "private_link_label": null,
            "schema_id": "66154ea5749a9abe118014de",
            "site_id": "6273879590601e1600226231",
            "template_name": "L2_Stretched"
          },
          "sensitive_attributes": [],
          "identity_schema_version": 0,
          "private": "eyJzY2hlbWFfdmVyc2lvbiI6IjEifQ==",
          "dependencies": [
            "data.mso_schema.existing",
            "data.mso_site.aedcg",
            "mso_schema_template_anp.appprof_rcc_stretched",
            "mso_schema_template_anp_epg.epg_e911_svr",
            "mso_schema_template_bd.bd_e911_svr",
            "mso_schema_template_vrf.vrf_rcc"
          ]
        }
      ]
    },
    {
      "mode": "managed",
      "type": "mso_schema_site_anp_epg",
      "name": "site_epg_e911_svr_k",
      "provider": "provider[\"registry.terraform.io/ciscodevnet/mso\"]",
      "instances": [
        {
          "schema_version": 1,
          "attributes": {
            "anp_name": "AppProf-RCC",
            "epg_name": "EPG-E911-SVR",
            "id": "EPG-E911-SVR",
            "private_link_label": null,
            "schema_id": "66154ea5749a9abe118014de",
            "site_id": "627387a0ad7390c6b9205cd7",
            "template_name": "L2_Stretched"
          },
          "sensitive_attributes": [],
          "identity_schema_version": 0,
          "private": "eyJzY2hlbWFfdmVyc2lvbiI6IjEifQ==",
          "dependencies": [
            "data.mso_schema.existing",
            "data.mso_site.aedck",
            "mso_schema_template_anp.appprof_rcc_stretched",
            "mso_schema_template_anp_epg.epg_e911_svr",
            "mso_schema_template_bd.bd_e911_svr",
            "mso_schema_template_vrf.vrf_rcc"
          ]
        }
      ]
    },
    {
      "mode": "managed",
      "type": "mso_schema_site_anp_epg",
      "name": "site_epg_file_svr_g",
      "provider": "provider[\"registry.terraform.io/ciscodevnet/mso\"]",
      "instances": [
        {
          "schema_version": 1,
          "attributes": {
            "anp_name": "AppProf-RCC",
            "epg_name": "EPG-FILE-SVR",
            "id": "EPG-FILE-SVR",
            "private_link_label": null,
            "schema_id": "66154ea5749a9abe118014de",
            "site_id": "6273879590601e1600226231",
            "template_name": "L2_Stretched"
          },
          "sensitive_attributes": [],
          "identity_schema_version": 0,
          "private": "eyJzY2hlbWFfdmVyc2lvbiI6IjEifQ==",
          "dependencies": [
            "data.mso_schema.existing",
            "data.mso_site.aedcg",
            "mso_schema_template_anp.appprof_rcc_stretched",
            "mso_schema_template_anp_epg.epg_file_svr",
            "mso_schema_template_bd.bd_file_svr",
            "mso_schema_template_vrf.vrf_rcc"
          ]
        }
      ]
    },
    {
      "mode": "managed",
      "type": "mso_schema_site_anp_epg",
      "name": "site_epg_file_svr_k",
      "provider": "provider[\"registry.terraform.io/ciscodevnet/mso\"]",
      "instances": [
        {
          "schema_version": 1,
          "attributes": {
            "anp_name": "AppProf-RCC",
            "epg_name": "EPG-FILE-SVR",
            "id": "EPG-FILE-SVR",
            "private_link_label": null,
            "schema_id": "66154ea5749a9abe118014de",
            "site_id": "627387a0ad7390c6b9205cd7",
            "template_name": "L2_Stretched"
          },
          "sensitive_attributes": [],
          "identity_schema_version": 0,
          "private": "eyJzY2hlbWFfdmVyc2lvbiI6IjEifQ==",
          "dependencies": [
            "data.mso_schema.existing",
            "data.mso_site.aedck",
            "mso_schema_template_anp.appprof_rcc_stretched",
            "mso_schema_template_anp_epg.epg_file_svr",
            "mso_schema_template_bd.bd_file_svr",
            "mso_schema_template_vrf.vrf_rcc"
          ]
        }
      ]
    },
    {
      "mode": "managed",
      "type": "mso_schema_site_anp_epg",
      "name": "site_epg_fmwr_svr_g",
      "provider": "provider[\"registry.terraform.io/ciscodevnet/mso\"]",
      "instances": [
        {
          "schema_version": 1,
          "attributes": {
            "anp_name": "AppProf-RCC",
            "epg_name": "EPG-FMWR-SVR",
            "id": "EPG-FMWR-SVR",
            "private_link_label": null,
            "schema_id": "66154ea5749a9abe118014de",
            "site_id": "6273879590601e1600226231",
            "template_name": "L2_Stretched"
          },
          "sensitive_attributes": [],
          "identity_schema_version": 0,
          "private": "eyJzY2hlbWFfdmVyc2lvbiI6IjEifQ==",
          "dependencies": [
            "data.mso_schema.existing",
            "data.mso_site.aedcg",
            "mso_schema_template_anp.appprof_rcc_stretched",
            "mso_schema_template_anp_epg.epg_fmwr_svr",
            "mso_schema_template_bd.bd_fmwr_svr",
            "mso_schema_template_vrf.vrf_rcc"
          ]
        }
      ]
    },
    {
      "mode": "managed",
      "type": "mso_schema_site_anp_epg",
      "name": "site_epg_fmwr_svr_k",
      "provider": "provider[\"registry.terraform.io/ciscodevnet/mso\"]",
      "instances": [
        {
          "schema_version": 1,
          "attributes": {
            "anp_name": "AppProf-RCC",
            "epg_name": "EPG-FMWR-SVR",
            "id": "EPG-FMWR-SVR",
            "private_link_label": null,
            "schema_id": "66154ea5749a9abe118014de",
            "site_id": "627387a0ad7390c6b9205cd7",
            "template_name": "L2_Stretched"
          },
          "sensitive_attributes": [],
          "identity_schema_version": 0,
          "private": "eyJzY2hlbWFfdmVyc2lvbiI6IjEifQ==",
          "dependencies": [
            "data.mso_schema.existing",
            "data.mso_site.aedck",
            "mso_schema_template_anp.appprof_rcc_stretched",
            "mso_schema_template_anp_epg.epg_fmwr_svr",
            "mso_schema_template_bd.bd_fmwr_svr",
            "mso_schema_template_vrf.vrf_rcc"
          ]
        }
      ]
    },
    {
      "mode": "managed",
      "type": "mso_schema_site_anp_epg",
      "name": "site_epg_fweb_proxy_g",
      "provider": "provider[\"registry.terraform.io/ciscodevnet/mso\"]",
      "instances": [
        {
          "schema_version": 1,
          "attributes": {
            "anp_name": "AppProf-RCC",
            "epg_name": "EPG-FWEB-PROXY",
            "id": "EPG-FWEB-PROXY",
            "private_link_label": null,
            "schema_id": "66154ea5749a9abe118014de",
            "site_id": "6273879590601e1600226231",
            "template_name": "L2_Stretched"
          },
          "sensitive_attributes": [],
          "identity_schema_version": 0,
          "private": "eyJzY2hlbWFfdmVyc2lvbiI6IjEifQ==",
          "dependencies": [
            "data.mso_schema.existing",
            "data.mso_site.aedcg",
            "mso_schema_template_anp.appprof_rcc_stretched",
            "mso_schema_template_anp_epg.epg_fweb_proxy",
            "mso_schema_template_bd.bd_fweb_proxy",
            "mso_schema_template_vrf.vrf_rcc"
          ]
        }
      ]
    },
    {
      "mode": "managed",
      "type": "mso_schema_site_anp_epg",
      "name": "site_epg_fweb_proxy_k",
      "provider": "provider[\"registry.terraform.io/ciscodevnet/mso\"]",
      "instances": [
        {
          "schema_version": 1,
          "attributes": {
            "anp_name": "AppProf-RCC",
            "epg_name": "EPG-FWEB-PROXY",
            "id": "EPG-FWEB-PROXY",
            "private_link_label": null,
            "schema_id": "66154ea5749a9abe118014de",
            "site_id": "627387a0ad7390c6b9205cd7",
            "template_name": "L2_Stretched"
          },
          "sensitive_attributes": [],
          "identity_schema_version": 0,
          "private": "eyJzY2hlbWFfdmVyc2lvbiI6IjEifQ==",
          "dependencies": [
            "data.mso_schema.existing",
            "data.mso_site.aedck",
            "mso_schema_template_anp.appprof_rcc_stretched",
            "mso_schema_template_anp_epg.epg_fweb_proxy",
            "mso_schema_template_bd.bd_fweb_proxy",
            "mso_schema_template_vrf.vrf_rcc"
          ]
        }
      ]
    },
    {
      "mode": "managed",
      "type": "mso_schema_site_anp_epg",
      "name": "site_epg_gef_mgmt_g",
      "provider": "provider[\"registry.terraform.io/ciscodevnet/mso\"]",
      "instances": [
        {
          "schema_version": 1,
          "attributes": {
            "anp_name": "AppProf-RCC",
            "epg_name": "EPG-GEF-MGMT",
            "id": "EPG-GEF-MGMT",
            "private_link_label": null,
            "schema_id": "66154ea5749a9abe118014de",
            "site_id": "6273879590601e1600226231",
            "template_name": "G-Specific_Only"
          },
          "sensitive_attributes": [],
          "identity_schema_version": 0,
          "private": "eyJzY2hlbWFfdmVyc2lvbiI6IjEifQ==",
          "dependencies": [
            "data.mso_schema.existing",
            "data.mso_site.aedcg",
            "mso_schema_template_anp.appprof_rcc_g_specific",
            "mso_schema_template_anp_epg.epg_gef_mgmt",
            "mso_schema_template_bd.bd_gef_mgmt",
            "mso_schema_template_vrf.vrf_rcc"
          ]
        }
      ]
    },
    {
      "mode": "managed",
      "type": "mso_schema_site_anp_epg",
      "name": "site_epg_lb_g",
      "provider": "provider[\"registry.terraform.io/ciscodevnet/mso\"]",
      "instances": [
        {
          "schema_version": 1,
          "attributes": {
            "anp_name": "AppProf-RCC",
            "epg_name": "EPG-LB",
            "id": "EPG-LB",
            "private_link_label": null,
            "schema_id": "66154ea5749a9abe118014de",
            "site_id": "6273879590601e1600226231",
            "template_name": "L2_Stretched"
          },
          "sensitive_attributes": [],
          "identity_schema_version": 0,
          "private": "eyJzY2hlbWFfdmVyc2lvbiI6IjEifQ==",
          "dependencies": [
            "data.mso_schema.existing",
            "data.mso_site.aedcg",
            "mso_schema_template_anp.appprof_rcc_stretched",
            "mso_schema_template_anp_epg.epg_lb",
            "mso_schema_template_bd.bd_lb",
            "mso_schema_template_vrf.vrf_rcc"
          ]
        }
      ]
    },
    {
      "mode": "managed",
      "type": "mso_schema_site_anp_epg",
      "name": "site_epg_lb_k",
      "provider": "provider[\"registry.terraform.io/ciscodevnet/mso\"]",
      "instances": [
        {
          "schema_version": 1,
          "attributes": {
            "anp_name": "AppProf-RCC",
            "epg_name": "EPG-LB",
            "id": "EPG-LB",
            "private_link_label": null,
            "schema_id": "66154ea5749a9abe118014de",
            "site_id": "627387a0ad7390c6b9205cd7",
            "template_name": "L2_Stretched"
          },
          "sensitive_attributes": [],
          "identity_schema_version": 0,
          "private": "eyJzY2hlbWFfdmVyc2lvbiI6IjEifQ==",
          "dependencies": [
            "data.mso_schema.existing",
            "data.mso_site.aedck",
            "mso_schema_template_anp.appprof_rcc_stretched",
            "mso_schema_template_anp_epg.epg_lb",
            "mso_schema_template_bd.bd_lb",
            "mso_schema_template_vrf.vrf_rcc"
          ]
        }
      ]
    },
    {
      "mode": "managed",
      "type": "mso_schema_site_anp_epg",
      "name": "site_epg_lmr_g",
      "provider": "provider[\"registry.terraform.io/ciscodevnet/mso\"]",
      "instances": [
        {
          "schema_version": 1,
          "attributes": {
            "anp_name": "AppProf-RCC",
            "epg_name": "EPG-LMR",
            "id": "EPG-LMR",
            "private_link_label": null,
            "schema_id": "66154ea5749a9abe118014de",
            "site_id": "6273879590601e1600226231",
            "template_name": "L2_Stretched"
          },
          "sensitive_attributes": [],
          "identity_schema_version": 0,
          "private": "eyJzY2hlbWFfdmVyc2lvbiI6IjEifQ==",
          "dependencies": [
            "data.mso_schema.existing",
            "data.mso_site.aedcg",
            "mso_schema_template_anp.appprof_rcc_stretched",
            "mso_schema_template_anp_epg.epg_lmr",
            "mso_schema_template_bd.bd_lmr",
            "mso_schema_template_vrf.vrf_rcc"
          ]
        }
      ]
    },
    {
      "mode": "managed",
      "type": "mso_schema_site_anp_epg",
      "name": "site_epg_lmr_k",
      "provider": "provider[\"registry.terraform.io/ciscodevnet/mso\"]",
      "instances": [
        {
          "schema_version": 1,
          "attributes": {
            "anp_name": "AppProf-RCC",
            "epg_name": "EPG-LMR",
            "id": "EPG-LMR",
            "private_link_label": null,
            "schema_id": "66154ea5749a9abe118014de",
            "site_id": "627387a0ad7390c6b9205cd7",
            "template_name": "L2_Stretched"
          },
          "sensitive_attributes": [],
          "identity_schema_version": 0,
          "private": "eyJzY2hlbWFfdmVyc2lvbiI6IjEifQ==",
          "dependencies": [
            "data.mso_schema.existing",
            "data.mso_site.aedck",
            "mso_schema_template_anp.appprof_rcc_stretched",
            "mso_schema_template_anp_epg.epg_lmr",
            "mso_schema_template_bd.bd_lmr",
            "mso_schema_template_vrf.vrf_rcc"
          ]
        }
      ]
    },
    {
      "mode": "managed",
      "type": "mso_schema_site_anp_epg",
      "name": "site_epg_mecm_g",
      "provider": "provider[\"registry.terraform.io/ciscodevnet/mso\"]",
      "instances": [
        {
          "schema_version": 1,
          "attributes": {
            "anp_name": "AppProf-RCC",
            "epg_name": "EPG-MECM",
            "id": "EPG-MECM",
            "private_link_label": null,
            "schema_id": "66154ea5749a9abe118014de",
            "site_id": "6273879590601e1600226231",
            "template_name": "L2_Stretched"
          },
          "sensitive_attributes": [],
          "identity_schema_version": 0,
          "private": "eyJzY2hlbWFfdmVyc2lvbiI6IjEifQ==",
          "dependencies": [
            "data.mso_schema.existing",
            "data.mso_site.aedcg",
            "mso_schema_template_anp.appprof_rcc_stretched",
            "mso_schema_template_anp_epg.epg_mecm",
            "mso_schema_template_bd.bd_mecm",
            "mso_schema_template_vrf.vrf_rcc"
          ]
        }
      ]
    },
    {
      "mode": "managed",
      "type": "mso_schema_site_anp_epg",
      "name": "site_epg_mecm_k",
      "provider": "provider[\"registry.terraform.io/ciscodevnet/mso\"]",
      "instances": [
        {
          "schema_version": 1,
          "attributes": {
            "anp_name": "AppProf-RCC",
            "epg_name": "EPG-MECM",
            "id": "EPG-MECM",
            "private_link_label": null,
            "schema_id": "66154ea5749a9abe118014de",
            "site_id": "627387a0ad7390c6b9205cd7",
            "template_name": "L2_Stretched"
          },
          "sensitive_attributes": [],
          "identity_schema_version": 0,
          "private": "eyJzY2hlbWFfdmVyc2lvbiI6IjEifQ==",
          "dependencies": [
            "data.mso_schema.existing",
            "data.mso_site.aedck",
            "mso_schema_template_anp.appprof_rcc_stretched",
            "mso_schema_template_anp_epg.epg_mecm",
            "mso_schema_template_bd.bd_mecm",
            "mso_schema_template_vrf.vrf_rcc"
          ]
        }
      ]
    },
    {
      "mode": "managed",
      "type": "mso_schema_site_anp_epg",
      "name": "site_epg_nac_g",
      "provider": "provider[\"registry.terraform.io/ciscodevnet/mso\"]",
      "instances": [
        {
          "schema_version": 1,
          "attributes": {
            "anp_name": "AppProf-RCC",
            "epg_name": "EPG-NAC",
            "id": "EPG-NAC",
            "private_link_label": null,
            "schema_id": "66154ea5749a9abe118014de",
            "site_id": "6273879590601e1600226231",
            "template_name": "L2_Stretched"
          },
          "sensitive_attributes": [],
          "identity_schema_version": 0,
          "private": "eyJzY2hlbWFfdmVyc2lvbiI6IjEifQ==",
          "dependencies": [
            "data.mso_schema.existing",
            "data.mso_site.aedcg",
            "mso_schema_template_anp.appprof_rcc_stretched",
            "mso_schema_template_anp_epg.epg_nac",
            "mso_schema_template_bd.bd_nac",
            "mso_schema_template_vrf.vrf_rcc"
          ]
        }
      ]
    },
    {
      "mode": "managed",
      "type": "mso_schema_site_anp_epg",
      "name": "site_epg_nac_k",
      "provider": "provider[\"registry.terraform.io/ciscodevnet/mso\"]",
      "instances": [
        {
          "schema_version": 1,
          "attributes": {
            "anp_name": "AppProf-RCC",
            "epg_name": "EPG-NAC",
            "id": "EPG-NAC",
            "private_link_label": null,
            "schema_id": "66154ea5749a9abe118014de",
            "site_id": "627387a0ad7390c6b9205cd7",
            "template_name": "L2_Stretched"
          },
          "sensitive_attributes": [],
          "identity_schema_version": 0,
          "private": "eyJzY2hlbWFfdmVyc2lvbiI6IjEifQ==",
          "dependencies": [
            "data.mso_schema.existing",
            "data.mso_site.aedck",
            "mso_schema_template_anp.appprof_rcc_stretched",
            "mso_schema_template_anp_epg.epg_nac",
            "mso_schema_template_bd.bd_nac",
            "mso_schema_template_vrf.vrf_rcc"
          ]
        }
      ]
    },
    {
      "mode": "managed",
      "type": "mso_schema_site_anp_epg",
      "name": "site_epg_ocsp_g",
      "provider": "provider[\"registry.terraform.io/ciscodevnet/mso\"]",
      "instances": [
        {
          "schema_version": 1,
          "attributes": {
            "anp_name": "AppProf-RCC",
            "epg_name": "EPG-OCSP",
            "id": "EPG-OCSP",
            "private_link_label": null,
            "schema_id": "66154ea5749a9abe118014de",
            "site_id": "6273879590601e1600226231",
            "template_name": "L2_Stretched"
          },
          "sensitive_attributes": [],
          "identity_schema_version": 0,
          "private": "eyJzY2hlbWFfdmVyc2lvbiI6IjEifQ==",
          "dependencies": [
            "data.mso_schema.existing",
            "data.mso_site.aedcg",
            "mso_schema_template_anp.appprof_rcc_stretched",
            "mso_schema_template_anp_epg.epg_ocsp",
            "mso_schema_template_bd.bd_ocsp",
            "mso_schema_template_vrf.vrf_rcc"
          ]
        }
      ]
    },
    {
      "mode": "managed",
      "type": "mso_schema_site_anp_epg",
      "name": "site_epg_ocsp_k",
      "provider": "provider[\"registry.terraform.io/ciscodevnet/mso\"]",
      "instances": [
        {
          "schema_version": 1,
          "attributes": {
            "anp_name": "AppProf-RCC",
            "epg_name": "EPG-OCSP",
            "id": "EPG-OCSP",
            "private_link_label": null,
            "schema_id": "66154ea5749a9abe118014de",
            "site_id": "627387a0ad7390c6b9205cd7",
            "template_name": "L2_Stretched"
          },
          "sensitive_attributes": [],
          "identity_schema_version": 0,
          "private": "eyJzY2hlbWFfdmVyc2lvbiI6IjEifQ==",
          "dependencies": [
            "data.mso_schema.existing",
            "data.mso_site.aedck",
            "mso_schema_template_anp.appprof_rcc_stretched",
            "mso_schema_template_anp_epg.epg_ocsp",
            "mso_schema_template_bd.bd_ocsp",
            "mso_schema_template_vrf.vrf_rcc"
          ]
        }
      ]
    },
    {
      "mode": "managed",
      "type": "mso_schema_site_anp_epg",
      "name": "site_epg_pki_srv_g",
      "provider": "provider[\"registry.terraform.io/ciscodevnet/mso\"]",
      "instances": [
        {
          "schema_version": 1,
          "attributes": {
            "anp_name": "AppProf-RCC",
            "epg_name": "EPG-PKI-SRV",
            "id": "EPG-PKI-SRV",
            "private_link_label": null,
            "schema_id": "66154ea5749a9abe118014de",
            "site_id": "6273879590601e1600226231",
            "template_name": "L2_Stretched"
          },
          "sensitive_attributes": [],
          "identity_schema_version": 0,
          "private": "eyJzY2hlbWFfdmVyc2lvbiI6IjEifQ==",
          "dependencies": [
            "data.mso_schema.existing",
            "data.mso_site.aedcg",
            "mso_schema_template_anp.appprof_rcc_stretched",
            "mso_schema_template_anp_epg.epg_pki_srv",
            "mso_schema_template_bd.bd_pki_srv",
            "mso_schema_template_vrf.vrf_rcc"
          ]
        }
      ]
    },
    {
      "mode": "managed",
      "type": "mso_schema_site_anp_epg",
      "name": "site_epg_pki_srv_k",
      "provider": "provider[\"registry.terraform.io/ciscodevnet/mso\"]",
      "instances": [
        {
          "schema_version": 1,
          "attributes": {
            "anp_name": "AppProf-RCC",
            "epg_name": "EPG-PKI-SRV",
            "id": "EPG-PKI-SRV",
            "private_link_label": null,
            "schema_id": "66154ea5749a9abe118014de",
            "site_id": "627387a0ad7390c6b9205cd7",
            "template_name": "L2_Stretched"
          },
          "sensitive_attributes": [],
          "identity_schema_version": 0,
          "private": "eyJzY2hlbWFfdmVyc2lvbiI6IjEifQ==",
          "dependencies": [
            "data.mso_schema.existing",
            "data.mso_site.aedck",
            "mso_schema_template_anp.appprof_rcc_stretched",
            "mso_schema_template_anp_epg.epg_pki_srv",
            "mso_schema_template_bd.bd_pki_srv",
            "mso_schema_template_vrf.vrf_rcc"
          ]
        }
      ]
    },
    {
      "mode": "managed",
      "type": "mso_schema_site_anp_epg",
      "name": "site_epg_print_svr_g",
      "provider": "provider[\"registry.terraform.io/ciscodevnet/mso\"]",
      "instances": [
        {
          "schema_version": 1,
          "attributes": {
            "anp_name": "AppProf-RCC",
            "epg_name": "EPG-PRINT-SVR",
            "id": "EPG-PRINT-SVR",
            "private_link_label": null,
            "schema_id": "66154ea5749a9abe118014de",
            "site_id": "6273879590601e1600226231",
            "template_name": "L2_Stretched"
          },
          "sensitive_attributes": [],
          "identity_schema_version": 0,
          "private": "eyJzY2hlbWFfdmVyc2lvbiI6IjEifQ==",
          "dependencies": [
            "data.mso_schema.existing",
            "data.mso_site.aedcg",
            "mso_schema_template_anp.appprof_rcc_stretched",
            "mso_schema_template_anp_epg.epg_print_svr",
            "mso_schema_template_bd.bd_print_svr",
            "mso_schema_template_vrf.vrf_rcc"
          ]
        }
      ]
    },
    {
      "mode": "managed",
      "type": "mso_schema_site_anp_epg",
      "name": "site_epg_print_svr_k",
      "provider": "provider[\"registry.terraform.io/ciscodevnet/mso\"]",
      "instances": [
        {
          "schema_version": 1,
          "attributes": {
            "anp_name": "AppProf-RCC",
            "epg_name": "EPG-PRINT-SVR",
            "id": "EPG-PRINT-SVR",
            "private_link_label": null,
            "schema_id": "66154ea5749a9abe118014de",
            "site_id": "627387a0ad7390c6b9205cd7",
            "template_name": "L2_Stretched"
          },
          "sensitive_attributes": [],
          "identity_schema_version": 0,
          "private": "eyJzY2hlbWFfdmVyc2lvbiI6IjEifQ==",
          "dependencies": [
            "data.mso_schema.existing",
            "data.mso_site.aedck",
            "mso_schema_template_anp.appprof_rcc_stretched",
            "mso_schema_template_anp_epg.epg_print_svr",
            "mso_schema_template_bd.bd_print_svr",
            "mso_schema_template_vrf.vrf_rcc"
          ]
        }
      ]
    },
    {
      "mode": "managed",
      "type": "mso_schema_site_anp_epg",
      "name": "site_epg_rcc_dco_g",
      "provider": "provider[\"registry.terraform.io/ciscodevnet/mso\"]",
      "instances": [
        {
          "schema_version": 1,
          "attributes": {
            "anp_name": "AppProf-RCC",
            "epg_name": "EPG-RCC-DCO",
            "id": "EPG-RCC-DCO",
            "private_link_label": null,
            "schema_id": "66154ea5749a9abe118014de",
            "site_id": "6273879590601e1600226231",
            "template_name": "L2_Stretched"
          },
          "sensitive_attributes": [],
          "identity_schema_version": 0,
          "private": "eyJzY2hlbWFfdmVyc2lvbiI6IjEifQ==",
          "dependencies": [
            "data.mso_schema.existing",
            "data.mso_site.aedcg",
            "mso_schema_template_anp.appprof_rcc_stretched",
            "mso_schema_template_anp_epg.epg_rcc_dco",
            "mso_schema_template_bd.bd_rcc_dco",
            "mso_schema_template_vrf.vrf_rcc"
          ]
        }
      ]
    },
    {
      "mode": "managed",
      "type": "mso_schema_site_anp_epg",
      "name": "site_epg_rcc_dco_k",
      "provider": "provider[\"registry.terraform.io/ciscodevnet/mso\"]",
      "instances": [
        {
          "schema_version": 1,
          "attributes": {
            "anp_name": "AppProf-RCC",
            "epg_name": "EPG-RCC-DCO",
            "id": "EPG-RCC-DCO",
            "private_link_label": null,
            "schema_id": "66154ea5749a9abe118014de",
            "site_id": "627387a0ad7390c6b9205cd7",
            "template_name": "L2_Stretched"
          },
          "sensitive_attributes": [],
          "identity_schema_version": 0,
          "private": "eyJzY2hlbWFfdmVyc2lvbiI6IjEifQ==",
          "dependencies": [
            "data.mso_schema.existing",
            "data.mso_site.aedck",
            "mso_schema_template_anp.appprof_rcc_stretched",
            "mso_schema_template_anp_epg.epg_rcc_dco",
            "mso_schema_template_bd.bd_rcc_dco",
            "mso_schema_template_vrf.vrf_rcc"
          ]
        }
      ]
    },
    {
      "mode": "managed",
      "type": "mso_schema_site_anp_epg",
      "name": "site_epg_rcc_dns_g",
      "provider": "provider[\"registry.terraform.io/ciscodevnet/mso\"]",
      "instances": [
        {
          "schema_version": 1,
          "attributes": {
            "anp_name": "AppProf-RCC",
            "epg_name": "EPG-RCC-DNS",
            "id": "EPG-RCC-DNS",
            "private_link_label": null,
            "schema_id": "66154ea5749a9abe118014de",
            "site_id": "6273879590601e1600226231",
            "template_name": "L2_Stretched"
          },
          "sensitive_attributes": [],
          "identity_schema_version": 0,
          "private": "eyJzY2hlbWFfdmVyc2lvbiI6IjEifQ==",
          "dependencies": [
            "data.mso_schema.existing",
            "data.mso_site.aedcg",
            "mso_schema_template_anp.appprof_rcc_stretched",
            "mso_schema_template_anp_epg.epg_rcc_dns",
            "mso_schema_template_bd.bd_rcc_dns",
            "mso_schema_template_vrf.vrf_rcc"
          ]
        }
      ]
    },
    {
      "mode": "managed",
      "type": "mso_schema_site_anp_epg",
      "name": "site_epg_rcc_dns_k",
      "provider": "provider[\"registry.terraform.io/ciscodevnet/mso\"]",
      "instances": [
        {
          "schema_version": 1,
          "attributes": {
            "anp_name": "AppProf-RCC",
            "epg_name": "EPG-RCC-DNS",
            "id": "EPG-RCC-DNS",
            "private_link_label": null,
            "schema_id": "66154ea5749a9abe118014de",
            "site_id": "627387a0ad7390c6b9205cd7",
            "template_name": "L2_Stretched"
          },
          "sensitive_attributes": [],
          "identity_schema_version": 0,
          "private": "eyJzY2hlbWFfdmVyc2lvbiI6IjEifQ==",
          "dependencies": [
            "data.mso_schema.existing",
            "data.mso_site.aedck",
            "mso_schema_template_anp.appprof_rcc_stretched",
            "mso_schema_template_anp_epg.epg_rcc_dns",
            "mso_schema_template_bd.bd_rcc_dns",
            "mso_schema_template_vrf.vrf_rcc"
          ]
        }
      ]
    },
    {
      "mode": "managed",
      "type": "mso_schema_site_anp_epg",
      "name": "site_epg_rcc_svr_g",
      "provider": "provider[\"registry.terraform.io/ciscodevnet/mso\"]",
      "instances": [
        {
          "schema_version": 1,
          "attributes": {
            "anp_name": "AppProf-RCC",
            "epg_name": "EPG-RCC-SVR",
            "id": "EPG-RCC-SVR",
            "private_link_label": null,
            "schema_id": "66154ea5749a9abe118014de",
            "site_id": "6273879590601e1600226231",
            "template_name": "L2_Stretched"
          },
          "sensitive_attributes": [],
          "identity_schema_version": 0,
          "private": "eyJzY2hlbWFfdmVyc2lvbiI6IjEifQ==",
          "dependencies": [
            "data.mso_schema.existing",
            "data.mso_site.aedcg",
            "mso_schema_template_anp.appprof_rcc_stretched",
            "mso_schema_template_anp_epg.epg_rcc_svr",
            "mso_schema_template_bd.bd_rcc_svr",
            "mso_schema_template_vrf.vrf_rcc"
          ]
        }
      ]
    },
    {
      "mode": "managed",
      "type": "mso_schema_site_anp_epg",
      "name": "site_epg_rcc_svr_k",
      "provider": "provider[\"registry.terraform.io/ciscodevnet/mso\"]",
      "instances": [
        {
          "schema_version": 1,
          "attributes": {
            "anp_name": "AppProf-RCC",
            "epg_name": "EPG-RCC-SVR",
            "id": "EPG-RCC-SVR",
            "private_link_label": null,
            "schema_id": "66154ea5749a9abe118014de",
            "site_id": "627387a0ad7390c6b9205cd7",
            "template_name": "L2_Stretched"
          },
          "sensitive_attributes": [],
          "identity_schema_version": 0,
          "private": "eyJzY2hlbWFfdmVyc2lvbiI6IjEifQ==",
          "dependencies": [
            "data.mso_schema.existing",
            "data.mso_site.aedck",
            "mso_schema_template_anp.appprof_rcc_stretched",
            "mso_schema_template_anp_epg.epg_rcc_svr",
            "mso_schema_template_bd.bd_rcc_svr",
            "mso_schema_template_vrf.vrf_rcc"
          ]
        }
      ]
    },
    {
      "mode": "managed",
      "type": "mso_schema_site_anp_epg",
      "name": "site_epg_rcc_unix_g",
      "provider": "provider[\"registry.terraform.io/ciscodevnet/mso\"]",
      "instances": [
        {
          "schema_version": 1,
          "attributes": {
            "anp_name": "AppProf-RCC",
            "epg_name": "EPG-RCC-UNIX",
            "id": "EPG-RCC-UNIX",
            "private_link_label": null,
            "schema_id": "66154ea5749a9abe118014de",
            "site_id": "6273879590601e1600226231",
            "template_name": "L2_Stretched"
          },
          "sensitive_attributes": [],
          "identity_schema_version": 0,
          "private": "eyJzY2hlbWFfdmVyc2lvbiI6IjEifQ==",
          "dependencies": [
            "data.mso_schema.existing",
            "data.mso_site.aedcg",
            "mso_schema_template_anp.appprof_rcc_stretched",
            "mso_schema_template_anp_epg.epg_rcc_unix",
            "mso_schema_template_bd.bd_rcc_unix",
            "mso_schema_template_vrf.vrf_rcc"
          ]
        }
      ]
    },
    {
      "mode": "managed",
      "type": "mso_schema_site_anp_epg",
      "name": "site_epg_rcc_unix_k",
      "provider": "provider[\"registry.terraform.io/ciscodevnet/mso\"]",
      "instances": [
        {
          "schema_version": 1,
          "attributes": {
            "anp_name": "AppProf-RCC",
            "epg_name": "EPG-RCC-UNIX",
            "id": "EPG-RCC-UNIX",
            "private_link_label": null,
            "schema_id": "66154ea5749a9abe118014de",
            "site_id": "627387a0ad7390c6b9205cd7",
            "template_name": "L2_Stretched"
          },
          "sensitive_attributes": [],
          "identity_schema_version": 0,
          "private": "eyJzY2hlbWFfdmVyc2lvbiI6IjEifQ==",
          "dependencies": [
            "data.mso_schema.existing",
            "data.mso_site.aedck",
            "mso_schema_template_anp.appprof_rcc_stretched",
            "mso_schema_template_anp_epg.epg_rcc_unix",
            "mso_schema_template_bd.bd_rcc_unix",
            "mso_schema_template_vrf.vrf_rcc"
          ]
        }
      ]
    },
    {
      "mode": "managed",
      "type": "mso_schema_site_anp_epg",
      "name": "site_epg_rweb_proxy_g",
      "provider": "provider[\"registry.terraform.io/ciscodevnet/mso\"]",
      "instances": [
        {
          "schema_version": 1,
          "attributes": {
            "anp_name": "AppProf-RCC",
            "epg_name": "EPG-RWEB-PROXY",
            "id": "EPG-RWEB-PROXY",
            "private_link_label": null,
            "schema_id": "66154ea5749a9abe118014de",
            "site_id": "6273879590601e1600226231",
            "template_name": "L2_Stretched"
          },
          "sensitive_attributes": [],
          "identity_schema_version": 0,
          "private": "eyJzY2hlbWFfdmVyc2lvbiI6IjEifQ==",
          "dependencies": [
            "data.mso_schema.existing",
            "data.mso_site.aedcg",
            "mso_schema_template_anp.appprof_rcc_stretched",
            "mso_schema_template_anp_epg.epg_rweb_proxy",
            "mso_schema_template_bd.bd_rweb_proxy",
            "mso_schema_template_vrf.vrf_rcc"
          ]
        }
      ]
    },
    {
      "mode": "managed",
      "type": "mso_schema_site_anp_epg",
      "name": "site_epg_rweb_proxy_k",
      "provider": "provider[\"registry.terraform.io/ciscodevnet/mso\"]",
      "instances": [
        {
          "schema_version": 1,
          "attributes": {
            "anp_name": "AppProf-RCC",
            "epg_name": "EPG-RWEB-PROXY",
            "id": "EPG-RWEB-PROXY",
            "private_link_label": null,
            "schema_id": "66154ea5749a9abe118014de",
            "site_id": "627387a0ad7390c6b9205cd7",
            "template_name": "L2_Stretched"
          },
          "sensitive_attributes": [],
          "identity_schema_version": 0,
          "private": "eyJzY2hlbWFfdmVyc2lvbiI6IjEifQ==",
          "dependencies": [
            "data.mso_schema.existing",
            "data.mso_site.aedck",
            "mso_schema_template_anp.appprof_rcc_stretched",
            "mso_schema_template_anp_epg.epg_rweb_proxy",
            "mso_schema_template_bd.bd_rweb_proxy",
            "mso_schema_template_vrf.vrf_rcc"
          ]
        }
      ]
    },
    {
      "mode": "managed",
      "type": "mso_schema_site_anp_epg",
      "name": "site_epg_smtp_svr_g",
      "provider": "provider[\"registry.terraform.io/ciscodevnet/mso\"]",
      "instances": [
        {
          "schema_version": 1,
          "attributes": {
            "anp_name": "AppProf-RCC",
            "epg_name": "EPG-SMTP-SVR",
            "id": "EPG-SMTP-SVR",
            "private_link_label": null,
            "schema_id": "66154ea5749a9abe118014de",
            "site_id": "6273879590601e1600226231",
            "template_name": "L2_Stretched"
          },
          "sensitive_attributes": [],
          "identity_schema_version": 0,
          "private": "eyJzY2hlbWFfdmVyc2lvbiI6IjEifQ==",
          "dependencies": [
            "data.mso_schema.existing",
            "data.mso_site.aedcg",
            "mso_schema_template_anp.appprof_rcc_stretched",
            "mso_schema_template_anp_epg.epg_smtp_svr",
            "mso_schema_template_bd.bd_smtp_svr",
            "mso_schema_template_vrf.vrf_rcc"
          ]
        }
      ]
    },
    {
      "mode": "managed",
      "type": "mso_schema_site_anp_epg",
      "name": "site_epg_smtp_svr_k",
      "provider": "provider[\"registry.terraform.io/ciscodevnet/mso\"]",
      "instances": [
        {
          "schema_version": 1,
          "attributes": {
            "anp_name": "AppProf-RCC",
            "epg_name": "EPG-SMTP-SVR",
            "id": "EPG-SMTP-SVR",
            "private_link_label": null,
            "schema_id": "66154ea5749a9abe118014de",
            "site_id": "627387a0ad7390c6b9205cd7",
            "template_name": "L2_Stretched"
          },
          "sensitive_attributes": [],
          "identity_schema_version": 0,
          "private": "eyJzY2hlbWFfdmVyc2lvbiI6IjEifQ==",
          "dependencies": [
            "data.mso_schema.existing",
            "data.mso_site.aedck",
            "mso_schema_template_anp.appprof_rcc_stretched",
            "mso_schema_template_anp_epg.epg_smtp_svr",
            "mso_schema_template_bd.bd_smtp_svr",
            "mso_schema_template_vrf.vrf_rcc"
          ]
        }
      ]
    },
    {
      "mode": "managed",
      "type": "mso_schema_site_anp_epg",
      "name": "site_epg_syslog_g",
      "provider": "provider[\"registry.terraform.io/ciscodevnet/mso\"]",
      "instances": [
        {
          "schema_version": 1,
          "attributes": {
            "anp_name": "AppProf-RCC",
            "epg_name": "EPG-SYSLOG",
            "id": "EPG-SYSLOG",
            "private_link_label": null,
            "schema_id": "66154ea5749a9abe118014de",
            "site_id": "6273879590601e1600226231",
            "template_name": "L2_Non-Stretched"
          },
          "sensitive_attributes": [],
          "identity_schema_version": 0,
          "private": "eyJzY2hlbWFfdmVyc2lvbiI6IjEifQ==",
          "dependencies": [
            "data.mso_schema.existing",
            "data.mso_site.aedcg",
            "mso_schema_template_anp.appprof_rcc_non_stretched",
            "mso_schema_template_anp_epg.epg_syslog",
            "mso_schema_template_bd.bd_syslog",
            "mso_schema_template_vrf.vrf_rcc"
          ]
        }
      ]
    },
    {
      "mode": "managed",
      "type": "mso_schema_site_anp_epg",
      "name": "site_epg_syslog_k",
      "provider": "provider[\"registry.terraform.io/ciscodevnet/mso\"]",
      "instances": [
        {
          "schema_version": 1,
          "attributes": {
            "anp_name": "AppProf-RCC",
            "epg_name": "EPG-SYSLOG",
            "id": "EPG-SYSLOG",
            "private_link_label": null,
            "schema_id": "66154ea5749a9abe118014de",
            "site_id": "627387a0ad7390c6b9205cd7",
            "template_name": "L2_Non-Stretched"
          },
          "sensitive_attributes": [],
          "identity_schema_version": 0,
          "private": "eyJzY2hlbWFfdmVyc2lvbiI6IjEifQ==",
          "dependencies": [
            "data.mso_schema.existing",
            "data.mso_site.aedck",
            "mso_schema_template_anp.appprof_rcc_non_stretched",
            "mso_schema_template_anp_epg.epg_syslog",
            "mso_schema_template_bd.bd_syslog",
            "mso_schema_template_vrf.vrf_rcc"
          ]
        }
      ]
    },
    {
      "mode": "managed",
      "type": "mso_schema_site_anp_epg",
      "name": "site_epg_vvoip_mgmt_g",
      "provider": "provider[\"registry.terraform.io/ciscodevnet/mso\"]",
      "instances": [
        {
          "schema_version": 1,
          "attributes": {
            "anp_name": "AppProf-RCC",
            "epg_name": "EPG-VVOIP-MGMT",
            "id": "EPG-VVOIP-MGMT",
            "private_link_label": null,
            "schema_id": "66154ea5749a9abe118014de",
            "site_id": "6273879590601e1600226231",
            "template_name": "L2_Stretched"
          },
          "sensitive_attributes": [],
          "identity_schema_version": 0,
          "private": "eyJzY2hlbWFfdmVyc2lvbiI6IjEifQ==",
          "dependencies": [
            "data.mso_schema.existing",
            "data.mso_site.aedcg",
            "mso_schema_template_anp.appprof_rcc_stretched",
            "mso_schema_template_anp_epg.epg_vvoip_mgmt",
            "mso_schema_template_bd.bd_vvoip_mgmt",
            "mso_schema_template_vrf.vrf_rcc"
          ]
        }
      ]
    },
    {
      "mode": "managed",
      "type": "mso_schema_site_anp_epg",
      "name": "site_epg_vvoip_mgmt_k",
      "provider": "provider[\"registry.terraform.io/ciscodevnet/mso\"]",
      "instances": [
        {
          "schema_version": 1,
          "attributes": {
            "anp_name": "AppProf-RCC",
            "epg_name": "EPG-VVOIP-MGMT",
            "id": "EPG-VVOIP-MGMT",
            "private_link_label": null,
            "schema_id": "66154ea5749a9abe118014de",
            "site_id": "627387a0ad7390c6b9205cd7",
            "template_name": "L2_Stretched"
          },
          "sensitive_attributes": [],
          "identity_schema_version": 0,
          "private": "eyJzY2hlbWFfdmVyc2lvbiI6IjEifQ==",
          "dependencies": [
            "data.mso_schema.existing",
            "data.mso_site.aedck",
            "mso_schema_template_anp.appprof_rcc_stretched",
            "mso_schema_template_anp_epg.epg_vvoip_mgmt",
            "mso_schema_template_bd.bd_vvoip_mgmt",
            "mso_schema_template_vrf.vrf_rcc"
          ]
        }
      ]
    },
    {
      "mode": "managed",
      "type": "mso_schema_site_anp_epg",
      "name": "site_epg_vvoip_proxy_g",
      "provider": "provider[\"registry.terraform.io/ciscodevnet/mso\"]",
      "instances": [
        {
          "schema_version": 1,
          "attributes": {
            "anp_name": "AppProf-RCC",
            "epg_name": "EPG-VVOIP-PROXY",
            "id": "EPG-VVOIP-PROXY",
            "private_link_label": null,
            "schema_id": "66154ea5749a9abe118014de",
            "site_id": "6273879590601e1600226231",
            "template_name": "L2_Stretched"
          },
          "sensitive_attributes": [],
          "identity_schema_version": 0,
          "private": "eyJzY2hlbWFfdmVyc2lvbiI6IjEifQ==",
          "dependencies": [
            "data.mso_schema.existing",
            "data.mso_site.aedcg",
            "mso_schema_template_anp.appprof_rcc_stretched",
            "mso_schema_template_anp_epg.epg_vvoip_proxy",
            "mso_schema_template_bd.bd_vvoip_proxy",
            "mso_schema_template_vrf.vrf_rcc"
          ]
        }
      ]
    },
    {
      "mode": "managed",
      "type": "mso_schema_site_anp_epg",
      "name": "site_epg_vvoip_proxy_k",
      "provider": "provider[\"registry.terraform.io/ciscodevnet/mso\"]",
      "instances": [
        {
          "schema_version": 1,
          "attributes": {
            "anp_name": "AppProf-RCC",
            "epg_name": "EPG-VVOIP-PROXY",
            "id": "EPG-VVOIP-PROXY",
            "private_link_label": null,
            "schema_id": "66154ea5749a9abe118014de",
            "site_id": "627387a0ad7390c6b9205cd7",
            "template_name": "L2_Stretched"
          },
          "sensitive_attributes": [],
          "identity_schema_version": 0,
          "private": "eyJzY2hlbWFfdmVyc2lvbiI6IjEifQ==",
          "dependencies": [
            "data.mso_schema.existing",
            "data.mso_site.aedck",
            "mso_schema_template_anp.appprof_rcc_stretched",
            "mso_schema_template_anp_epg.epg_vvoip_proxy",
            "mso_schema_template_bd.bd_vvoip_proxy",
            "mso_schema_template_vrf.vrf_rcc"
          ]
        }
      ]
    },
    {
      "mode": "managed",
      "type": "mso_schema_site_anp_epg",
      "name": "site_epg_web_svr_g",
      "provider": "provider[\"registry.terraform.io/ciscodevnet/mso\"]",
      "instances": [
        {
          "schema_version": 1,
          "attributes": {
            "anp_name": "AppProf-RCC",
            "epg_name": "EPG-WEB-SVR",
            "id": "EPG-WEB-SVR",
            "private_link_label": null,
            "schema_id": "66154ea5749a9abe118014de",
            "site_id": "6273879590601e1600226231",
            "template_name": "L2_Stretched"
          },
          "sensitive_attributes": [],
          "identity_schema_version": 0,
          "private": "eyJzY2hlbWFfdmVyc2lvbiI6IjEifQ==",
          "dependencies": [
            "data.mso_schema.existing",
            "data.mso_site.aedcg",
            "mso_schema_template_anp.appprof_rcc_stretched",
            "mso_schema_template_anp_epg.epg_web_svr",
            "mso_schema_template_bd.bd_web_svr",
            "mso_schema_template_vrf.vrf_rcc"
          ]
        }
      ]
    },
    {
      "mode": "managed",
      "type": "mso_schema_site_anp_epg",
      "name": "site_epg_web_svr_k",
      "provider": "provider[\"registry.terraform.io/ciscodevnet/mso\"]",
      "instances": [
        {
          "schema_version": 1,
          "attributes": {
            "anp_name": "AppProf-RCC",
            "epg_name": "EPG-WEB-SVR",
            "id": "EPG-WEB-SVR",
            "private_link_label": null,
            "schema_id": "66154ea5749a9abe118014de",
            "site_id": "627387a0ad7390c6b9205cd7",
            "template_name": "L2_Stretched"
          },
          "sensitive_attributes": [],
          "identity_schema_version": 0,
          "private": "eyJzY2hlbWFfdmVyc2lvbiI6IjEifQ==",
          "dependencies": [
            "data.mso_schema.existing",
            "data.mso_site.aedck",
            "mso_schema_template_anp.appprof_rcc_stretched",
            "mso_schema_template_anp_epg.epg_web_svr",
            "mso_schema_template_bd.bd_web_svr",
            "mso_schema_template_vrf.vrf_rcc"
          ]
        }
      ]
    },
    {
      "mode": "managed",
      "type": "mso_schema_template_anp",
      "name": "appprof_rcc_g_specific",
      "provider": "provider[\"registry.terraform.io/ciscodevnet/mso\"]",
      "instances": [
        {
          "schema_version": 0,
          "attributes": {
            "description": null,
            "display_name": "AppProf-RCC",
            "id": "AppProf-RCC",
            "name": "AppProf-RCC",
            "schema_id": "66154ea5749a9abe118014de",
            "template": "G-Specific_Only"
          },
          "sensitive_attributes": [],
          "identity_schema_version": 0,
          "private": "bnVsbA==",
          "dependencies": [
            "data.mso_schema.existing"
          ]
        }
      ]
    },
    {
      "mode": "managed",
      "type": "mso_schema_template_anp",
      "name": "appprof_rcc_k_specific",
      "provider": "provider[\"registry.terraform.io/ciscodevnet/mso\"]",
      "instances": [
        {
          "schema_version": 0,
          "attributes": {
            "description": null,
            "display_name": "AppProf-RCC",
            "id": "AppProf-RCC",
            "name": "AppProf-RCC",
            "schema_id": "66154ea5749a9abe118014de",
            "template": "K-Specific_Only"
          },
          "sensitive_attributes": [],
          "identity_schema_version": 0,
          "private": "bnVsbA==",
          "dependencies": [
            "data.mso_schema.existing"
          ]
        }
      ]
    },
    {
      "mode": "managed",
      "type": "mso_schema_template_anp",
      "name": "appprof_rcc_non_stretched",
      "provider": "provider[\"registry.terraform.io/ciscodevnet/mso\"]",
      "instances": [
        {
          "schema_version": 0,
          "attributes": {
            "description": null,
            "display_name": "AppProf-RCC",
            "id": "AppProf-RCC",
            "name": "AppProf-RCC",
            "schema_id": "66154ea5749a9abe118014de",
            "template": "L2_Non-Stretched"
          },
          "sensitive_attributes": [],
          "identity_schema_version": 0,
          "private": "bnVsbA==",
          "dependencies": [
            "data.mso_schema.existing"
          ]
        }
      ]
    },
    {
      "mode": "managed",
      "type": "mso_schema_template_anp",
      "name": "appprof_rcc_stretched",
      "provider": "provider[\"registry.terraform.io/ciscodevnet/mso\"]",
      "instances": [
        {
          "schema_version": 0,
          "attributes": {
            "description": null,
            "display_name": "AppProf-RCC",
            "id": "AppProf-RCC",
            "name": "AppProf-RCC",
            "schema_id": "66154ea5749a9abe118014de",
            "template": "L2_Stretched"
          },
          "sensitive_attributes": [],
          "identity_schema_version": 0,
          "private": "bnVsbA==",
          "dependencies": [
            "data.mso_schema.existing"
          ]
        }
      ]
    },
    {
      "mode": "managed",
      "type": "mso_schema_template_anp_epg",
      "name": "epg_acas_scanners",
      "provider": "provider[\"registry.terraform.io/ciscodevnet/mso\"]",
      "instances": [
        {
          "schema_version": 1,
          "attributes": {
            "access_type": null,
            "anp_name": "AppProf-RCC",
            "bd_name": "BD-ACAS-SCANNERS",
            "bd_schema_id": "66154ea5749a9abe118014de",
            "bd_template_name": "L2_Stretched",
            "custom_service_type": null,
            "deployment_type": null,
            "description": "",
            "display_name": "EPG-ACAS-SCANNERS",
            "epg_type": "application",
            "id": "66154ea5749a9abe118014de/templates/L2_Stretched/anps/AppProf-RCC/epgs/EPG-ACAS-SCANNERS",
            "intersite_multicast_source": false,
            "intra_epg": "unenforced",
            "name": "EPG-ACAS-SCANNERS",
            "preferred_group": false,
            "proxy_arp": false,
            "schema_id": "66154ea5749a9abe118014de",
            "service_type": null,
            "template_name": "L2_Stretched",
            "useg_epg": false,
            "uuid": "0f3abdea-ebf3-4941-b248-905761c31e86",
            "vrf_name": null,
            "vrf_schema_id": null,
            "vrf_template_name": null
          },
          "sensitive_attributes": [],
          "identity_schema_version": 0,
          "private": "eyJzY2hlbWFfdmVyc2lvbiI6IjEifQ==",
          "dependencies": [
            "data.mso_schema.existing",
            "mso_schema_template_anp.appprof_rcc_stretched",
            "mso_schema_template_bd.bd_acas_scanners",
            "mso_schema_template_vrf.vrf_rcc"
          ]
        }
      ]
    },
    {
      "mode": "managed",
      "type": "mso_schema_template_anp_epg",
      "name": "epg_ad",
      "provider": "provider[\"registry.terraform.io/ciscodevnet/mso\"]",
      "instances": [
        {
          "schema_version": 1,
          "attributes": {
            "access_type": null,
            "anp_name": "AppProf-RCC",
            "bd_name": "BD-AD",
            "bd_schema_id": "66154ea5749a9abe118014de",
            "bd_template_name": "L2_Stretched",
            "custom_service_type": null,
            "deployment_type": null,
            "description": "",
            "display_name": "EPG-AD",
            "epg_type": "application",
            "id": "66154ea5749a9abe118014de/templates/L2_Stretched/anps/AppProf-RCC/epgs/EPG-AD",
            "intersite_multicast_source": false,
            "intra_epg": "unenforced",
            "name": "EPG-AD",
            "preferred_group": false,
            "proxy_arp": false,
            "schema_id": "66154ea5749a9abe118014de",
            "service_type": null,
            "template_name": "L2_Stretched",
            "useg_epg": false,
            "uuid": "1869617f-8248-4b06-a2ba-9484f99c8037",
            "vrf_name": null,
            "vrf_schema_id": null,
            "vrf_template_name": null
          },
          "sensitive_attributes": [],
          "identity_schema_version": 0,
          "private": "eyJzY2hlbWFfdmVyc2lvbiI6IjEifQ==",
          "dependencies": [
            "data.mso_schema.existing",
            "mso_schema_template_anp.appprof_rcc_stretched",
            "mso_schema_template_bd.bd_ad",
            "mso_schema_template_vrf.vrf_rcc"
          ]
        }
      ]
    },
    {
      "mode": "managed",
      "type": "mso_schema_template_anp_epg",
      "name": "epg_adfs",
      "provider": "provider[\"registry.terraform.io/ciscodevnet/mso\"]",
      "instances": [
        {
          "schema_version": 1,
          "attributes": {
            "access_type": null,
            "anp_name": "AppProf-RCC",
            "bd_name": "BD-ADFS",
            "bd_schema_id": "66154ea5749a9abe118014de",
            "bd_template_name": "L2_Stretched",
            "custom_service_type": null,
            "deployment_type": null,
            "description": "",
            "display_name": "EPG-ADFS",
            "epg_type": "application",
            "id": "66154ea5749a9abe118014de/templates/L2_Stretched/anps/AppProf-RCC/epgs/EPG-ADFS",
            "intersite_multicast_source": false,
            "intra_epg": "unenforced",
            "name": "EPG-ADFS",
            "preferred_group": false,
            "proxy_arp": false,
            "schema_id": "66154ea5749a9abe118014de",
            "service_type": null,
            "template_name": "L2_Stretched",
            "useg_epg": false,
            "uuid": "f50acd62-0571-4b5e-addc-6281df712c08",
            "vrf_name": null,
            "vrf_schema_id": null,
            "vrf_template_name": null
          },
          "sensitive_attributes": [],
          "identity_schema_version": 0,
          "private": "eyJzY2hlbWFfdmVyc2lvbiI6IjEifQ==",
          "dependencies": [
            "data.mso_schema.existing",
            "mso_schema_template_anp.appprof_rcc_stretched",
            "mso_schema_template_bd.bd_adfs",
            "mso_schema_template_vrf.vrf_rcc"
          ]
        }
      ]
    },
    {
      "mode": "managed",
      "type": "mso_schema_template_anp_epg",
      "name": "epg_app_svr",
      "provider": "provider[\"registry.terraform.io/ciscodevnet/mso\"]",
      "instances": [
        {
          "schema_version": 1,
          "attributes": {
            "access_type": null,
            "anp_name": "AppProf-RCC",
            "bd_name": "BD-APP-SVR",
            "bd_schema_id": "66154ea5749a9abe118014de",
            "bd_template_name": "L2_Stretched",
            "custom_service_type": null,
            "deployment_type": null,
            "description": "",
            "display_name": "EPG-APP-SVR",
            "epg_type": "application",
            "id": "66154ea5749a9abe118014de/templates/L2_Stretched/anps/AppProf-RCC/epgs/EPG-APP-SVR",
            "intersite_multicast_source": false,
            "intra_epg": "unenforced",
            "name": "EPG-APP-SVR",
            "preferred_group": false,
            "proxy_arp": false,
            "schema_id": "66154ea5749a9abe118014de",
            "service_type": null,
            "template_name": "L2_Stretched",
            "useg_epg": false,
            "uuid": "69c65b58-48b3-47a9-b364-99dea27ff31f",
            "vrf_name": null,
            "vrf_schema_id": null,
            "vrf_template_name": null
          },
          "sensitive_attributes": [],
          "identity_schema_version": 0,
          "private": "eyJzY2hlbWFfdmVyc2lvbiI6IjEifQ==",
          "dependencies": [
            "data.mso_schema.existing",
            "mso_schema_template_anp.appprof_rcc_stretched",
            "mso_schema_template_bd.bd_app_svr",
            "mso_schema_template_vrf.vrf_rcc"
          ]
        }
      ]
    },
    {
      "mode": "managed",
      "type": "mso_schema_template_anp_epg",
      "name": "epg_backup_svr_k",
      "provider": "provider[\"registry.terraform.io/ciscodevnet/mso\"]",
      "instances": [
        {
          "schema_version": 1,
          "attributes": {
            "access_type": null,
            "anp_name": "AppProf-RCC",
            "bd_name": "BD-BACKUP-SVR",
            "bd_schema_id": "66154ea5749a9abe118014de",
            "bd_template_name": "K-Specific_Only",
            "custom_service_type": null,
            "deployment_type": null,
            "description": "",
            "display_name": "EPG-BACKUP-SVR",
            "epg_type": "application",
            "id": "66154ea5749a9abe118014de/templates/K-Specific_Only/anps/AppProf-RCC/epgs/EPG-BACKUP-SVR",
            "intersite_multicast_source": false,
            "intra_epg": "unenforced",
            "name": "EPG-BACKUP-SVR",
            "preferred_group": false,
            "proxy_arp": false,
            "schema_id": "66154ea5749a9abe118014de",
            "service_type": null,
            "template_name": "K-Specific_Only",
            "useg_epg": false,
            "uuid": "354c02e9-203e-4e34-996b-35dda7135762",
            "vrf_name": null,
            "vrf_schema_id": null,
            "vrf_template_name": null
          },
          "sensitive_attributes": [],
          "identity_schema_version": 0,
          "private": "eyJzY2hlbWFfdmVyc2lvbiI6IjEifQ==",
          "dependencies": [
            "data.mso_schema.existing",
            "mso_schema_template_anp.appprof_rcc_k_specific",
            "mso_schema_template_bd.bd_backup_svr_k",
            "mso_schema_template_vrf.vrf_rcc"
          ]
        }
      ]
    },
    {
      "mode": "managed",
      "type": "mso_schema_template_anp_epg",
      "name": "epg_c2c_scanners",
      "provider": "provider[\"registry.terraform.io/ciscodevnet/mso\"]",
      "instances": [
        {
          "schema_version": 1,
          "attributes": {
            "access_type": null,
            "anp_name": "AppProf-RCC",
            "bd_name": "BD-C2C-SCANNERS",
            "bd_schema_id": "66154ea5749a9abe118014de",
            "bd_template_name": "L2_Stretched",
            "custom_service_type": null,
            "deployment_type": null,
            "description": "",
            "display_name": "EPG-C2C-SCANNERS",
            "epg_type": "application",
            "id": "66154ea5749a9abe118014de/templates/L2_Stretched/anps/AppProf-RCC/epgs/EPG-C2C-SCANNERS",
            "intersite_multicast_source": false,
            "intra_epg": "unenforced",
            "name": "EPG-C2C-SCANNERS",
            "preferred_group": false,
            "proxy_arp": false,
            "schema_id": "66154ea5749a9abe118014de",
            "service_type": null,
            "template_name": "L2_Stretched",
            "useg_epg": false,
            "uuid": "a8a0ce1e-5ee7-4637-9cbc-603ea41c5e15",
            "vrf_name": null,
            "vrf_schema_id": null,
            "vrf_template_name": null
          },
          "sensitive_attributes": [],
          "identity_schema_version": 0,
          "private": "eyJzY2hlbWFfdmVyc2lvbiI6IjEifQ==",
          "dependencies": [
            "data.mso_schema.existing",
            "mso_schema_template_anp.appprof_rcc_stretched",
            "mso_schema_template_bd.bd_c2c_scanners",
            "mso_schema_template_vrf.vrf_rcc"
          ]
        }
      ]
    },
    {
      "mode": "managed",
      "type": "mso_schema_template_anp_epg",
      "name": "epg_cfg_mgmt",
      "provider": "provider[\"registry.terraform.io/ciscodevnet/mso\"]",
      "instances": [
        {
          "schema_version": 1,
          "attributes": {
            "access_type": null,
            "anp_name": "AppProf-RCC",
            "bd_name": "BD-CFG-MGMT",
            "bd_schema_id": "66154ea5749a9abe118014de",
            "bd_template_name": "L2_Stretched",
            "custom_service_type": null,
            "deployment_type": null,
            "description": "",
            "display_name": "EPG-CFG-MGMT",
            "epg_type": "application",
            "id": "66154ea5749a9abe118014de/templates/L2_Stretched/anps/AppProf-RCC/epgs/EPG-CFG-MGMT",
            "intersite_multicast_source": false,
            "intra_epg": "unenforced",
            "name": "EPG-CFG-MGMT",
            "preferred_group": false,
            "proxy_arp": false,
            "schema_id": "66154ea5749a9abe118014de",
            "service_type": null,
            "template_name": "L2_Stretched",
            "useg_epg": false,
            "uuid": "6c344f09-bd86-4d93-897d-7b8cf71e216b",
            "vrf_name": null,
            "vrf_schema_id": null,
            "vrf_template_name": null
          },
          "sensitive_attributes": [],
          "identity_schema_version": 0,
          "private": "eyJzY2hlbWFfdmVyc2lvbiI6IjEifQ==",
          "dependencies": [
            "data.mso_schema.existing",
            "mso_schema_template_anp.appprof_rcc_stretched",
            "mso_schema_template_bd.bd_cfg_mgmt",
            "mso_schema_template_vrf.vrf_rcc"
          ]
        }
      ]
    },
    {
      "mode": "managed",
      "type": "mso_schema_template_anp_epg",
      "name": "epg_d64_proxy",
      "provider": "provider[\"registry.terraform.io/ciscodevnet/mso\"]",
      "instances": [
        {
          "schema_version": 1,
          "attributes": {
            "access_type": null,
            "anp_name": "AppProf-RCC",
            "bd_name": "BD-D64-PROXY",
            "bd_schema_id": "66154ea5749a9abe118014de",
            "bd_template_name": "L2_Stretched",
            "custom_service_type": null,
            "deployment_type": null,
            "description": "",
            "display_name": "EPG-D64-PROXY",
            "epg_type": "application",
            "id": "66154ea5749a9abe118014de/templates/L2_Stretched/anps/AppProf-RCC/epgs/EPG-D64-PROXY",
            "intersite_multicast_source": false,
            "intra_epg": "unenforced",
            "name": "EPG-D64-PROXY",
            "preferred_group": false,
            "proxy_arp": false,
            "schema_id": "66154ea5749a9abe118014de",
            "service_type": null,
            "template_name": "L2_Stretched",
            "useg_epg": false,
            "uuid": "fcf9008e-2562-4d12-a3a3-0f533a8a6138",
            "vrf_name": null,
            "vrf_schema_id": null,
            "vrf_template_name": null
          },
          "sensitive_attributes": [],
          "identity_schema_version": 0,
          "private": "eyJzY2hlbWFfdmVyc2lvbiI6IjEifQ==",
          "dependencies": [
            "data.mso_schema.existing",
            "mso_schema_template_anp.appprof_rcc_stretched",
            "mso_schema_template_bd.bd_d64_proxy",
            "mso_schema_template_vrf.vrf_rcc"
          ]
        }
      ]
    },
    {
      "mode": "managed",
      "type": "mso_schema_template_anp_epg",
      "name": "epg_db_svr",
      "provider": "provider[\"registry.terraform.io/ciscodevnet/mso\"]",
      "instances": [
        {
          "schema_version": 1,
          "attributes": {
            "access_type": null,
            "anp_name": "AppProf-RCC",
            "bd_name": "BD-DB-SVR",
            "bd_schema_id": "66154ea5749a9abe118014de",
            "bd_template_name": "L2_Non-Stretched",
            "custom_service_type": null,
            "deployment_type": null,
            "description": "",
            "display_name": "EPG-DB-SVR",
            "epg_type": "application",
            "id": "66154ea5749a9abe118014de/templates/L2_Non-Stretched/anps/AppProf-RCC/epgs/EPG-DB-SVR",
            "intersite_multicast_source": false,
            "intra_epg": "unenforced",
            "name": "EPG-DB-SVR",
            "preferred_group": false,
            "proxy_arp": false,
            "schema_id": "66154ea5749a9abe118014de",
            "service_type": null,
            "template_name": "L2_Non-Stretched",
            "useg_epg": false,
            "uuid": "a326206f-dd50-4d0c-8fbe-e16d5fef56bc",
            "vrf_name": null,
            "vrf_schema_id": null,
            "vrf_template_name": null
          },
          "sensitive_attributes": [],
          "identity_schema_version": 0,
          "private": "eyJzY2hlbWFfdmVyc2lvbiI6IjEifQ==",
          "dependencies": [
            "data.mso_schema.existing",
            "mso_schema_template_anp.appprof_rcc_non_stretched",
            "mso_schema_template_bd.bd_db_svr",
            "mso_schema_template_vrf.vrf_rcc"
          ]
        }
      ]
    },
    {
      "mode": "managed",
      "type": "mso_schema_template_anp_epg",
      "name": "epg_dhcp_svr",
      "provider": "provider[\"registry.terraform.io/ciscodevnet/mso\"]",
      "instances": [
        {
          "schema_version": 1,
          "attributes": {
            "access_type": null,
            "anp_name": "AppProf-RCC",
            "bd_name": "BD-DHCP-SVR",
            "bd_schema_id": "66154ea5749a9abe118014de",
            "bd_template_name": "L2_Stretched",
            "custom_service_type": null,
            "deployment_type": null,
            "description": "",
            "display_name": "EPG-DHCP-SVR",
            "epg_type": "application",
            "id": "66154ea5749a9abe118014de/templates/L2_Stretched/anps/AppProf-RCC/epgs/EPG-DHCP-SVR",
            "intersite_multicast_source": false,
            "intra_epg": "unenforced",
            "name": "EPG-DHCP-SVR",
            "preferred_group": false,
            "proxy_arp": false,
            "schema_id": "66154ea5749a9abe118014de",
            "service_type": null,
            "template_name": "L2_Stretched",
            "useg_epg": false,
            "uuid": "be2985ce-9676-4709-8822-3cefe04ca843",
            "vrf_name": null,
            "vrf_schema_id": null,
            "vrf_template_name": null
          },
          "sensitive_attributes": [],
          "identity_schema_version": 0,
          "private": "eyJzY2hlbWFfdmVyc2lvbiI6IjEifQ==",
          "dependencies": [
            "data.mso_schema.existing",
            "mso_schema_template_anp.appprof_rcc_stretched",
            "mso_schema_template_bd.bd_dhcp_svr",
            "mso_schema_template_vrf.vrf_rcc"
          ]
        }
      ]
    },
    {
      "mode": "managed",
      "type": "mso_schema_template_anp_epg",
      "name": "epg_dns_mgmt",
      "provider": "provider[\"registry.terraform.io/ciscodevnet/mso\"]",
      "instances": [
        {
          "schema_version": 1,
          "attributes": {
            "access_type": null,
            "anp_name": "AppProf-RCC",
            "bd_name": "BD-DNS-MGMT",
            "bd_schema_id": "66154ea5749a9abe118014de",
            "bd_template_name": "L2_Stretched",
            "custom_service_type": null,
            "deployment_type": null,
            "description": "",
            "display_name": "EPG-DNS-MGMT",
            "epg_type": "application",
            "id": "66154ea5749a9abe118014de/templates/L2_Stretched/anps/AppProf-RCC/epgs/EPG-DNS-MGMT",
            "intersite_multicast_source": false,
            "intra_epg": "unenforced",
            "name": "EPG-DNS-MGMT",
            "preferred_group": false,
            "proxy_arp": false,
            "schema_id": "66154ea5749a9abe118014de",
            "service_type": null,
            "template_name": "L2_Stretched",
            "useg_epg": false,
            "uuid": "3a97450d-9979-462c-ba46-c33dbd7dfb37",
            "vrf_name": null,
            "vrf_schema_id": null,
            "vrf_template_name": null
          },
          "sensitive_attributes": [],
          "identity_schema_version": 0,
          "private": "eyJzY2hlbWFfdmVyc2lvbiI6IjEifQ==",
          "dependencies": [
            "data.mso_schema.existing",
            "mso_schema_template_anp.appprof_rcc_stretched",
            "mso_schema_template_bd.bd_dns_mgmt",
            "mso_schema_template_vrf.vrf_rcc"
          ]
        }
      ]
    },
    {
      "mode": "managed",
      "type": "mso_schema_template_anp_epg",
      "name": "epg_e911_svr",
      "provider": "provider[\"registry.terraform.io/ciscodevnet/mso\"]",
      "instances": [
        {
          "schema_version": 1,
          "attributes": {
            "access_type": null,
            "anp_name": "AppProf-RCC",
            "bd_name": "BD-E911-SVR",
            "bd_schema_id": "66154ea5749a9abe118014de",
            "bd_template_name": "L2_Stretched",
            "custom_service_type": null,
            "deployment_type": null,
            "description": "",
            "display_name": "EPG-E911-SVR",
            "epg_type": "application",
            "id": "66154ea5749a9abe118014de/templates/L2_Stretched/anps/AppProf-RCC/epgs/EPG-E911-SVR",
            "intersite_multicast_source": false,
            "intra_epg": "unenforced",
            "name": "EPG-E911-SVR",
            "preferred_group": false,
            "proxy_arp": false,
            "schema_id": "66154ea5749a9abe118014de",
            "service_type": null,
            "template_name": "L2_Stretched",
            "useg_epg": false,
            "uuid": "58ddcab8-546b-4f0b-92a9-4af3f249951e",
            "vrf_name": null,
            "vrf_schema_id": null,
            "vrf_template_name": null
          },
          "sensitive_attributes": [],
          "identity_schema_version": 0,
          "private": "eyJzY2hlbWFfdmVyc2lvbiI6IjEifQ==",
          "dependencies": [
            "data.mso_schema.existing",
            "mso_schema_template_anp.appprof_rcc_stretched",
            "mso_schema_template_bd.bd_e911_svr",
            "mso_schema_template_vrf.vrf_rcc"
          ]
        }
      ]
    },
    {
      "mode": "managed",
      "type": "mso_schema_template_anp_epg",
      "name": "epg_file_svr",
      "provider": "provider[\"registry.terraform.io/ciscodevnet/mso\"]",
      "instances": [
        {
          "schema_version": 1,
          "attributes": {
            "access_type": null,
            "anp_name": "AppProf-RCC",
            "bd_name": "BD-FILE-SVR",
            "bd_schema_id": "66154ea5749a9abe118014de",
            "bd_template_name": "L2_Stretched",
            "custom_service_type": null,
            "deployment_type": null,
            "description": "",
            "display_name": "EPG-FILE-SVR",
            "epg_type": "application",
            "id": "66154ea5749a9abe118014de/templates/L2_Stretched/anps/AppProf-RCC/epgs/EPG-FILE-SVR",
            "intersite_multicast_source": false,
            "intra_epg": "unenforced",
            "name": "EPG-FILE-SVR",
            "preferred_group": false,
            "proxy_arp": false,
            "schema_id": "66154ea5749a9abe118014de",
            "service_type": null,
            "template_name": "L2_Stretched",
            "useg_epg": false,
            "uuid": "044a20c6-8249-4770-86f3-e341f8c8eb07",
            "vrf_name": null,
            "vrf_schema_id": null,
            "vrf_template_name": null
          },
          "sensitive_attributes": [],
          "identity_schema_version": 0,
          "private": "eyJzY2hlbWFfdmVyc2lvbiI6IjEifQ==",
          "dependencies": [
            "data.mso_schema.existing",
            "mso_schema_template_anp.appprof_rcc_stretched",
            "mso_schema_template_bd.bd_file_svr",
            "mso_schema_template_vrf.vrf_rcc"
          ]
        }
      ]
    },
    {
      "mode": "managed",
      "type": "mso_schema_template_anp_epg",
      "name": "epg_fmwr_svr",
      "provider": "provider[\"registry.terraform.io/ciscodevnet/mso\"]",
      "instances": [
        {
          "schema_version": 1,
          "attributes": {
            "access_type": null,
            "anp_name": "AppProf-RCC",
            "bd_name": "BD-FMWR-SVR",
            "bd_schema_id": "66154ea5749a9abe118014de",
            "bd_template_name": "L2_Stretched",
            "custom_service_type": null,
            "deployment_type": null,
            "description": "",
            "display_name": "EPG-FMWR-SVR",
            "epg_type": "application",
            "id": "66154ea5749a9abe118014de/templates/L2_Stretched/anps/AppProf-RCC/epgs/EPG-FMWR-SVR",
            "intersite_multicast_source": false,
            "intra_epg": "unenforced",
            "name": "EPG-FMWR-SVR",
            "preferred_group": false,
            "proxy_arp": false,
            "schema_id": "66154ea5749a9abe118014de",
            "service_type": null,
            "template_name": "L2_Stretched",
            "useg_epg": false,
            "uuid": "b38c724c-5775-47d5-929a-9112cdf4b3fb",
            "vrf_name": null,
            "vrf_schema_id": null,
            "vrf_template_name": null
          },
          "sensitive_attributes": [],
          "identity_schema_version": 0,
          "private": "eyJzY2hlbWFfdmVyc2lvbiI6IjEifQ==",
          "dependencies": [
            "data.mso_schema.existing",
            "mso_schema_template_anp.appprof_rcc_stretched",
            "mso_schema_template_bd.bd_fmwr_svr",
            "mso_schema_template_vrf.vrf_rcc"
          ]
        }
      ]
    },
    {
      "mode": "managed",
      "type": "mso_schema_template_anp_epg",
      "name": "epg_fweb_proxy",
      "provider": "provider[\"registry.terraform.io/ciscodevnet/mso\"]",
      "instances": [
        {
          "schema_version": 1,
          "attributes": {
            "access_type": null,
            "anp_name": "AppProf-RCC",
            "bd_name": "BD-FWEB-PROXY",
            "bd_schema_id": "66154ea5749a9abe118014de",
            "bd_template_name": "L2_Stretched",
            "custom_service_type": null,
            "deployment_type": null,
            "description": "",
            "display_name": "EPG-FWEB-PROXY",
            "epg_type": "application",
            "id": "66154ea5749a9abe118014de/templates/L2_Stretched/anps/AppProf-RCC/epgs/EPG-FWEB-PROXY",
            "intersite_multicast_source": false,
            "intra_epg": "unenforced",
            "name": "EPG-FWEB-PROXY",
            "preferred_group": false,
            "proxy_arp": false,
            "schema_id": "66154ea5749a9abe118014de",
            "service_type": null,
            "template_name": "L2_Stretched",
            "useg_epg": false,
            "uuid": "8c514425-e026-4755-8641-7f1b9c163ba5",
            "vrf_name": null,
            "vrf_schema_id": null,
            "vrf_template_name": null
          },
          "sensitive_attributes": [],
          "identity_schema_version": 0,
          "private": "eyJzY2hlbWFfdmVyc2lvbiI6IjEifQ==",
          "dependencies": [
            "data.mso_schema.existing",
            "mso_schema_template_anp.appprof_rcc_stretched",
            "mso_schema_template_bd.bd_fweb_proxy",
            "mso_schema_template_vrf.vrf_rcc"
          ]
        }
      ]
    },
    {
      "mode": "managed",
      "type": "mso_schema_template_anp_epg",
      "name": "epg_gef_mgmt",
      "provider": "provider[\"registry.terraform.io/ciscodevnet/mso\"]",
      "instances": [
        {
          "schema_version": 1,
          "attributes": {
            "access_type": null,
            "anp_name": "AppProf-RCC",
            "bd_name": "BD-GEF-MGMT",
            "bd_schema_id": "66154ea5749a9abe118014de",
            "bd_template_name": "G-Specific_Only",
            "custom_service_type": null,
            "deployment_type": null,
            "description": "",
            "display_name": "EPG-GEF-MGMT",
            "epg_type": "application",
            "id": "66154ea5749a9abe118014de/templates/G-Specific_Only/anps/AppProf-RCC/epgs/EPG-GEF-MGMT",
            "intersite_multicast_source": false,
            "intra_epg": "unenforced",
            "name": "EPG-GEF-MGMT",
            "preferred_group": false,
            "proxy_arp": false,
            "schema_id": "66154ea5749a9abe118014de",
            "service_type": null,
            "template_name": "G-Specific_Only",
            "useg_epg": false,
            "uuid": "e7766848-8689-4c35-8c6e-8d8c3ca31577",
            "vrf_name": null,
            "vrf_schema_id": null,
            "vrf_template_name": null
          },
          "sensitive_attributes": [],
          "identity_schema_version": 0,
          "private": "eyJzY2hlbWFfdmVyc2lvbiI6IjEifQ==",
          "dependencies": [
            "data.mso_schema.existing",
            "mso_schema_template_anp.appprof_rcc_g_specific",
            "mso_schema_template_bd.bd_gef_mgmt",
            "mso_schema_template_vrf.vrf_rcc"
          ]
        }
      ]
    },
    {
      "mode": "managed",
      "type": "mso_schema_template_anp_epg",
      "name": "epg_lb",
      "provider": "provider[\"registry.terraform.io/ciscodevnet/mso\"]",
      "instances": [
        {
          "schema_version": 1,
          "attributes": {
            "access_type": null,
            "anp_name": "AppProf-RCC",
            "bd_name": "BD-LB",
            "bd_schema_id": "66154ea5749a9abe118014de",
            "bd_template_name": "L2_Stretched",
            "custom_service_type": null,
            "deployment_type": null,
            "description": "",
            "display_name": "EPG-LB",
            "epg_type": "application",
            "id": "66154ea5749a9abe118014de/templates/L2_Stretched/anps/AppProf-RCC/epgs/EPG-LB",
            "intersite_multicast_source": false,
            "intra_epg": "unenforced",
            "name": "EPG-LB",
            "preferred_group": false,
            "proxy_arp": false,
            "schema_id": "66154ea5749a9abe118014de",
            "service_type": null,
            "template_name": "L2_Stretched",
            "useg_epg": false,
            "uuid": "24142357-94ce-4d93-aa27-c01427343346",
            "vrf_name": null,
            "vrf_schema_id": null,
            "vrf_template_name": null
          },
          "sensitive_attributes": [],
          "identity_schema_version": 0,
          "private": "eyJzY2hlbWFfdmVyc2lvbiI6IjEifQ==",
          "dependencies": [
            "data.mso_schema.existing",
            "mso_schema_template_anp.appprof_rcc_stretched",
            "mso_schema_template_bd.bd_lb",
            "mso_schema_template_vrf.vrf_rcc"
          ]
        }
      ]
    },
    {
      "mode": "managed",
      "type": "mso_schema_template_anp_epg",
      "name": "epg_lmr",
      "provider": "provider[\"registry.terraform.io/ciscodevnet/mso\"]",
      "instances": [
        {
          "schema_version": 1,
          "attributes": {
            "access_type": null,
            "anp_name": "AppProf-RCC",
            "bd_name": "BD-LMR",
            "bd_schema_id": "66154ea5749a9abe118014de",
            "bd_template_name": "L2_Stretched",
            "custom_service_type": null,
            "deployment_type": null,
            "description": "",
            "display_name": "EPG-LMR",
            "epg_type": "application",
            "id": "66154ea5749a9abe118014de/templates/L2_Stretched/anps/AppProf-RCC/epgs/EPG-LMR",
            "intersite_multicast_source": false,
            "intra_epg": "unenforced",
            "name": "EPG-LMR",
            "preferred_group": false,
            "proxy_arp": false,
            "schema_id": "66154ea5749a9abe118014de",
            "service_type": null,
            "template_name": "L2_Stretched",
            "useg_epg": false,
            "uuid": "257c7c23-f49a-4727-9921-de9c3251c9e7",
            "vrf_name": null,
            "vrf_schema_id": null,
            "vrf_template_name": null
          },
          "sensitive_attributes": [],
          "identity_schema_version": 0,
          "private": "eyJzY2hlbWFfdmVyc2lvbiI6IjEifQ==",
          "dependencies": [
            "data.mso_schema.existing",
            "mso_schema_template_anp.appprof_rcc_stretched",
            "mso_schema_template_bd.bd_lmr",
            "mso_schema_template_vrf.vrf_rcc"
          ]
        }
      ]
    },
    {
      "mode": "managed",
      "type": "mso_schema_template_anp_epg",
      "name": "epg_mecm",
      "provider": "provider[\"registry.terraform.io/ciscodevnet/mso\"]",
      "instances": [
        {
          "schema_version": 1,
          "attributes": {
            "access_type": null,
            "anp_name": "AppProf-RCC",
            "bd_name": "BD-MECM",
            "bd_schema_id": "66154ea5749a9abe118014de",
            "bd_template_name": "L2_Stretched",
            "custom_service_type": null,
            "deployment_type": null,
            "description": "",
            "display_name": "EPG-MECM",
            "epg_type": "application",
            "id": "66154ea5749a9abe118014de/templates/L2_Stretched/anps/AppProf-RCC/epgs/EPG-MECM",
            "intersite_multicast_source": false,
            "intra_epg": "unenforced",
            "name": "EPG-MECM",
            "preferred_group": false,
            "proxy_arp": false,
            "schema_id": "66154ea5749a9abe118014de",
            "service_type": null,
            "template_name": "L2_Stretched",
            "useg_epg": false,
            "uuid": "397ba4e9-39b1-46b2-b899-749cb25f9b43",
            "vrf_name": null,
            "vrf_schema_id": null,
            "vrf_template_name": null
          },
          "sensitive_attributes": [],
          "identity_schema_version": 0,
          "private": "eyJzY2hlbWFfdmVyc2lvbiI6IjEifQ==",
          "dependencies": [
            "data.mso_schema.existing",
            "mso_schema_template_anp.appprof_rcc_stretched",
            "mso_schema_template_bd.bd_mecm",
            "mso_schema_template_vrf.vrf_rcc"
          ]
        }
      ]
    },
    {
      "mode": "managed",
      "type": "mso_schema_template_anp_epg",
      "name": "epg_nac",
      "provider": "provider[\"registry.terraform.io/ciscodevnet/mso\"]",
      "instances": [
        {
          "schema_version": 1,
          "attributes": {
            "access_type": null,
            "anp_name": "AppProf-RCC",
            "bd_name": "BD-NAC",
            "bd_schema_id": "66154ea5749a9abe118014de",
            "bd_template_name": "L2_Stretched",
            "custom_service_type": null,
            "deployment_type": null,
            "description": "",
            "display_name": "EPG-NAC",
            "epg_type": "application",
            "id": "66154ea5749a9abe118014de/templates/L2_Stretched/anps/AppProf-RCC/epgs/EPG-NAC",
            "intersite_multicast_source": false,
            "intra_epg": "unenforced",
            "name": "EPG-NAC",
            "preferred_group": false,
            "proxy_arp": false,
            "schema_id": "66154ea5749a9abe118014de",
            "service_type": null,
            "template_name": "L2_Stretched",
            "useg_epg": false,
            "uuid": "097362d2-6677-43d2-b034-b37418cb3a5b",
            "vrf_name": null,
            "vrf_schema_id": null,
            "vrf_template_name": null
          },
          "sensitive_attributes": [],
          "identity_schema_version": 0,
          "private": "eyJzY2hlbWFfdmVyc2lvbiI6IjEifQ==",
          "dependencies": [
            "data.mso_schema.existing",
            "mso_schema_template_anp.appprof_rcc_stretched",
            "mso_schema_template_bd.bd_nac",
            "mso_schema_template_vrf.vrf_rcc"
          ]
        }
      ]
    },
    {
      "mode": "managed",
      "type": "mso_schema_template_anp_epg",
      "name": "epg_ocsp",
      "provider": "provider[\"registry.terraform.io/ciscodevnet/mso\"]",
      "instances": [
        {
          "schema_version": 1,
          "attributes": {
            "access_type": null,
            "anp_name": "AppProf-RCC",
            "bd_name": "BD-OCSP",
            "bd_schema_id": "66154ea5749a9abe118014de",
            "bd_template_name": "L2_Stretched",
            "custom_service_type": null,
            "deployment_type": null,
            "description": "",
            "display_name": "EPG-OCSP",
            "epg_type": "application",
            "id": "66154ea5749a9abe118014de/templates/L2_Stretched/anps/AppProf-RCC/epgs/EPG-OCSP",
            "intersite_multicast_source": false,
            "intra_epg": "unenforced",
            "name": "EPG-OCSP",
            "preferred_group": false,
            "proxy_arp": false,
            "schema_id": "66154ea5749a9abe118014de",
            "service_type": null,
            "template_name": "L2_Stretched",
            "useg_epg": false,
            "uuid": "2a3e22e5-8fa8-4f4c-8fd9-494ff691b181",
            "vrf_name": null,
            "vrf_schema_id": null,
            "vrf_template_name": null
          },
          "sensitive_attributes": [],
          "identity_schema_version": 0,
          "private": "eyJzY2hlbWFfdmVyc2lvbiI6IjEifQ==",
          "dependencies": [
            "data.mso_schema.existing",
            "mso_schema_template_anp.appprof_rcc_stretched",
            "mso_schema_template_bd.bd_ocsp",
            "mso_schema_template_vrf.vrf_rcc"
          ]
        }
      ]
    },
    {
      "mode": "managed",
      "type": "mso_schema_template_anp_epg",
      "name": "epg_pki_srv",
      "provider": "provider[\"registry.terraform.io/ciscodevnet/mso\"]",
      "instances": [
        {
          "schema_version": 1,
          "attributes": {
            "access_type": null,
            "anp_name": "AppProf-RCC",
            "bd_name": "BD-PKI-SRV",
            "bd_schema_id": "66154ea5749a9abe118014de",
            "bd_template_name": "L2_Stretched",
            "custom_service_type": null,
            "deployment_type": null,
            "description": "",
            "display_name": "EPG-PKI-SRV",
            "epg_type": "application",
            "id": "66154ea5749a9abe118014de/templates/L2_Stretched/anps/AppProf-RCC/epgs/EPG-PKI-SRV",
            "intersite_multicast_source": false,
            "intra_epg": "unenforced",
            "name": "EPG-PKI-SRV",
            "preferred_group": false,
            "proxy_arp": false,
            "schema_id": "66154ea5749a9abe118014de",
            "service_type": null,
            "template_name": "L2_Stretched",
            "useg_epg": false,
            "uuid": "c88994c0-08ab-48d0-aa58-54840c9a4e0d",
            "vrf_name": null,
            "vrf_schema_id": null,
            "vrf_template_name": null
          },
          "sensitive_attributes": [],
          "identity_schema_version": 0,
          "private": "eyJzY2hlbWFfdmVyc2lvbiI6IjEifQ==",
          "dependencies": [
            "data.mso_schema.existing",
            "mso_schema_template_anp.appprof_rcc_stretched",
            "mso_schema_template_bd.bd_pki_srv",
            "mso_schema_template_vrf.vrf_rcc"
          ]
        }
      ]
    },
    {
      "mode": "managed",
      "type": "mso_schema_template_anp_epg",
      "name": "epg_print_svr",
      "provider": "provider[\"registry.terraform.io/ciscodevnet/mso\"]",
      "instances": [
        {
          "schema_version": 1,
          "attributes": {
            "access_type": null,
            "anp_name": "AppProf-RCC",
            "bd_name": "BD-PRINT-SVR",
            "bd_schema_id": "66154ea5749a9abe118014de",
            "bd_template_name": "L2_Stretched",
            "custom_service_type": null,
            "deployment_type": null,
            "description": "",
            "display_name": "EPG-PRINT-SVR",
            "epg_type": "application",
            "id": "66154ea5749a9abe118014de/templates/L2_Stretched/anps/AppProf-RCC/epgs/EPG-PRINT-SVR",
            "intersite_multicast_source": false,
            "intra_epg": "unenforced",
            "name": "EPG-PRINT-SVR",
            "preferred_group": false,
            "proxy_arp": false,
            "schema_id": "66154ea5749a9abe118014de",
            "service_type": null,
            "template_name": "L2_Stretched",
            "useg_epg": false,
            "uuid": "ab09e09f-8cfa-4e4a-8f07-a2f8e184404a",
            "vrf_name": null,
            "vrf_schema_id": null,
            "vrf_template_name": null
          },
          "sensitive_attributes": [],
          "identity_schema_version": 0,
          "private": "eyJzY2hlbWFfdmVyc2lvbiI6IjEifQ==",
          "dependencies": [
            "data.mso_schema.existing",
            "mso_schema_template_anp.appprof_rcc_stretched",
            "mso_schema_template_bd.bd_print_svr",
            "mso_schema_template_vrf.vrf_rcc"
          ]
        }
      ]
    },
    {
      "mode": "managed",
      "type": "mso_schema_template_anp_epg",
      "name": "epg_rcc_dco",
      "provider": "provider[\"registry.terraform.io/ciscodevnet/mso\"]",
      "instances": [
        {
          "schema_version": 1,
          "attributes": {
            "access_type": null,
            "anp_name": "AppProf-RCC",
            "bd_name": "BD-RCC-DCO",
            "bd_schema_id": "66154ea5749a9abe118014de",
            "bd_template_name": "L2_Stretched",
            "custom_service_type": null,
            "deployment_type": null,
            "description": "",
            "display_name": "EPG-RCC-DCO",
            "epg_type": "application",
            "id": "66154ea5749a9abe118014de/templates/L2_Stretched/anps/AppProf-RCC/epgs/EPG-RCC-DCO",
            "intersite_multicast_source": false,
            "intra_epg": "unenforced",
            "name": "EPG-RCC-DCO",
            "preferred_group": false,
            "proxy_arp": false,
            "schema_id": "66154ea5749a9abe118014de",
            "service_type": null,
            "template_name": "L2_Stretched",
            "useg_epg": false,
            "uuid": "022c6f4a-e556-45d5-97eb-411e1f6ff13e",
            "vrf_name": null,
            "vrf_schema_id": null,
            "vrf_template_name": null
          },
          "sensitive_attributes": [],
          "identity_schema_version": 0,
          "private": "eyJzY2hlbWFfdmVyc2lvbiI6IjEifQ==",
          "dependencies": [
            "data.mso_schema.existing",
            "mso_schema_template_anp.appprof_rcc_stretched",
            "mso_schema_template_bd.bd_rcc_dco",
            "mso_schema_template_vrf.vrf_rcc"
          ]
        }
      ]
    },
    {
      "mode": "managed",
      "type": "mso_schema_template_anp_epg",
      "name": "epg_rcc_dns",
      "provider": "provider[\"registry.terraform.io/ciscodevnet/mso\"]",
      "instances": [
        {
          "schema_version": 1,
          "attributes": {
            "access_type": null,
            "anp_name": "AppProf-RCC",
            "bd_name": "BD-RCC-DNS",
            "bd_schema_id": "66154ea5749a9abe118014de",
            "bd_template_name": "L2_Stretched",
            "custom_service_type": null,
            "deployment_type": null,
            "description": "",
            "display_name": "EPG-RCC-DNS",
            "epg_type": "application",
            "id": "66154ea5749a9abe118014de/templates/L2_Stretched/anps/AppProf-RCC/epgs/EPG-RCC-DNS",
            "intersite_multicast_source": false,
            "intra_epg": "unenforced",
            "name": "EPG-RCC-DNS",
            "preferred_group": false,
            "proxy_arp": false,
            "schema_id": "66154ea5749a9abe118014de",
            "service_type": null,
            "template_name": "L2_Stretched",
            "useg_epg": false,
            "uuid": "a627f469-b670-44f5-9c87-a0a500260fa3",
            "vrf_name": null,
            "vrf_schema_id": null,
            "vrf_template_name": null
          },
          "sensitive_attributes": [],
          "identity_schema_version": 0,
          "private": "eyJzY2hlbWFfdmVyc2lvbiI6IjEifQ==",
          "dependencies": [
            "data.mso_schema.existing",
            "mso_schema_template_anp.appprof_rcc_stretched",
            "mso_schema_template_bd.bd_rcc_dns",
            "mso_schema_template_vrf.vrf_rcc"
          ]
        }
      ]
    },
    {
      "mode": "managed",
      "type": "mso_schema_template_anp_epg",
      "name": "epg_rcc_svr",
      "provider": "provider[\"registry.terraform.io/ciscodevnet/mso\"]",
      "instances": [
        {
          "schema_version": 1,
          "attributes": {
            "access_type": null,
            "anp_name": "AppProf-RCC",
            "bd_name": "BD-RCC-SVR",
            "bd_schema_id": "66154ea5749a9abe118014de",
            "bd_template_name": "L2_Stretched",
            "custom_service_type": null,
            "deployment_type": null,
            "description": "",
            "display_name": "EPG-RCC-SVR",
            "epg_type": "application",
            "id": "66154ea5749a9abe118014de/templates/L2_Stretched/anps/AppProf-RCC/epgs/EPG-RCC-SVR",
            "intersite_multicast_source": false,
            "intra_epg": "unenforced",
            "name": "EPG-RCC-SVR",
            "preferred_group": false,
            "proxy_arp": false,
            "schema_id": "66154ea5749a9abe118014de",
            "service_type": null,
            "template_name": "L2_Stretched",
            "useg_epg": false,
            "uuid": "dbc8f0d6-2dd6-4313-8dde-2e4ff995eda9",
            "vrf_name": null,
            "vrf_schema_id": null,
            "vrf_template_name": null
          },
          "sensitive_attributes": [],
          "identity_schema_version": 0,
          "private": "eyJzY2hlbWFfdmVyc2lvbiI6IjEifQ==",
          "dependencies": [
            "data.mso_schema.existing",
            "mso_schema_template_anp.appprof_rcc_stretched",
            "mso_schema_template_bd.bd_rcc_svr",
            "mso_schema_template_vrf.vrf_rcc"
          ]
        }
      ]
    },
    {
      "mode": "managed",
      "type": "mso_schema_template_anp_epg",
      "name": "epg_rcc_unix",
      "provider": "provider[\"registry.terraform.io/ciscodevnet/mso\"]",
      "instances": [
        {
          "schema_version": 1,
          "attributes": {
            "access_type": null,
            "anp_name": "AppProf-RCC",
            "bd_name": "BD-RCC-UNIX",
            "bd_schema_id": "66154ea5749a9abe118014de",
            "bd_template_name": "L2_Stretched",
            "custom_service_type": null,
            "deployment_type": null,
            "description": "",
            "display_name": "EPG-RCC-UNIX",
            "epg_type": "application",
            "id": "66154ea5749a9abe118014de/templates/L2_Stretched/anps/AppProf-RCC/epgs/EPG-RCC-UNIX",
            "intersite_multicast_source": false,
            "intra_epg": "unenforced",
            "name": "EPG-RCC-UNIX",
            "preferred_group": false,
            "proxy_arp": false,
            "schema_id": "66154ea5749a9abe118014de",
            "service_type": null,
            "template_name": "L2_Stretched",
            "useg_epg": false,
            "uuid": "e03d5934-a1e9-46ed-a8ed-1409e6c8da4b",
            "vrf_name": null,
            "vrf_schema_id": null,
            "vrf_template_name": null
          },
          "sensitive_attributes": [],
          "identity_schema_version": 0,
          "private": "eyJzY2hlbWFfdmVyc2lvbiI6IjEifQ==",
          "dependencies": [
            "data.mso_schema.existing",
            "mso_schema_template_anp.appprof_rcc_stretched",
            "mso_schema_template_bd.bd_rcc_unix",
            "mso_schema_template_vrf.vrf_rcc"
          ]
        }
      ]
    },
    {
      "mode": "managed",
      "type": "mso_schema_template_anp_epg",
      "name": "epg_rweb_proxy",
      "provider": "provider[\"registry.terraform.io/ciscodevnet/mso\"]",
      "instances": [
        {
          "schema_version": 1,
          "attributes": {
            "access_type": null,
            "anp_name": "AppProf-RCC",
            "bd_name": "BD-RWEB-PROXY",
            "bd_schema_id": "66154ea5749a9abe118014de",
            "bd_template_name": "L2_Stretched",
            "custom_service_type": null,
            "deployment_type": null,
            "description": "",
            "display_name": "EPG-RWEB-PROXY",
            "epg_type": "application",
            "id": "66154ea5749a9abe118014de/templates/L2_Stretched/anps/AppProf-RCC/epgs/EPG-RWEB-PROXY",
            "intersite_multicast_source": false,
            "intra_epg": "unenforced",
            "name": "EPG-RWEB-PROXY",
            "preferred_group": false,
            "proxy_arp": false,
            "schema_id": "66154ea5749a9abe118014de",
            "service_type": null,
            "template_name": "L2_Stretched",
            "useg_epg": false,
            "uuid": "3a3cc965-f595-4afa-8d58-d36d4c77cb23",
            "vrf_name": null,
            "vrf_schema_id": null,
            "vrf_template_name": null
          },
          "sensitive_attributes": [],
          "identity_schema_version": 0,
          "private": "eyJzY2hlbWFfdmVyc2lvbiI6IjEifQ==",
          "dependencies": [
            "data.mso_schema.existing",
            "mso_schema_template_anp.appprof_rcc_stretched",
            "mso_schema_template_bd.bd_rweb_proxy",
            "mso_schema_template_vrf.vrf_rcc"
          ]
        }
      ]
    },
    {
      "mode": "managed",
      "type": "mso_schema_template_anp_epg",
      "name": "epg_smtp_svr",
      "provider": "provider[\"registry.terraform.io/ciscodevnet/mso\"]",
      "instances": [
        {
          "schema_version": 1,
          "attributes": {
            "access_type": null,
            "anp_name": "AppProf-RCC",
            "bd_name": "BD-SMTP-SVR",
            "bd_schema_id": "66154ea5749a9abe118014de",
            "bd_template_name": "L2_Stretched",
            "custom_service_type": null,
            "deployment_type": null,
            "description": "",
            "display_name": "EPG-SMTP-SVR",
            "epg_type": "application",
            "id": "66154ea5749a9abe118014de/templates/L2_Stretched/anps/AppProf-RCC/epgs/EPG-SMTP-SVR",
            "intersite_multicast_source": false,
            "intra_epg": "unenforced",
            "name": "EPG-SMTP-SVR",
            "preferred_group": false,
            "proxy_arp": false,
            "schema_id": "66154ea5749a9abe118014de",
            "service_type": null,
            "template_name": "L2_Stretched",
            "useg_epg": false,
            "uuid": "8b1da073-29c9-4962-b845-1cb64c726dcc",
            "vrf_name": null,
            "vrf_schema_id": null,
            "vrf_template_name": null
          },
          "sensitive_attributes": [],
          "identity_schema_version": 0,
          "private": "eyJzY2hlbWFfdmVyc2lvbiI6IjEifQ==",
          "dependencies": [
            "data.mso_schema.existing",
            "mso_schema_template_anp.appprof_rcc_stretched",
            "mso_schema_template_bd.bd_smtp_svr",
            "mso_schema_template_vrf.vrf_rcc"
          ]
        }
      ]
    },
    {
      "mode": "managed",
      "type": "mso_schema_template_anp_epg",
      "name": "epg_syslog",
      "provider": "provider[\"registry.terraform.io/ciscodevnet/mso\"]",
      "instances": [
        {
          "schema_version": 1,
          "attributes": {
            "access_type": null,
            "anp_name": "AppProf-RCC",
            "bd_name": "BD-SYSLOG",
            "bd_schema_id": "66154ea5749a9abe118014de",
            "bd_template_name": "L2_Non-Stretched",
            "custom_service_type": null,
            "deployment_type": null,
            "description": "",
            "display_name": "EPG-SYSLOG",
            "epg_type": "application",
            "id": "66154ea5749a9abe118014de/templates/L2_Non-Stretched/anps/AppProf-RCC/epgs/EPG-SYSLOG",
            "intersite_multicast_source": false,
            "intra_epg": "unenforced",
            "name": "EPG-SYSLOG",
            "preferred_group": false,
            "proxy_arp": false,
            "schema_id": "66154ea5749a9abe118014de",
            "service_type": null,
            "template_name": "L2_Non-Stretched",
            "useg_epg": false,
            "uuid": "300f2c9b-1332-40d5-82fc-d928a05a5ee4",
            "vrf_name": null,
            "vrf_schema_id": null,
            "vrf_template_name": null
          },
          "sensitive_attributes": [],
          "identity_schema_version": 0,
          "private": "eyJzY2hlbWFfdmVyc2lvbiI6IjEifQ==",
          "dependencies": [
            "data.mso_schema.existing",
            "mso_schema_template_anp.appprof_rcc_non_stretched",
            "mso_schema_template_bd.bd_syslog",
            "mso_schema_template_vrf.vrf_rcc"
          ]
        }
      ]
    },
    {
      "mode": "managed",
      "type": "mso_schema_template_anp_epg",
      "name": "epg_vvoip_mgmt",
      "provider": "provider[\"registry.terraform.io/ciscodevnet/mso\"]",
      "instances": [
        {
          "schema_version": 1,
          "attributes": {
            "access_type": null,
            "anp_name": "AppProf-RCC",
            "bd_name": "BD-VVOIP-MGMT",
            "bd_schema_id": "66154ea5749a9abe118014de",
            "bd_template_name": "L2_Stretched",
            "custom_service_type": null,
            "deployment_type": null,
            "description": "",
            "display_name": "EPG-VVOIP-MGMT",
            "epg_type": "application",
            "id": "66154ea5749a9abe118014de/templates/L2_Stretched/anps/AppProf-RCC/epgs/EPG-VVOIP-MGMT",
            "intersite_multicast_source": false,
            "intra_epg": "unenforced",
            "name": "EPG-VVOIP-MGMT",
            "preferred_group": false,
            "proxy_arp": false,
            "schema_id": "66154ea5749a9abe118014de",
            "service_type": null,
            "template_name": "L2_Stretched",
            "useg_epg": false,
            "uuid": "e705ccf6-d5bc-4558-905c-5a0f152bdef1",
            "vrf_name": null,
            "vrf_schema_id": null,
            "vrf_template_name": null
          },
          "sensitive_attributes": [],
          "identity_schema_version": 0,
          "private": "eyJzY2hlbWFfdmVyc2lvbiI6IjEifQ==",
          "dependencies": [
            "data.mso_schema.existing",
            "mso_schema_template_anp.appprof_rcc_stretched",
            "mso_schema_template_bd.bd_vvoip_mgmt",
            "mso_schema_template_vrf.vrf_rcc"
          ]
        }
      ]
    },
    {
      "mode": "managed",
      "type": "mso_schema_template_anp_epg",
      "name": "epg_vvoip_proxy",
      "provider": "provider[\"registry.terraform.io/ciscodevnet/mso\"]",
      "instances": [
        {
          "schema_version": 1,
          "attributes": {
            "access_type": null,
            "anp_name": "AppProf-RCC",
            "bd_name": "BD-VVOIP-PROXY",
            "bd_schema_id": "66154ea5749a9abe118014de",
            "bd_template_name": "L2_Stretched",
            "custom_service_type": null,
            "deployment_type": null,
            "description": "",
            "display_name": "EPG-VVOIP-PROXY",
            "epg_type": "application",
            "id": "66154ea5749a9abe118014de/templates/L2_Stretched/anps/AppProf-RCC/epgs/EPG-VVOIP-PROXY",
            "intersite_multicast_source": false,
            "intra_epg": "unenforced",
            "name": "EPG-VVOIP-PROXY",
            "preferred_group": false,
            "proxy_arp": false,
            "schema_id": "66154ea5749a9abe118014de",
            "service_type": null,
            "template_name": "L2_Stretched",
            "useg_epg": false,
            "uuid": "2898b4b8-f1d5-4fd7-8a2b-dc9246761a03",
            "vrf_name": null,
            "vrf_schema_id": null,
            "vrf_template_name": null
          },
          "sensitive_attributes": [],
          "identity_schema_version": 0,
          "private": "eyJzY2hlbWFfdmVyc2lvbiI6IjEifQ==",
          "dependencies": [
            "data.mso_schema.existing",
            "mso_schema_template_anp.appprof_rcc_stretched",
            "mso_schema_template_bd.bd_vvoip_proxy",
            "mso_schema_template_vrf.vrf_rcc"
          ]
        }
      ]
    },
    {
      "mode": "managed",
      "type": "mso_schema_template_anp_epg",
      "name": "epg_web_svr",
      "provider": "provider[\"registry.terraform.io/ciscodevnet/mso\"]",
      "instances": [
        {
          "schema_version": 1,
          "attributes": {
            "access_type": null,
            "anp_name": "AppProf-RCC",
            "bd_name": "BD-WEB-SVR",
            "bd_schema_id": "66154ea5749a9abe118014de",
            "bd_template_name": "L2_Stretched",
            "custom_service_type": null,
            "deployment_type": null,
            "description": "",
            "display_name": "EPG-WEB-SVR",
            "epg_type": "application",
            "id": "66154ea5749a9abe118014de/templates/L2_Stretched/anps/AppProf-RCC/epgs/EPG-WEB-SVR",
            "intersite_multicast_source": false,
            "intra_epg": "unenforced",
            "name": "EPG-WEB-SVR",
            "preferred_group": false,
            "proxy_arp": false,
            "schema_id": "66154ea5749a9abe118014de",
            "service_type": null,
            "template_name": "L2_Stretched",
            "useg_epg": false,
            "uuid": "7a649fc8-be37-437a-9780-c240517f40b6",
            "vrf_name": null,
            "vrf_schema_id": null,
            "vrf_template_name": null
          },
          "sensitive_attributes": [],
          "identity_schema_version": 0,
          "private": "eyJzY2hlbWFfdmVyc2lvbiI6IjEifQ==",
          "dependencies": [
            "data.mso_schema.existing",
            "mso_schema_template_anp.appprof_rcc_stretched",
            "mso_schema_template_bd.bd_web_svr",
            "mso_schema_template_vrf.vrf_rcc"
          ]
        }
      ]
    },
    {
      "mode": "managed",
      "type": "mso_schema_template_bd",
      "name": "bd_acas_scanners",
      "provider": "provider[\"registry.terraform.io/ciscodevnet/mso\"]",
      "instances": [
        {
          "schema_version": 1,
          "attributes": {
            "arp_flooding": false,
            "description": "",
            "dhcp_policies": [],
            "dhcp_policy": {},
            "display_name": "BD-ACAS-SCANNERS",
            "ep_move_detection_mode": "none",
            "id": "BD-ACAS-SCANNERS",
            "intersite_bum_traffic": true,
            "ipv6_unknown_multicast_flooding": "flood",
            "layer2_stretch": true,
            "layer2_unknown_unicast": "proxy",
            "layer3_multicast": false,
            "multi_destination_flooding": "flood_in_bd",
            "name": "BD-ACAS-SCANNERS",
            "optimize_wan_bandwidth": true,
            "schema_id": "66154ea5749a9abe118014de",
            "template_name": "L2_Stretched",
            "unicast_routing": true,
            "unknown_multicast_flooding": "flood",
            "virtual_mac_address": "",
            "vrf_name": "VRF-RCC",
            "vrf_schema_id": "66154ea5749a9abe118014de",
            "vrf_template_name": "UpgradeTemplate1"
          },
          "sensitive_attributes": [],
          "identity_schema_version": 0,
          "private": "eyJzY2hlbWFfdmVyc2lvbiI6IjEifQ==",
          "dependencies": [
            "data.mso_schema.existing",
            "mso_schema_template_vrf.vrf_rcc"
          ]
        }
      ]
    },
    {
      "mode": "managed",
      "type": "mso_schema_template_bd",
      "name": "bd_ad",
      "provider": "provider[\"registry.terraform.io/ciscodevnet/mso\"]",
      "instances": [
        {
          "schema_version": 1,
          "attributes": {
            "arp_flooding": false,
            "description": "",
            "dhcp_policies": [],
            "dhcp_policy": {},
            "display_name": "BD-AD",
            "ep_move_detection_mode": "none",
            "id": "BD-AD",
            "intersite_bum_traffic": true,
            "ipv6_unknown_multicast_flooding": "flood",
            "layer2_stretch": true,
            "layer2_unknown_unicast": "proxy",
            "layer3_multicast": false,
            "multi_destination_flooding": "flood_in_bd",
            "name": "BD-AD",
            "optimize_wan_bandwidth": true,
            "schema_id": "66154ea5749a9abe118014de",
            "template_name": "L2_Stretched",
            "unicast_routing": true,
            "unknown_multicast_flooding": "flood",
            "virtual_mac_address": "",
            "vrf_name": "VRF-RCC",
            "vrf_schema_id": "66154ea5749a9abe118014de",
            "vrf_template_name": "UpgradeTemplate1"
          },
          "sensitive_attributes": [],
          "identity_schema_version": 0,
          "private": "eyJzY2hlbWFfdmVyc2lvbiI6IjEifQ==",
          "dependencies": [
            "data.mso_schema.existing",
            "mso_schema_template_vrf.vrf_rcc"
          ]
        }
      ]
    },
    {
      "mode": "managed",
      "type": "mso_schema_template_bd",
      "name": "bd_adfs",
      "provider": "provider[\"registry.terraform.io/ciscodevnet/mso\"]",
      "instances": [
        {
          "schema_version": 1,
          "attributes": {
            "arp_flooding": false,
            "description": "",
            "dhcp_policies": [],
            "dhcp_policy": {},
            "display_name": "BD-ADFS",
            "ep_move_detection_mode": "none",
            "id": "BD-ADFS",
            "intersite_bum_traffic": true,
            "ipv6_unknown_multicast_flooding": "flood",
            "layer2_stretch": true,
            "layer2_unknown_unicast": "proxy",
            "layer3_multicast": false,
            "multi_destination_flooding": "flood_in_bd",
            "name": "BD-ADFS",
            "optimize_wan_bandwidth": true,
            "schema_id": "66154ea5749a9abe118014de",
            "template_name": "L2_Stretched",
            "unicast_routing": true,
            "unknown_multicast_flooding": "flood",
            "virtual_mac_address": "",
            "vrf_name": "VRF-RCC",
            "vrf_schema_id": "66154ea5749a9abe118014de",
            "vrf_template_name": "UpgradeTemplate1"
          },
          "sensitive_attributes": [],
          "identity_schema_version": 0,
          "private": "eyJzY2hlbWFfdmVyc2lvbiI6IjEifQ==",
          "dependencies": [
            "data.mso_schema.existing",
            "mso_schema_template_vrf.vrf_rcc"
          ]
        }
      ]
    },
    {
      "mode": "managed",
      "type": "mso_schema_template_bd",
      "name": "bd_app_svr",
      "provider": "provider[\"registry.terraform.io/ciscodevnet/mso\"]",
      "instances": [
        {
          "schema_version": 1,
          "attributes": {
            "arp_flooding": false,
            "description": "",
            "dhcp_policies": [],
            "dhcp_policy": {},
            "display_name": "BD-APP-SVR",
            "ep_move_detection_mode": "none",
            "id": "BD-APP-SVR",
            "intersite_bum_traffic": true,
            "ipv6_unknown_multicast_flooding": "flood",
            "layer2_stretch": true,
            "layer2_unknown_unicast": "proxy",
            "layer3_multicast": false,
            "multi_destination_flooding": "flood_in_bd",
            "name": "BD-APP-SVR",
            "optimize_wan_bandwidth": true,
            "schema_id": "66154ea5749a9abe118014de",
            "template_name": "L2_Stretched",
            "unicast_routing": true,
            "unknown_multicast_flooding": "flood",
            "virtual_mac_address": "",
            "vrf_name": "VRF-RCC",
            "vrf_schema_id": "66154ea5749a9abe118014de",
            "vrf_template_name": "UpgradeTemplate1"
          },
          "sensitive_attributes": [],
          "identity_schema_version": 0,
          "private": "eyJzY2hlbWFfdmVyc2lvbiI6IjEifQ==",
          "dependencies": [
            "data.mso_schema.existing",
            "mso_schema_template_vrf.vrf_rcc"
          ]
        }
      ]
    },
    {
      "mode": "managed",
      "type": "mso_schema_template_bd",
      "name": "bd_backup_svr_k",
      "provider": "provider[\"registry.terraform.io/ciscodevnet/mso\"]",
      "instances": [
        {
          "schema_version": 1,
          "attributes": {
            "arp_flooding": false,
            "description": "",
            "dhcp_policies": [],
            "dhcp_policy": {},
            "display_name": "BD-BACKUP-SVR",
            "ep_move_detection_mode": "none",
            "id": "BD-BACKUP-SVR",
            "intersite_bum_traffic": false,
            "ipv6_unknown_multicast_flooding": "flood",
            "layer2_stretch": true,
            "layer2_unknown_unicast": "proxy",
            "layer3_multicast": false,
            "multi_destination_flooding": "flood_in_bd",
            "name": "BD-BACKUP-SVR",
            "optimize_wan_bandwidth": false,
            "schema_id": "66154ea5749a9abe118014de",
            "template_name": "K-Specific_Only",
            "unicast_routing": true,
            "unknown_multicast_flooding": "flood",
            "virtual_mac_address": "",
            "vrf_name": "VRF-RCC",
            "vrf_schema_id": "66154ea5749a9abe118014de",
            "vrf_template_name": "UpgradeTemplate1"
          },
          "sensitive_attributes": [],
          "identity_schema_version": 0,
          "private": "eyJzY2hlbWFfdmVyc2lvbiI6IjEifQ==",
          "dependencies": [
            "data.mso_schema.existing",
            "mso_schema_template_vrf.vrf_rcc"
          ]
        }
      ]
    },
    {
      "mode": "managed",
      "type": "mso_schema_template_bd",
      "name": "bd_c2c_scanners",
      "provider": "provider[\"registry.terraform.io/ciscodevnet/mso\"]",
      "instances": [
        {
          "schema_version": 1,
          "attributes": {
            "arp_flooding": false,
            "description": "",
            "dhcp_policies": [],
            "dhcp_policy": {},
            "display_name": "BD-C2C-SCANNERS",
            "ep_move_detection_mode": "none",
            "id": "BD-C2C-SCANNERS",
            "intersite_bum_traffic": true,
            "ipv6_unknown_multicast_flooding": "flood",
            "layer2_stretch": true,
            "layer2_unknown_unicast": "proxy",
            "layer3_multicast": false,
            "multi_destination_flooding": "flood_in_bd",
            "name": "BD-C2C-SCANNERS",
            "optimize_wan_bandwidth": true,
            "schema_id": "66154ea5749a9abe118014de",
            "template_name": "L2_Stretched",
            "unicast_routing": true,
            "unknown_multicast_flooding": "flood",
            "virtual_mac_address": "",
            "vrf_name": "VRF-RCC",
            "vrf_schema_id": "66154ea5749a9abe118014de",
            "vrf_template_name": "UpgradeTemplate1"
          },
          "sensitive_attributes": [],
          "identity_schema_version": 0,
          "private": "eyJzY2hlbWFfdmVyc2lvbiI6IjEifQ==",
          "dependencies": [
            "data.mso_schema.existing",
            "mso_schema_template_vrf.vrf_rcc"
          ]
        }
      ]
    },
    {
      "mode": "managed",
      "type": "mso_schema_template_bd",
      "name": "bd_cfg_mgmt",
      "provider": "provider[\"registry.terraform.io/ciscodevnet/mso\"]",
      "instances": [
        {
          "schema_version": 1,
          "attributes": {
            "arp_flooding": false,
            "description": "",
            "dhcp_policies": [],
            "dhcp_policy": {},
            "display_name": "BD-CFG-MGMT",
            "ep_move_detection_mode": "none",
            "id": "BD-CFG-MGMT",
            "intersite_bum_traffic": true,
            "ipv6_unknown_multicast_flooding": "flood",
            "layer2_stretch": true,
            "layer2_unknown_unicast": "proxy",
            "layer3_multicast": false,
            "multi_destination_flooding": "flood_in_bd",
            "name": "BD-CFG-MGMT",
            "optimize_wan_bandwidth": true,
            "schema_id": "66154ea5749a9abe118014de",
            "template_name": "L2_Stretched",
            "unicast_routing": true,
            "unknown_multicast_flooding": "flood",
            "virtual_mac_address": "",
            "vrf_name": "VRF-RCC",
            "vrf_schema_id": "66154ea5749a9abe118014de",
            "vrf_template_name": "UpgradeTemplate1"
          },
          "sensitive_attributes": [],
          "identity_schema_version": 0,
          "private": "eyJzY2hlbWFfdmVyc2lvbiI6IjEifQ==",
          "dependencies": [
            "data.mso_schema.existing",
            "mso_schema_template_vrf.vrf_rcc"
          ]
        }
      ]
    },
    {
      "mode": "managed",
      "type": "mso_schema_template_bd",
      "name": "bd_d64_proxy",
      "provider": "provider[\"registry.terraform.io/ciscodevnet/mso\"]",
      "instances": [
        {
          "schema_version": 1,
          "attributes": {
            "arp_flooding": false,
            "description": "",
            "dhcp_policies": [],
            "dhcp_policy": {},
            "display_name": "BD-D64-PROXY",
            "ep_move_detection_mode": "none",
            "id": "BD-D64-PROXY",
            "intersite_bum_traffic": true,
            "ipv6_unknown_multicast_flooding": "flood",
            "layer2_stretch": true,
            "layer2_unknown_unicast": "proxy",
            "layer3_multicast": false,
            "multi_destination_flooding": "flood_in_bd",
            "name": "BD-D64-PROXY",
            "optimize_wan_bandwidth": true,
            "schema_id": "66154ea5749a9abe118014de",
            "template_name": "L2_Stretched",
            "unicast_routing": true,
            "unknown_multicast_flooding": "flood",
            "virtual_mac_address": "",
            "vrf_name": "VRF-RCC",
            "vrf_schema_id": "66154ea5749a9abe118014de",
            "vrf_template_name": "UpgradeTemplate1"
          },
          "sensitive_attributes": [],
          "identity_schema_version": 0,
          "private": "eyJzY2hlbWFfdmVyc2lvbiI6IjEifQ==",
          "dependencies": [
            "data.mso_schema.existing",
            "mso_schema_template_vrf.vrf_rcc"
          ]
        }
      ]
    },
    {
      "mode": "managed",
      "type": "mso_schema_template_bd",
      "name": "bd_db_svr",
      "provider": "provider[\"registry.terraform.io/ciscodevnet/mso\"]",
      "instances": [
        {
          "schema_version": 1,
          "attributes": {
            "arp_flooding": false,
            "description": "",
            "dhcp_policies": [],
            "dhcp_policy": {},
            "display_name": "BD-DB-SVR",
            "ep_move_detection_mode": "none",
            "id": "BD-DB-SVR",
            "intersite_bum_traffic": false,
            "ipv6_unknown_multicast_flooding": "flood",
            "layer2_stretch": true,
            "layer2_unknown_unicast": "proxy",
            "layer3_multicast": false,
            "multi_destination_flooding": "flood_in_bd",
            "name": "BD-DB-SVR",
            "optimize_wan_bandwidth": false,
            "schema_id": "66154ea5749a9abe118014de",
            "template_name": "L2_Non-Stretched",
            "unicast_routing": true,
            "unknown_multicast_flooding": "flood",
            "virtual_mac_address": "",
            "vrf_name": "VRF-RCC",
            "vrf_schema_id": "66154ea5749a9abe118014de",
            "vrf_template_name": "UpgradeTemplate1"
          },
          "sensitive_attributes": [],
          "identity_schema_version": 0,
          "private": "eyJzY2hlbWFfdmVyc2lvbiI6IjEifQ==",
          "dependencies": [
            "data.mso_schema.existing",
            "mso_schema_template_vrf.vrf_rcc"
          ]
        }
      ]
    },
    {
      "mode": "managed",
      "type": "mso_schema_template_bd",
      "name": "bd_dhcp_svr",
      "provider": "provider[\"registry.terraform.io/ciscodevnet/mso\"]",
      "instances": [
        {
          "schema_version": 1,
          "attributes": {
            "arp_flooding": false,
            "description": "",
            "dhcp_policies": [],
            "dhcp_policy": {},
            "display_name": "BD-DHCP-SVR",
            "ep_move_detection_mode": "none",
            "id": "BD-DHCP-SVR",
            "intersite_bum_traffic": true,
            "ipv6_unknown_multicast_flooding": "flood",
            "layer2_stretch": true,
            "layer2_unknown_unicast": "proxy",
            "layer3_multicast": false,
            "multi_destination_flooding": "flood_in_bd",
            "name": "BD-DHCP-SVR",
            "optimize_wan_bandwidth": true,
            "schema_id": "66154ea5749a9abe118014de",
            "template_name": "L2_Stretched",
            "unicast_routing": true,
            "unknown_multicast_flooding": "flood",
            "virtual_mac_address": "",
            "vrf_name": "VRF-RCC",
            "vrf_schema_id": "66154ea5749a9abe118014de",
            "vrf_template_name": "UpgradeTemplate1"
          },
          "sensitive_attributes": [],
          "identity_schema_version": 0,
          "private": "eyJzY2hlbWFfdmVyc2lvbiI6IjEifQ==",
          "dependencies": [
            "data.mso_schema.existing",
            "mso_schema_template_vrf.vrf_rcc"
          ]
        }
      ]
    },
    {
      "mode": "managed",
      "type": "mso_schema_template_bd",
      "name": "bd_dns_mgmt",
      "provider": "provider[\"registry.terraform.io/ciscodevnet/mso\"]",
      "instances": [
        {
          "schema_version": 1,
          "attributes": {
            "arp_flooding": false,
            "description": "",
            "dhcp_policies": [],
            "dhcp_policy": {},
            "display_name": "BD-DNS-MGMT",
            "ep_move_detection_mode": "none",
            "id": "BD-DNS-MGMT",
            "intersite_bum_traffic": true,
            "ipv6_unknown_multicast_flooding": "flood",
            "layer2_stretch": true,
            "layer2_unknown_unicast": "proxy",
            "layer3_multicast": false,
            "multi_destination_flooding": "flood_in_bd",
            "name": "BD-DNS-MGMT",
            "optimize_wan_bandwidth": true,
            "schema_id": "66154ea5749a9abe118014de",
            "template_name": "L2_Stretched",
            "unicast_routing": true,
            "unknown_multicast_flooding": "flood",
            "virtual_mac_address": "",
            "vrf_name": "VRF-RCC",
            "vrf_schema_id": "66154ea5749a9abe118014de",
            "vrf_template_name": "UpgradeTemplate1"
          },
          "sensitive_attributes": [],
          "identity_schema_version": 0,
          "private": "eyJzY2hlbWFfdmVyc2lvbiI6IjEifQ==",
          "dependencies": [
            "data.mso_schema.existing",
            "mso_schema_template_vrf.vrf_rcc"
          ]
        }
      ]
    },
    {
      "mode": "managed",
      "type": "mso_schema_template_bd",
      "name": "bd_e911_svr",
      "provider": "provider[\"registry.terraform.io/ciscodevnet/mso\"]",
      "instances": [
        {
          "schema_version": 1,
          "attributes": {
            "arp_flooding": false,
            "description": "",
            "dhcp_policies": [],
            "dhcp_policy": {},
            "display_name": "BD-E911-SVR",
            "ep_move_detection_mode": "none",
            "id": "BD-E911-SVR",
            "intersite_bum_traffic": true,
            "ipv6_unknown_multicast_flooding": "flood",
            "layer2_stretch": true,
            "layer2_unknown_unicast": "proxy",
            "layer3_multicast": false,
            "multi_destination_flooding": "flood_in_bd",
            "name": "BD-E911-SVR",
            "optimize_wan_bandwidth": true,
            "schema_id": "66154ea5749a9abe118014de",
            "template_name": "L2_Stretched",
            "unicast_routing": true,
            "unknown_multicast_flooding": "flood",
            "virtual_mac_address": "",
            "vrf_name": "VRF-RCC",
            "vrf_schema_id": "66154ea5749a9abe118014de",
            "vrf_template_name": "UpgradeTemplate1"
          },
          "sensitive_attributes": [],
          "identity_schema_version": 0,
          "private": "eyJzY2hlbWFfdmVyc2lvbiI6IjEifQ==",
          "dependencies": [
            "data.mso_schema.existing",
            "mso_schema_template_vrf.vrf_rcc"
          ]
        }
      ]
    },
    {
      "mode": "managed",
      "type": "mso_schema_template_bd",
      "name": "bd_file_svr",
      "provider": "provider[\"registry.terraform.io/ciscodevnet/mso\"]",
      "instances": [
        {
          "schema_version": 1,
          "attributes": {
            "arp_flooding": false,
            "description": "",
            "dhcp_policies": [],
            "dhcp_policy": {},
            "display_name": "BD-FILE-SVR",
            "ep_move_detection_mode": "none",
            "id": "BD-FILE-SVR",
            "intersite_bum_traffic": true,
            "ipv6_unknown_multicast_flooding": "flood",
            "layer2_stretch": true,
            "layer2_unknown_unicast": "proxy",
            "layer3_multicast": false,
            "multi_destination_flooding": "flood_in_bd",
            "name": "BD-FILE-SVR",
            "optimize_wan_bandwidth": true,
            "schema_id": "66154ea5749a9abe118014de",
            "template_name": "L2_Stretched",
            "unicast_routing": true,
            "unknown_multicast_flooding": "flood",
            "virtual_mac_address": "",
            "vrf_name": "VRF-RCC",
            "vrf_schema_id": "66154ea5749a9abe118014de",
            "vrf_template_name": "UpgradeTemplate1"
          },
          "sensitive_attributes": [],
          "identity_schema_version": 0,
          "private": "eyJzY2hlbWFfdmVyc2lvbiI6IjEifQ==",
          "dependencies": [
            "data.mso_schema.existing",
            "mso_schema_template_vrf.vrf_rcc"
          ]
        }
      ]
    },
    {
      "mode": "managed",
      "type": "mso_schema_template_bd",
      "name": "bd_fmwr_svr",
      "provider": "provider[\"registry.terraform.io/ciscodevnet/mso\"]",
      "instances": [
        {
          "schema_version": 1,
          "attributes": {
            "arp_flooding": false,
            "description": "",
            "dhcp_policies": [],
            "dhcp_policy": {},
            "display_name": "BD-FMWR-SVR",
            "ep_move_detection_mode": "none",
            "id": "BD-FMWR-SVR",
            "intersite_bum_traffic": true,
            "ipv6_unknown_multicast_flooding": "flood",
            "layer2_stretch": true,
            "layer2_unknown_unicast": "proxy",
            "layer3_multicast": false,
            "multi_destination_flooding": "flood_in_bd",
            "name": "BD-FMWR-SVR",
            "optimize_wan_bandwidth": true,
            "schema_id": "66154ea5749a9abe118014de",
            "template_name": "L2_Stretched",
            "unicast_routing": true,
            "unknown_multicast_flooding": "flood",
            "virtual_mac_address": "",
            "vrf_name": "VRF-RCC",
            "vrf_schema_id": "66154ea5749a9abe118014de",
            "vrf_template_name": "UpgradeTemplate1"
          },
          "sensitive_attributes": [],
          "identity_schema_version": 0,
          "private": "eyJzY2hlbWFfdmVyc2lvbiI6IjEifQ==",
          "dependencies": [
            "data.mso_schema.existing",
            "mso_schema_template_vrf.vrf_rcc"
          ]
        }
      ]
    },
    {
      "mode": "managed",
      "type": "mso_schema_template_bd",
      "name": "bd_fweb_proxy",
      "provider": "provider[\"registry.terraform.io/ciscodevnet/mso\"]",
      "instances": [
        {
          "schema_version": 1,
          "attributes": {
            "arp_flooding": false,
            "description": "",
            "dhcp_policies": [],
            "dhcp_policy": {},
            "display_name": "BD-FWEB-PROXY",
            "ep_move_detection_mode": "none",
            "id": "BD-FWEB-PROXY",
            "intersite_bum_traffic": true,
            "ipv6_unknown_multicast_flooding": "flood",
            "layer2_stretch": true,
            "layer2_unknown_unicast": "proxy",
            "layer3_multicast": false,
            "multi_destination_flooding": "flood_in_bd",
            "name": "BD-FWEB-PROXY",
            "optimize_wan_bandwidth": true,
            "schema_id": "66154ea5749a9abe118014de",
            "template_name": "L2_Stretched",
            "unicast_routing": true,
            "unknown_multicast_flooding": "flood",
            "virtual_mac_address": "",
            "vrf_name": "VRF-RCC",
            "vrf_schema_id": "66154ea5749a9abe118014de",
            "vrf_template_name": "UpgradeTemplate1"
          },
          "sensitive_attributes": [],
          "identity_schema_version": 0,
          "private": "eyJzY2hlbWFfdmVyc2lvbiI6IjEifQ==",
          "dependencies": [
            "data.mso_schema.existing",
            "mso_schema_template_vrf.vrf_rcc"
          ]
        }
      ]
    },
    {
      "mode": "managed",
      "type": "mso_schema_template_bd",
      "name": "bd_gef_mgmt",
      "provider": "provider[\"registry.terraform.io/ciscodevnet/mso\"]",
      "instances": [
        {
          "schema_version": 1,
          "attributes": {
            "arp_flooding": false,
            "description": "",
            "dhcp_policies": [],
            "dhcp_policy": {},
            "display_name": "BD-GEF-MGMT",
            "ep_move_detection_mode": "none",
            "id": "BD-GEF-MGMT",
            "intersite_bum_traffic": false,
            "ipv6_unknown_multicast_flooding": "flood",
            "layer2_stretch": true,
            "layer2_unknown_unicast": "proxy",
            "layer3_multicast": false,
            "multi_destination_flooding": "flood_in_bd",
            "name": "BD-GEF-MGMT",
            "optimize_wan_bandwidth": false,
            "schema_id": "66154ea5749a9abe118014de",
            "template_name": "G-Specific_Only",
            "unicast_routing": true,
            "unknown_multicast_flooding": "flood",
            "virtual_mac_address": "",
            "vrf_name": "VRF-RCC",
            "vrf_schema_id": "66154ea5749a9abe118014de",
            "vrf_template_name": "UpgradeTemplate1"
          },
          "sensitive_attributes": [],
          "identity_schema_version": 0,
          "private": "eyJzY2hlbWFfdmVyc2lvbiI6IjEifQ==",
          "dependencies": [
            "data.mso_schema.existing",
            "mso_schema_template_vrf.vrf_rcc"
          ]
        }
      ]
    },
    {
      "mode": "managed",
      "type": "mso_schema_template_bd",
      "name": "bd_lb",
      "provider": "provider[\"registry.terraform.io/ciscodevnet/mso\"]",
      "instances": [
        {
          "schema_version": 1,
          "attributes": {
            "arp_flooding": false,
            "description": "",
            "dhcp_policies": [],
            "dhcp_policy": {},
            "display_name": "BD-LB",
            "ep_move_detection_mode": "none",
            "id": "BD-LB",
            "intersite_bum_traffic": true,
            "ipv6_unknown_multicast_flooding": "flood",
            "layer2_stretch": true,
            "layer2_unknown_unicast": "proxy",
            "layer3_multicast": false,
            "multi_destination_flooding": "flood_in_bd",
            "name": "BD-LB",
            "optimize_wan_bandwidth": true,
            "schema_id": "66154ea5749a9abe118014de",
            "template_name": "L2_Stretched",
            "unicast_routing": true,
            "unknown_multicast_flooding": "flood",
            "virtual_mac_address": "",
            "vrf_name": "VRF-RCC",
            "vrf_schema_id": "66154ea5749a9abe118014de",
            "vrf_template_name": "UpgradeTemplate1"
          },
          "sensitive_attributes": [],
          "identity_schema_version": 0,
          "private": "eyJzY2hlbWFfdmVyc2lvbiI6IjEifQ==",
          "dependencies": [
            "data.mso_schema.existing",
            "mso_schema_template_vrf.vrf_rcc"
          ]
        }
      ]
    },
    {
      "mode": "managed",
      "type": "mso_schema_template_bd",
      "name": "bd_lmr",
      "provider": "provider[\"registry.terraform.io/ciscodevnet/mso\"]",
      "instances": [
        {
          "schema_version": 1,
          "attributes": {
            "arp_flooding": false,
            "description": "",
            "dhcp_policies": [],
            "dhcp_policy": {},
            "display_name": "BD-LMR",
            "ep_move_detection_mode": "none",
            "id": "BD-LMR",
            "intersite_bum_traffic": true,
            "ipv6_unknown_multicast_flooding": "flood",
            "layer2_stretch": true,
            "layer2_unknown_unicast": "proxy",
            "layer3_multicast": false,
            "multi_destination_flooding": "flood_in_bd",
            "name": "BD-LMR",
            "optimize_wan_bandwidth": true,
            "schema_id": "66154ea5749a9abe118014de",
            "template_name": "L2_Stretched",
            "unicast_routing": true,
            "unknown_multicast_flooding": "flood",
            "virtual_mac_address": "",
            "vrf_name": "VRF-RCC",
            "vrf_schema_id": "66154ea5749a9abe118014de",
            "vrf_template_name": "UpgradeTemplate1"
          },
          "sensitive_attributes": [],
          "identity_schema_version": 0,
          "private": "eyJzY2hlbWFfdmVyc2lvbiI6IjEifQ==",
          "dependencies": [
            "data.mso_schema.existing",
            "mso_schema_template_vrf.vrf_rcc"
          ]
        }
      ]
    },
    {
      "mode": "managed",
      "type": "mso_schema_template_bd",
      "name": "bd_mecm",
      "provider": "provider[\"registry.terraform.io/ciscodevnet/mso\"]",
      "instances": [
        {
          "schema_version": 1,
          "attributes": {
            "arp_flooding": false,
            "description": "",
            "dhcp_policies": [],
            "dhcp_policy": {},
            "display_name": "BD-MECM",
            "ep_move_detection_mode": "none",
            "id": "BD-MECM",
            "intersite_bum_traffic": true,
            "ipv6_unknown_multicast_flooding": "flood",
            "layer2_stretch": true,
            "layer2_unknown_unicast": "proxy",
            "layer3_multicast": false,
            "multi_destination_flooding": "flood_in_bd",
            "name": "BD-MECM",
            "optimize_wan_bandwidth": true,
            "schema_id": "66154ea5749a9abe118014de",
            "template_name": "L2_Stretched",
            "unicast_routing": true,
            "unknown_multicast_flooding": "flood",
            "virtual_mac_address": "",
            "vrf_name": "VRF-RCC",
            "vrf_schema_id": "66154ea5749a9abe118014de",
            "vrf_template_name": "UpgradeTemplate1"
          },
          "sensitive_attributes": [],
          "identity_schema_version": 0,
          "private": "eyJzY2hlbWFfdmVyc2lvbiI6IjEifQ==",
          "dependencies": [
            "data.mso_schema.existing",
            "mso_schema_template_vrf.vrf_rcc"
          ]
        }
      ]
    },
    {
      "mode": "managed",
      "type": "mso_schema_template_bd",
      "name": "bd_nac",
      "provider": "provider[\"registry.terraform.io/ciscodevnet/mso\"]",
      "instances": [
        {
          "schema_version": 1,
          "attributes": {
            "arp_flooding": false,
            "description": "",
            "dhcp_policies": [],
            "dhcp_policy": {},
            "display_name": "BD-NAC",
            "ep_move_detection_mode": "none",
            "id": "BD-NAC",
            "intersite_bum_traffic": true,
            "ipv6_unknown_multicast_flooding": "flood",
            "layer2_stretch": true,
            "layer2_unknown_unicast": "proxy",
            "layer3_multicast": false,
            "multi_destination_flooding": "flood_in_bd",
            "name": "BD-NAC",
            "optimize_wan_bandwidth": true,
            "schema_id": "66154ea5749a9abe118014de",
            "template_name": "L2_Stretched",
            "unicast_routing": true,
            "unknown_multicast_flooding": "flood",
            "virtual_mac_address": "",
            "vrf_name": "VRF-RCC",
            "vrf_schema_id": "66154ea5749a9abe118014de",
            "vrf_template_name": "UpgradeTemplate1"
          },
          "sensitive_attributes": [],
          "identity_schema_version": 0,
          "private": "eyJzY2hlbWFfdmVyc2lvbiI6IjEifQ==",
          "dependencies": [
            "data.mso_schema.existing",
            "mso_schema_template_vrf.vrf_rcc"
          ]
        }
      ]
    },
    {
      "mode": "managed",
      "type": "mso_schema_template_bd",
      "name": "bd_ocsp",
      "provider": "provider[\"registry.terraform.io/ciscodevnet/mso\"]",
      "instances": [
        {
          "schema_version": 1,
          "attributes": {
            "arp_flooding": false,
            "description": "",
            "dhcp_policies": [],
            "dhcp_policy": {},
            "display_name": "BD-OCSP",
            "ep_move_detection_mode": "none",
            "id": "BD-OCSP",
            "intersite_bum_traffic": true,
            "ipv6_unknown_multicast_flooding": "flood",
            "layer2_stretch": true,
            "layer2_unknown_unicast": "proxy",
            "layer3_multicast": false,
            "multi_destination_flooding": "flood_in_bd",
            "name": "BD-OCSP",
            "optimize_wan_bandwidth": true,
            "schema_id": "66154ea5749a9abe118014de",
            "template_name": "L2_Stretched",
            "unicast_routing": true,
            "unknown_multicast_flooding": "flood",
            "virtual_mac_address": "",
            "vrf_name": "VRF-RCC",
            "vrf_schema_id": "66154ea5749a9abe118014de",
            "vrf_template_name": "UpgradeTemplate1"
          },
          "sensitive_attributes": [],
          "identity_schema_version": 0,
          "private": "eyJzY2hlbWFfdmVyc2lvbiI6IjEifQ==",
          "dependencies": [
            "data.mso_schema.existing",
            "mso_schema_template_vrf.vrf_rcc"
          ]
        }
      ]
    },
    {
      "mode": "managed",
      "type": "mso_schema_template_bd",
      "name": "bd_pki_srv",
      "provider": "provider[\"registry.terraform.io/ciscodevnet/mso\"]",
      "instances": [
        {
          "schema_version": 1,
          "attributes": {
            "arp_flooding": false,
            "description": "",
            "dhcp_policies": [],
            "dhcp_policy": {},
            "display_name": "BD-PKI-SRV",
            "ep_move_detection_mode": "none",
            "id": "BD-PKI-SRV",
            "intersite_bum_traffic": true,
            "ipv6_unknown_multicast_flooding": "flood",
            "layer2_stretch": true,
            "layer2_unknown_unicast": "proxy",
            "layer3_multicast": false,
            "multi_destination_flooding": "flood_in_bd",
            "name": "BD-PKI-SRV",
            "optimize_wan_bandwidth": true,
            "schema_id": "66154ea5749a9abe118014de",
            "template_name": "L2_Stretched",
            "unicast_routing": true,
            "unknown_multicast_flooding": "flood",
            "virtual_mac_address": "",
            "vrf_name": "VRF-RCC",
            "vrf_schema_id": "66154ea5749a9abe118014de",
            "vrf_template_name": "UpgradeTemplate1"
          },
          "sensitive_attributes": [],
          "identity_schema_version": 0,
          "private": "eyJzY2hlbWFfdmVyc2lvbiI6IjEifQ==",
          "dependencies": [
            "data.mso_schema.existing",
            "mso_schema_template_vrf.vrf_rcc"
          ]
        }
      ]
    },
    {
      "mode": "managed",
      "type": "mso_schema_template_bd",
      "name": "bd_print_svr",
      "provider": "provider[\"registry.terraform.io/ciscodevnet/mso\"]",
      "instances": [
        {
          "schema_version": 1,
          "attributes": {
            "arp_flooding": false,
            "description": "",
            "dhcp_policies": [],
            "dhcp_policy": {},
            "display_name": "BD-PRINT-SVR",
            "ep_move_detection_mode": "none",
            "id": "BD-PRINT-SVR",
            "intersite_bum_traffic": true,
            "ipv6_unknown_multicast_flooding": "flood",
            "layer2_stretch": true,
            "layer2_unknown_unicast": "proxy",
            "layer3_multicast": false,
            "multi_destination_flooding": "flood_in_bd",
            "name": "BD-PRINT-SVR",
            "optimize_wan_bandwidth": true,
            "schema_id": "66154ea5749a9abe118014de",
            "template_name": "L2_Stretched",
            "unicast_routing": true,
            "unknown_multicast_flooding": "flood",
            "virtual_mac_address": "",
            "vrf_name": "VRF-RCC",
            "vrf_schema_id": "66154ea5749a9abe118014de",
            "vrf_template_name": "UpgradeTemplate1"
          },
          "sensitive_attributes": [],
          "identity_schema_version": 0,
          "private": "eyJzY2hlbWFfdmVyc2lvbiI6IjEifQ==",
          "dependencies": [
            "data.mso_schema.existing",
            "mso_schema_template_vrf.vrf_rcc"
          ]
        }
      ]
    },
    {
      "mode": "managed",
      "type": "mso_schema_template_bd",
      "name": "bd_rcc_dco",
      "provider": "provider[\"registry.terraform.io/ciscodevnet/mso\"]",
      "instances": [
        {
          "schema_version": 1,
          "attributes": {
            "arp_flooding": false,
            "description": "",
            "dhcp_policies": [],
            "dhcp_policy": {},
            "display_name": "BD-RCC-DCO",
            "ep_move_detection_mode": "none",
            "id": "BD-RCC-DCO",
            "intersite_bum_traffic": true,
            "ipv6_unknown_multicast_flooding": "flood",
            "layer2_stretch": true,
            "layer2_unknown_unicast": "proxy",
            "layer3_multicast": false,
            "multi_destination_flooding": "flood_in_bd",
            "name": "BD-RCC-DCO",
            "optimize_wan_bandwidth": true,
            "schema_id": "66154ea5749a9abe118014de",
            "template_name": "L2_Stretched",
            "unicast_routing": true,
            "unknown_multicast_flooding": "flood",
            "virtual_mac_address": "",
            "vrf_name": "VRF-RCC",
            "vrf_schema_id": "66154ea5749a9abe118014de",
            "vrf_template_name": "UpgradeTemplate1"
          },
          "sensitive_attributes": [],
          "identity_schema_version": 0,
          "private": "eyJzY2hlbWFfdmVyc2lvbiI6IjEifQ==",
          "dependencies": [
            "data.mso_schema.existing",
            "mso_schema_template_vrf.vrf_rcc"
          ]
        }
      ]
    },
    {
      "mode": "managed",
      "type": "mso_schema_template_bd",
      "name": "bd_rcc_dns",
      "provider": "provider[\"registry.terraform.io/ciscodevnet/mso\"]",
      "instances": [
        {
          "schema_version": 1,
          "attributes": {
            "arp_flooding": false,
            "description": "",
            "dhcp_policies": [],
            "dhcp_policy": {},
            "display_name": "BD-RCC-DNS",
            "ep_move_detection_mode": "none",
            "id": "BD-RCC-DNS",
            "intersite_bum_traffic": true,
            "ipv6_unknown_multicast_flooding": "flood",
            "layer2_stretch": true,
            "layer2_unknown_unicast": "proxy",
            "layer3_multicast": false,
            "multi_destination_flooding": "flood_in_bd",
            "name": "BD-RCC-DNS",
            "optimize_wan_bandwidth": true,
            "schema_id": "66154ea5749a9abe118014de",
            "template_name": "L2_Stretched",
            "unicast_routing": true,
            "unknown_multicast_flooding": "flood",
            "virtual_mac_address": "",
            "vrf_name": "VRF-RCC",
            "vrf_schema_id": "66154ea5749a9abe118014de",
            "vrf_template_name": "UpgradeTemplate1"
          },
          "sensitive_attributes": [],
          "identity_schema_version": 0,
          "private": "eyJzY2hlbWFfdmVyc2lvbiI6IjEifQ==",
          "dependencies": [
            "data.mso_schema.existing",
            "mso_schema_template_vrf.vrf_rcc"
          ]
        }
      ]
    },
    {
      "mode": "managed",
      "type": "mso_schema_template_bd",
      "name": "bd_rcc_svr",
      "provider": "provider[\"registry.terraform.io/ciscodevnet/mso\"]",
      "instances": [
        {
          "schema_version": 1,
          "attributes": {
            "arp_flooding": false,
            "description": "",
            "dhcp_policies": [],
            "dhcp_policy": {},
            "display_name": "BD-RCC-SVR",
            "ep_move_detection_mode": "none",
            "id": "BD-RCC-SVR",
            "intersite_bum_traffic": true,
            "ipv6_unknown_multicast_flooding": "flood",
            "layer2_stretch": true,
            "layer2_unknown_unicast": "proxy",
            "layer3_multicast": false,
            "multi_destination_flooding": "flood_in_bd",
            "name": "BD-RCC-SVR",
            "optimize_wan_bandwidth": true,
            "schema_id": "66154ea5749a9abe118014de",
            "template_name": "L2_Stretched",
            "unicast_routing": true,
            "unknown_multicast_flooding": "flood",
            "virtual_mac_address": "",
            "vrf_name": "VRF-RCC",
            "vrf_schema_id": "66154ea5749a9abe118014de",
            "vrf_template_name": "UpgradeTemplate1"
          },
          "sensitive_attributes": [],
          "identity_schema_version": 0,
          "private": "eyJzY2hlbWFfdmVyc2lvbiI6IjEifQ==",
          "dependencies": [
            "data.mso_schema.existing",
            "mso_schema_template_vrf.vrf_rcc"
          ]
        }
      ]
    },
    {
      "mode": "managed",
      "type": "mso_schema_template_bd",
      "name": "bd_rcc_unix",
      "provider": "provider[\"registry.terraform.io/ciscodevnet/mso\"]",
      "instances": [
        {
          "schema_version": 1,
          "attributes": {
            "arp_flooding": false,
            "description": "",
            "dhcp_policies": [],
            "dhcp_policy": {},
            "display_name": "BD-RCC-UNIX",
            "ep_move_detection_mode": "none",
            "id": "BD-RCC-UNIX",
            "intersite_bum_traffic": true,
            "ipv6_unknown_multicast_flooding": "flood",
            "layer2_stretch": true,
            "layer2_unknown_unicast": "proxy",
            "layer3_multicast": false,
            "multi_destination_flooding": "flood_in_bd",
            "name": "BD-RCC-UNIX",
            "optimize_wan_bandwidth": true,
            "schema_id": "66154ea5749a9abe118014de",
            "template_name": "L2_Stretched",
            "unicast_routing": true,
            "unknown_multicast_flooding": "flood",
            "virtual_mac_address": "",
            "vrf_name": "VRF-RCC",
            "vrf_schema_id": "66154ea5749a9abe118014de",
            "vrf_template_name": "UpgradeTemplate1"
          },
          "sensitive_attributes": [],
          "identity_schema_version": 0,
          "private": "eyJzY2hlbWFfdmVyc2lvbiI6IjEifQ==",
          "dependencies": [
            "data.mso_schema.existing",
            "mso_schema_template_vrf.vrf_rcc"
          ]
        }
      ]
    },
    {
      "mode": "managed",
      "type": "mso_schema_template_bd",
      "name": "bd_rweb_proxy",
      "provider": "provider[\"registry.terraform.io/ciscodevnet/mso\"]",
      "instances": [
        {
          "schema_version": 1,
          "attributes": {
            "arp_flooding": false,
            "description": "",
            "dhcp_policies": [],
            "dhcp_policy": {},
            "display_name": "BD-RWEB-PROXY",
            "ep_move_detection_mode": "none",
            "id": "BD-RWEB-PROXY",
            "intersite_bum_traffic": true,
            "ipv6_unknown_multicast_flooding": "flood",
            "layer2_stretch": true,
            "layer2_unknown_unicast": "proxy",
            "layer3_multicast": false,
            "multi_destination_flooding": "flood_in_bd",
            "name": "BD-RWEB-PROXY",
            "optimize_wan_bandwidth": true,
            "schema_id": "66154ea5749a9abe118014de",
            "template_name": "L2_Stretched",
            "unicast_routing": true,
            "unknown_multicast_flooding": "flood",
            "virtual_mac_address": "",
            "vrf_name": "VRF-RCC",
            "vrf_schema_id": "66154ea5749a9abe118014de",
            "vrf_template_name": "UpgradeTemplate1"
          },
          "sensitive_attributes": [],
          "identity_schema_version": 0,
          "private": "eyJzY2hlbWFfdmVyc2lvbiI6IjEifQ==",
          "dependencies": [
            "data.mso_schema.existing",
            "mso_schema_template_vrf.vrf_rcc"
          ]
        }
      ]
    },
    {
      "mode": "managed",
      "type": "mso_schema_template_bd",
      "name": "bd_smtp_svr",
      "provider": "provider[\"registry.terraform.io/ciscodevnet/mso\"]",
      "instances": [
        {
          "schema_version": 1,
          "attributes": {
            "arp_flooding": false,
            "description": "",
            "dhcp_policies": [],
            "dhcp_policy": {},
            "display_name": "BD-SMTP-SVR",
            "ep_move_detection_mode": "none",
            "id": "BD-SMTP-SVR",
            "intersite_bum_traffic": true,
            "ipv6_unknown_multicast_flooding": "flood",
            "layer2_stretch": true,
            "layer2_unknown_unicast": "proxy",
            "layer3_multicast": false,
            "multi_destination_flooding": "flood_in_bd",
            "name": "BD-SMTP-SVR",
            "optimize_wan_bandwidth": true,
            "schema_id": "66154ea5749a9abe118014de",
            "template_name": "L2_Stretched",
            "unicast_routing": true,
            "unknown_multicast_flooding": "flood",
            "virtual_mac_address": "",
            "vrf_name": "VRF-RCC",
            "vrf_schema_id": "66154ea5749a9abe118014de",
            "vrf_template_name": "UpgradeTemplate1"
          },
          "sensitive_attributes": [],
          "identity_schema_version": 0,
          "private": "eyJzY2hlbWFfdmVyc2lvbiI6IjEifQ==",
          "dependencies": [
            "data.mso_schema.existing",
            "mso_schema_template_vrf.vrf_rcc"
          ]
        }
      ]
    },
    {
      "mode": "managed",
      "type": "mso_schema_template_bd",
      "name": "bd_syslog",
      "provider": "provider[\"registry.terraform.io/ciscodevnet/mso\"]",
      "instances": [
        {
          "schema_version": 1,
          "attributes": {
            "arp_flooding": false,
            "description": "",
            "dhcp_policies": [],
            "dhcp_policy": {},
            "display_name": "BD-SYSLOG",
            "ep_move_detection_mode": "none",
            "id": "BD-SYSLOG",
            "intersite_bum_traffic": false,
            "ipv6_unknown_multicast_flooding": "flood",
            "layer2_stretch": true,
            "layer2_unknown_unicast": "proxy",
            "layer3_multicast": false,
            "multi_destination_flooding": "flood_in_bd",
            "name": "BD-SYSLOG",
            "optimize_wan_bandwidth": false,
            "schema_id": "66154ea5749a9abe118014de",
            "template_name": "L2_Non-Stretched",
            "unicast_routing": true,
            "unknown_multicast_flooding": "flood",
            "virtual_mac_address": "",
            "vrf_name": "VRF-RCC",
            "vrf_schema_id": "66154ea5749a9abe118014de",
            "vrf_template_name": "UpgradeTemplate1"
          },
          "sensitive_attributes": [],
          "identity_schema_version": 0,
          "private": "eyJzY2hlbWFfdmVyc2lvbiI6IjEifQ==",
          "dependencies": [
            "data.mso_schema.existing",
            "mso_schema_template_vrf.vrf_rcc"
          ]
        }
      ]
    },
    {
      "mode": "managed",
      "type": "mso_schema_template_bd",
      "name": "bd_vvoip_mgmt",
      "provider": "provider[\"registry.terraform.io/ciscodevnet/mso\"]",
      "instances": [
        {
          "schema_version": 1,
          "attributes": {
            "arp_flooding": false,
            "description": "",
            "dhcp_policies": [],
            "dhcp_policy": {},
            "display_name": "BD-VVOIP-MGMT",
            "ep_move_detection_mode": "none",
            "id": "BD-VVOIP-MGMT",
            "intersite_bum_traffic": true,
            "ipv6_unknown_multicast_flooding": "flood",
            "layer2_stretch": true,
            "layer2_unknown_unicast": "proxy",
            "layer3_multicast": false,
            "multi_destination_flooding": "flood_in_bd",
            "name": "BD-VVOIP-MGMT",
            "optimize_wan_bandwidth": true,
            "schema_id": "66154ea5749a9abe118014de",
            "template_name": "L2_Stretched",
            "unicast_routing": true,
            "unknown_multicast_flooding": "flood",
            "virtual_mac_address": "",
            "vrf_name": "VRF-RCC",
            "vrf_schema_id": "66154ea5749a9abe118014de",
            "vrf_template_name": "UpgradeTemplate1"
          },
          "sensitive_attributes": [],
          "identity_schema_version": 0,
          "private": "eyJzY2hlbWFfdmVyc2lvbiI6IjEifQ==",
          "dependencies": [
            "data.mso_schema.existing",
            "mso_schema_template_vrf.vrf_rcc"
          ]
        }
      ]
    },
    {
      "mode": "managed",
      "type": "mso_schema_template_bd",
      "name": "bd_vvoip_proxy",
      "provider": "provider[\"registry.terraform.io/ciscodevnet/mso\"]",
      "instances": [
        {
          "schema_version": 1,
          "attributes": {
            "arp_flooding": false,
            "description": "",
            "dhcp_policies": [],
            "dhcp_policy": {},
            "display_name": "BD-VVOIP-PROXY",
            "ep_move_detection_mode": "none",
            "id": "BD-VVOIP-PROXY",
            "intersite_bum_traffic": true,
            "ipv6_unknown_multicast_flooding": "flood",
            "layer2_stretch": true,
            "layer2_unknown_unicast": "proxy",
            "layer3_multicast": false,
            "multi_destination_flooding": "flood_in_bd",
            "name": "BD-VVOIP-PROXY",
            "optimize_wan_bandwidth": true,
            "schema_id": "66154ea5749a9abe118014de",
            "template_name": "L2_Stretched",
            "unicast_routing": true,
            "unknown_multicast_flooding": "flood",
            "virtual_mac_address": "",
            "vrf_name": "VRF-RCC",
            "vrf_schema_id": "66154ea5749a9abe118014de",
            "vrf_template_name": "UpgradeTemplate1"
          },
          "sensitive_attributes": [],
          "identity_schema_version": 0,
          "private": "eyJzY2hlbWFfdmVyc2lvbiI6IjEifQ==",
          "dependencies": [
            "data.mso_schema.existing",
            "mso_schema_template_vrf.vrf_rcc"
          ]
        }
      ]
    },
    {
      "mode": "managed",
      "type": "mso_schema_template_bd",
      "name": "bd_web_svr",
      "provider": "provider[\"registry.terraform.io/ciscodevnet/mso\"]",
      "instances": [
        {
          "schema_version": 1,
          "attributes": {
            "arp_flooding": false,
            "description": "",
            "dhcp_policies": [],
            "dhcp_policy": {},
            "display_name": "BD-WEB-SVR",
            "ep_move_detection_mode": "none",
            "id": "BD-WEB-SVR",
            "intersite_bum_traffic": true,
            "ipv6_unknown_multicast_flooding": "flood",
            "layer2_stretch": true,
            "layer2_unknown_unicast": "proxy",
            "layer3_multicast": false,
            "multi_destination_flooding": "flood_in_bd",
            "name": "BD-WEB-SVR",
            "optimize_wan_bandwidth": true,
            "schema_id": "66154ea5749a9abe118014de",
            "template_name": "L2_Stretched",
            "unicast_routing": true,
            "unknown_multicast_flooding": "flood",
            "virtual_mac_address": "",
            "vrf_name": "VRF-RCC",
            "vrf_schema_id": "66154ea5749a9abe118014de",
            "vrf_template_name": "UpgradeTemplate1"
          },
          "sensitive_attributes": [],
          "identity_schema_version": 0,
          "private": "eyJzY2hlbWFfdmVyc2lvbiI6IjEifQ==",
          "dependencies": [
            "data.mso_schema.existing",
            "mso_schema_template_vrf.vrf_rcc"
          ]
        }
      ]
    },
    {
      "mode": "managed",
      "type": "mso_schema_template_bd_subnet",
      "name": "bd_acas_scanners_subnet",
      "provider": "provider[\"registry.terraform.io/ciscodevnet/mso\"]",
      "instances": [
        {
          "schema_version": 1,
          "attributes": {
            "bd_name": "BD-ACAS-SCANNERS",
            "description": "",
            "id": "fd00:10:40:c0::1",
            "ip": "fd00:10:40:c0::1/64",
            "no_default_gateway": false,
            "primary": false,
            "querier": false,
            "schema_id": "66154ea5749a9abe118014de",
            "scope": "public",
            "shared": true,
            "template_name": "L2_Stretched",
            "virtual": false
          },
          "sensitive_attributes": [],
          "identity_schema_version": 0,
          "private": "eyJzY2hlbWFfdmVyc2lvbiI6IjEifQ==",
          "dependencies": [
            "data.mso_schema.existing",
            "mso_schema_template_bd.bd_acas_scanners",
            "mso_schema_template_vrf.vrf_rcc"
          ]
        }
      ]
    },
    {
      "mode": "managed",
      "type": "mso_schema_template_bd_subnet",
      "name": "bd_ad_subnet",
      "provider": "provider[\"registry.terraform.io/ciscodevnet/mso\"]",
      "instances": [
        {
          "schema_version": 1,
          "attributes": {
            "bd_name": "BD-AD",
            "description": "",
            "id": "fd00:10:50:ad::1",
            "ip": "fd00:10:50:ad::1/64",
            "no_default_gateway": false,
            "primary": false,
            "querier": false,
            "schema_id": "66154ea5749a9abe118014de",
            "scope": "public",
            "shared": true,
            "template_name": "L2_Stretched",
            "virtual": false
          },
          "sensitive_attributes": [],
          "identity_schema_version": 0,
          "private": "eyJzY2hlbWFfdmVyc2lvbiI6IjEifQ==",
          "dependencies": [
            "data.mso_schema.existing",
            "mso_schema_template_bd.bd_ad",
            "mso_schema_template_vrf.vrf_rcc"
          ]
        }
      ]
    },
    {
      "mode": "managed",
      "type": "mso_schema_template_bd_subnet",
      "name": "bd_adfs_subnet",
      "provider": "provider[\"registry.terraform.io/ciscodevnet/mso\"]",
      "instances": [
        {
          "schema_version": 1,
          "attributes": {
            "bd_name": "BD-ADFS",
            "description": "",
            "id": "fd00:10:50:af::1",
            "ip": "fd00:10:50:af::1/64",
            "no_default_gateway": false,
            "primary": false,
            "querier": false,
            "schema_id": "66154ea5749a9abe118014de",
            "scope": "public",
            "shared": true,
            "template_name": "L2_Stretched",
            "virtual": false
          },
          "sensitive_attributes": [],
          "identity_schema_version": 0,
          "private": "eyJzY2hlbWFfdmVyc2lvbiI6IjEifQ==",
          "dependencies": [
            "data.mso_schema.existing",
            "mso_schema_template_bd.bd_adfs",
            "mso_schema_template_vrf.vrf_rcc"
          ]
        }
      ]
    },
    {
      "mode": "managed",
      "type": "mso_schema_template_bd_subnet",
      "name": "bd_app_svr_subnet",
      "provider": "provider[\"registry.terraform.io/ciscodevnet/mso\"]",
      "instances": [
        {
          "schema_version": 1,
          "attributes": {
            "bd_name": "BD-APP-SVR",
            "description": "",
            "id": "fd00:10:70:e0::1",
            "ip": "fd00:10:70:e0::1/64",
            "no_default_gateway": false,
            "primary": false,
            "querier": false,
            "schema_id": "66154ea5749a9abe118014de",
            "scope": "public",
            "shared": true,
            "template_name": "L2_Stretched",
            "virtual": false
          },
          "sensitive_attributes": [],
          "identity_schema_version": 0,
          "private": "eyJzY2hlbWFfdmVyc2lvbiI6IjEifQ==",
          "dependencies": [
            "data.mso_schema.existing",
            "mso_schema_template_bd.bd_app_svr",
            "mso_schema_template_vrf.vrf_rcc"
          ]
        }
      ]
    },
    {
      "mode": "managed",
      "type": "mso_schema_template_bd_subnet",
      "name": "bd_backup_svr_k_subnet",
      "provider": "provider[\"registry.terraform.io/ciscodevnet/mso\"]",
      "instances": [
        {
          "schema_version": 1,
          "attributes": {
            "bd_name": "BD-BACKUP-SVR",
            "description": "",
            "id": "fd00:10:90:dd::1",
            "ip": "fd00:10:90:dd::1/64",
            "no_default_gateway": false,
            "primary": false,
            "querier": false,
            "schema_id": "66154ea5749a9abe118014de",
            "scope": "public",
            "shared": true,
            "template_name": "K-Specific_Only",
            "virtual": false
          },
          "sensitive_attributes": [],
          "identity_schema_version": 0,
          "private": "eyJzY2hlbWFfdmVyc2lvbiI6IjEifQ==",
          "dependencies": [
            "data.mso_schema.existing",
            "mso_schema_template_bd.bd_backup_svr_k",
            "mso_schema_template_vrf.vrf_rcc"
          ]
        }
      ]
    },
    {
      "mode": "managed",
      "type": "mso_schema_template_bd_subnet",
      "name": "bd_c2c_scanners_subnet",
      "provider": "provider[\"registry.terraform.io/ciscodevnet/mso\"]",
      "instances": [
        {
          "schema_version": 1,
          "attributes": {
            "bd_name": "BD-C2C-SCANNERS",
            "description": "",
            "id": "fd00:10:40:c1::1",
            "ip": "fd00:10:40:c1::1/64",
            "no_default_gateway": false,
            "primary": false,
            "querier": false,
            "schema_id": "66154ea5749a9abe118014de",
            "scope": "public",
            "shared": true,
            "template_name": "L2_Stretched",
            "virtual": false
          },
          "sensitive_attributes": [],
          "identity_schema_version": 0,
          "private": "eyJzY2hlbWFfdmVyc2lvbiI6IjEifQ==",
          "dependencies": [
            "data.mso_schema.existing",
            "mso_schema_template_bd.bd_c2c_scanners",
            "mso_schema_template_vrf.vrf_rcc"
          ]
        }
      ]
    },
    {
      "mode": "managed",
      "type": "mso_schema_template_bd_subnet",
      "name": "bd_cfg_mgmt_subnet",
      "provider": "provider[\"registry.terraform.io/ciscodevnet/mso\"]",
      "instances": [
        {
          "schema_version": 1,
          "attributes": {
            "bd_name": "BD-CFG-MGMT",
            "description": "",
            "id": "fd00:10:10:69::1",
            "ip": "fd00:10:10:69::1/64",
            "no_default_gateway": false,
            "primary": false,
            "querier": false,
            "schema_id": "66154ea5749a9abe118014de",
            "scope": "public",
            "shared": true,
            "template_name": "L2_Stretched",
            "virtual": false
          },
          "sensitive_attributes": [],
          "identity_schema_version": 0,
          "private": "eyJzY2hlbWFfdmVyc2lvbiI6IjEifQ==",
          "dependencies": [
            "data.mso_schema.existing",
            "mso_schema_template_bd.bd_cfg_mgmt",
            "mso_schema_template_vrf.vrf_rcc"
          ]
        }
      ]
    },
    {
      "mode": "managed",
      "type": "mso_schema_template_bd_subnet",
      "name": "bd_d64_proxy_subnet",
      "provider": "provider[\"registry.terraform.io/ciscodevnet/mso\"]",
      "instances": [
        {
          "schema_version": 1,
          "attributes": {
            "bd_name": "BD-D64-PROXY",
            "description": "",
            "id": "fd00:10:60:d6::1",
            "ip": "fd00:10:60:d6::1/64",
            "no_default_gateway": false,
            "primary": false,
            "querier": false,
            "schema_id": "66154ea5749a9abe118014de",
            "scope": "public",
            "shared": true,
            "template_name": "L2_Stretched",
            "virtual": false
          },
          "sensitive_attributes": [],
          "identity_schema_version": 0,
          "private": "eyJzY2hlbWFfdmVyc2lvbiI6IjEifQ==",
          "dependencies": [
            "data.mso_schema.existing",
            "mso_schema_template_bd.bd_d64_proxy",
            "mso_schema_template_vrf.vrf_rcc"
          ]
        }
      ]
    },
    {
      "mode": "managed",
      "type": "mso_schema_template_bd_subnet",
      "name": "bd_db_svr_subnet",
      "provider": "provider[\"registry.terraform.io/ciscodevnet/mso\"]",
      "instances": [
        {
          "schema_version": 1,
          "attributes": {
            "bd_name": "BD-DB-SVR",
            "description": "",
            "id": "fd00:10:a0:db::1",
            "ip": "fd00:10:a0:db::1/64",
            "no_default_gateway": false,
            "primary": false,
            "querier": false,
            "schema_id": "66154ea5749a9abe118014de",
            "scope": "public",
            "shared": true,
            "template_name": "L2_Non-Stretched",
            "virtual": false
          },
          "sensitive_attributes": [],
          "identity_schema_version": 0,
          "private": "eyJzY2hlbWFfdmVyc2lvbiI6IjEifQ==",
          "dependencies": [
            "data.mso_schema.existing",
            "mso_schema_template_bd.bd_db_svr",
            "mso_schema_template_vrf.vrf_rcc"
          ]
        }
      ]
    },
    {
      "mode": "managed",
      "type": "mso_schema_template_bd_subnet",
      "name": "bd_dhcp_svr_subnet",
      "provider": "provider[\"registry.terraform.io/ciscodevnet/mso\"]",
      "instances": [
        {
          "schema_version": 1,
          "attributes": {
            "bd_name": "BD-DHCP-SVR",
            "description": "",
            "id": "fd00:10:20:d2::1",
            "ip": "fd00:10:20:d2::1/64",
            "no_default_gateway": false,
            "primary": false,
            "querier": false,
            "schema_id": "66154ea5749a9abe118014de",
            "scope": "public",
            "shared": true,
            "template_name": "L2_Stretched",
            "virtual": false
          },
          "sensitive_attributes": [],
          "identity_schema_version": 0,
          "private": "eyJzY2hlbWFfdmVyc2lvbiI6IjEifQ==",
          "dependencies": [
            "data.mso_schema.existing",
            "mso_schema_template_bd.bd_dhcp_svr",
            "mso_schema_template_vrf.vrf_rcc"
          ]
        }
      ]
    },
    {
      "mode": "managed",
      "type": "mso_schema_template_bd_subnet",
      "name": "bd_dns_mgmt_subnet",
      "provider": "provider[\"registry.terraform.io/ciscodevnet/mso\"]",
      "instances": [
        {
          "schema_version": 1,
          "attributes": {
            "bd_name": "BD-DNS-MGMT",
            "description": "",
            "id": "fd00:10:20:53::1",
            "ip": "fd00:10:20:53::1/64",
            "no_default_gateway": false,
            "primary": false,
            "querier": false,
            "schema_id": "66154ea5749a9abe118014de",
            "scope": "public",
            "shared": true,
            "template_name": "L2_Stretched",
            "virtual": false
          },
          "sensitive_attributes": [],
          "identity_schema_version": 0,
          "private": "eyJzY2hlbWFfdmVyc2lvbiI6IjEifQ==",
          "dependencies": [
            "data.mso_schema.existing",
            "mso_schema_template_bd.bd_dns_mgmt",
            "mso_schema_template_vrf.vrf_rcc"
          ]
        }
      ]
    },
    {
      "mode": "managed",
      "type": "mso_schema_template_bd_subnet",
      "name": "bd_e911_svr_subnet",
      "provider": "provider[\"registry.terraform.io/ciscodevnet/mso\"]",
      "instances": [
        {
          "schema_version": 1,
          "attributes": {
            "bd_name": "BD-E911-SVR",
            "description": "",
            "id": "fd00:10:30:e9::1",
            "ip": "fd00:10:30:e9::1/64",
            "no_default_gateway": false,
            "primary": false,
            "querier": false,
            "schema_id": "66154ea5749a9abe118014de",
            "scope": "public",
            "shared": true,
            "template_name": "L2_Stretched",
            "virtual": false
          },
          "sensitive_attributes": [],
          "identity_schema_version": 0,
          "private": "eyJzY2hlbWFfdmVyc2lvbiI6IjEifQ==",
          "dependencies": [
            "data.mso_schema.existing",
            "mso_schema_template_bd.bd_e911_svr",
            "mso_schema_template_vrf.vrf_rcc"
          ]
        }
      ]
    },
    {
      "mode": "managed",
      "type": "mso_schema_template_bd_subnet",
      "name": "bd_file_svr_subnet",
      "provider": "provider[\"registry.terraform.io/ciscodevnet/mso\"]",
      "instances": [
        {
          "schema_version": 1,
          "attributes": {
            "bd_name": "BD-FILE-SVR",
            "description": "",
            "id": "fd00:10:90:d1::1",
            "ip": "fd00:10:90:d1::1/64",
            "no_default_gateway": false,
            "primary": false,
            "querier": false,
            "schema_id": "66154ea5749a9abe118014de",
            "scope": "public",
            "shared": true,
            "template_name": "L2_Stretched",
            "virtual": false
          },
          "sensitive_attributes": [],
          "identity_schema_version": 0,
          "private": "eyJzY2hlbWFfdmVyc2lvbiI6IjEifQ==",
          "dependencies": [
            "data.mso_schema.existing",
            "mso_schema_template_bd.bd_file_svr",
            "mso_schema_template_vrf.vrf_rcc"
          ]
        }
      ]
    },
    {
      "mode": "managed",
      "type": "mso_schema_template_bd_subnet",
      "name": "bd_fmwr_svr_subnet",
      "provider": "provider[\"registry.terraform.io/ciscodevnet/mso\"]",
      "instances": [
        {
          "schema_version": 1,
          "attributes": {
            "bd_name": "BD-FMWR-SVR",
            "description": "",
            "id": "fd00:10:70:e3::1",
            "ip": "fd00:10:70:e3::1/64",
            "no_default_gateway": false,
            "primary": false,
            "querier": false,
            "schema_id": "66154ea5749a9abe118014de",
            "scope": "public",
            "shared": true,
            "template_name": "L2_Stretched",
            "virtual": false
          },
          "sensitive_attributes": [],
          "identity_schema_version": 0,
          "private": "eyJzY2hlbWFfdmVyc2lvbiI6IjEifQ==",
          "dependencies": [
            "data.mso_schema.existing",
            "mso_schema_template_bd.bd_fmwr_svr",
            "mso_schema_template_vrf.vrf_rcc"
          ]
        }
      ]
    },
    {
      "mode": "managed",
      "type": "mso_schema_template_bd_subnet",
      "name": "bd_fweb_proxy_subnet",
      "provider": "provider[\"registry.terraform.io/ciscodevnet/mso\"]",
      "instances": [
        {
          "schema_version": 1,
          "attributes": {
            "bd_name": "BD-FWEB-PROXY",
            "description": "",
            "id": "fd00:10:60:d8::1",
            "ip": "fd00:10:60:d8::1/64",
            "no_default_gateway": false,
            "primary": false,
            "querier": false,
            "schema_id": "66154ea5749a9abe118014de",
            "scope": "public",
            "shared": true,
            "template_name": "L2_Stretched",
            "virtual": false
          },
          "sensitive_attributes": [],
          "identity_schema_version": 0,
          "private": "eyJzY2hlbWFfdmVyc2lvbiI6IjEifQ==",
          "dependencies": [
            "data.mso_schema.existing",
            "mso_schema_template_bd.bd_fweb_proxy",
            "mso_schema_template_vrf.vrf_rcc"
          ]
        }
      ]
    },
    {
      "mode": "managed",
      "type": "mso_schema_template_bd_subnet",
      "name": "bd_gef_mgmt_subnet",
      "provider": "provider[\"registry.terraform.io/ciscodevnet/mso\"]",
      "instances": [
        {
          "schema_version": 1,
          "attributes": {
            "bd_name": "BD-GEF-MGMT",
            "description": "",
            "id": "fd00:10:10:ef::1",
            "ip": "fd00:10:10:ef::1/64",
            "no_default_gateway": false,
            "primary": false,
            "querier": false,
            "schema_id": "66154ea5749a9abe118014de",
            "scope": "public",
            "shared": true,
            "template_name": "G-Specific_Only",
            "virtual": false
          },
          "sensitive_attributes": [],
          "identity_schema_version": 0,
          "private": "eyJzY2hlbWFfdmVyc2lvbiI6IjEifQ==",
          "dependencies": [
            "data.mso_schema.existing",
            "mso_schema_template_bd.bd_gef_mgmt",
            "mso_schema_template_vrf.vrf_rcc"
          ]
        }
      ]
    },
    {
      "mode": "managed",
      "type": "mso_schema_template_bd_subnet",
      "name": "bd_lb_subnet",
      "provider": "provider[\"registry.terraform.io/ciscodevnet/mso\"]",
      "instances": [
        {
          "schema_version": 1,
          "attributes": {
            "bd_name": "BD-LB",
            "description": "",
            "id": "fd00:10:20:1b::1",
            "ip": "fd00:10:20:1b::1/64",
            "no_default_gateway": false,
            "primary": false,
            "querier": false,
            "schema_id": "66154ea5749a9abe118014de",
            "scope": "public",
            "shared": true,
            "template_name": "L2_Stretched",
            "virtual": false
          },
          "sensitive_attributes": [],
          "identity_schema_version": 0,
          "private": "eyJzY2hlbWFfdmVyc2lvbiI6IjEifQ==",
          "dependencies": [
            "data.mso_schema.existing",
            "mso_schema_template_bd.bd_lb",
            "mso_schema_template_vrf.vrf_rcc"
          ]
        }
      ]
    },
    {
      "mode": "managed",
      "type": "mso_schema_template_bd_subnet",
      "name": "bd_lmr_subnet",
      "provider": "provider[\"registry.terraform.io/ciscodevnet/mso\"]",
      "instances": [
        {
          "schema_version": 1,
          "attributes": {
            "bd_name": "BD-LMR",
            "description": "",
            "id": "fd00:10:30:cb::1",
            "ip": "fd00:10:30:cb::1/64",
            "no_default_gateway": false,
            "primary": false,
            "querier": false,
            "schema_id": "66154ea5749a9abe118014de",
            "scope": "public",
            "shared": true,
            "template_name": "L2_Stretched",
            "virtual": false
          },
          "sensitive_attributes": [],
          "identity_schema_version": 0,
          "private": "eyJzY2hlbWFfdmVyc2lvbiI6IjEifQ==",
          "dependencies": [
            "data.mso_schema.existing",
            "mso_schema_template_bd.bd_lmr",
            "mso_schema_template_vrf.vrf_rcc"
          ]
        }
      ]
    },
    {
      "mode": "managed",
      "type": "mso_schema_template_bd_subnet",
      "name": "bd_mecm_subnet",
      "provider": "provider[\"registry.terraform.io/ciscodevnet/mso\"]",
      "instances": [
        {
          "schema_version": 1,
          "attributes": {
            "bd_name": "BD-MECM",
            "description": "",
            "id": "fd00:10:10:ec::1",
            "ip": "fd00:10:10:ec::1/64",
            "no_default_gateway": false,
            "primary": false,
            "querier": false,
            "schema_id": "66154ea5749a9abe118014de",
            "scope": "public",
            "shared": true,
            "template_name": "L2_Stretched",
            "virtual": false
          },
          "sensitive_attributes": [],
          "identity_schema_version": 0,
          "private": "eyJzY2hlbWFfdmVyc2lvbiI6IjEifQ==",
          "dependencies": [
            "data.mso_schema.existing",
            "mso_schema_template_bd.bd_mecm",
            "mso_schema_template_vrf.vrf_rcc"
          ]
        }
      ]
    },
    {
      "mode": "managed",
      "type": "mso_schema_template_bd_subnet",
      "name": "bd_nac_subnet",
      "provider": "provider[\"registry.terraform.io/ciscodevnet/mso\"]",
      "instances": [
        {
          "schema_version": 1,
          "attributes": {
            "bd_name": "BD-NAC",
            "description": "",
            "id": "fd00:10:10:15::1",
            "ip": "fd00:10:10:15::1/64",
            "no_default_gateway": false,
            "primary": false,
            "querier": false,
            "schema_id": "66154ea5749a9abe118014de",
            "scope": "public",
            "shared": true,
            "template_name": "L2_Stretched",
            "virtual": false
          },
          "sensitive_attributes": [],
          "identity_schema_version": 0,
          "private": "eyJzY2hlbWFfdmVyc2lvbiI6IjEifQ==",
          "dependencies": [
            "data.mso_schema.existing",
            "mso_schema_template_bd.bd_nac",
            "mso_schema_template_vrf.vrf_rcc"
          ]
        }
      ]
    },
    {
      "mode": "managed",
      "type": "mso_schema_template_bd_subnet",
      "name": "bd_ocsp_subnet",
      "provider": "provider[\"registry.terraform.io/ciscodevnet/mso\"]",
      "instances": [
        {
          "schema_version": 1,
          "attributes": {
            "bd_name": "BD-OCSP",
            "description": "",
            "id": "fd00:10:40:c5::1",
            "ip": "fd00:10:40:c5::1/64",
            "no_default_gateway": false,
            "primary": false,
            "querier": false,
            "schema_id": "66154ea5749a9abe118014de",
            "scope": "public",
            "shared": true,
            "template_name": "L2_Stretched",
            "virtual": false
          },
          "sensitive_attributes": [],
          "identity_schema_version": 0,
          "private": "eyJzY2hlbWFfdmVyc2lvbiI6IjEifQ==",
          "dependencies": [
            "data.mso_schema.existing",
            "mso_schema_template_bd.bd_ocsp",
            "mso_schema_template_vrf.vrf_rcc"
          ]
        }
      ]
    },
    {
      "mode": "managed",
      "type": "mso_schema_template_bd_subnet",
      "name": "bd_pki_srv_subnet",
      "provider": "provider[\"registry.terraform.io/ciscodevnet/mso\"]",
      "instances": [
        {
          "schema_version": 1,
          "attributes": {
            "bd_name": "BD-PKI-SRV",
            "description": "",
            "id": "fd00:10:40:ca::1",
            "ip": "fd00:10:40:ca::1/64",
            "no_default_gateway": false,
            "primary": false,
            "querier": false,
            "schema_id": "66154ea5749a9abe118014de",
            "scope": "public",
            "shared": true,
            "template_name": "L2_Stretched",
            "virtual": false
          },
          "sensitive_attributes": [],
          "identity_schema_version": 0,
          "private": "eyJzY2hlbWFfdmVyc2lvbiI6IjEifQ==",
          "dependencies": [
            "data.mso_schema.existing",
            "mso_schema_template_bd.bd_pki_srv",
            "mso_schema_template_vrf.vrf_rcc"
          ]
        }
      ]
    },
    {
      "mode": "managed",
      "type": "mso_schema_template_bd_subnet",
      "name": "bd_print_svr_subnet",
      "provider": "provider[\"registry.terraform.io/ciscodevnet/mso\"]",
      "instances": [
        {
          "schema_version": 1,
          "attributes": {
            "bd_name": "BD-PRINT-SVR",
            "description": "",
            "id": "fd00:10:90:d0::1",
            "ip": "fd00:10:90:d0::1/64",
            "no_default_gateway": false,
            "primary": false,
            "querier": false,
            "schema_id": "66154ea5749a9abe118014de",
            "scope": "public",
            "shared": true,
            "template_name": "L2_Stretched",
            "virtual": false
          },
          "sensitive_attributes": [],
          "identity_schema_version": 0,
          "private": "eyJzY2hlbWFfdmVyc2lvbiI6IjEifQ==",
          "dependencies": [
            "data.mso_schema.existing",
            "mso_schema_template_bd.bd_print_svr",
            "mso_schema_template_vrf.vrf_rcc"
          ]
        }
      ]
    },
    {
      "mode": "managed",
      "type": "mso_schema_template_bd_subnet",
      "name": "bd_rcc_dco_subnet",
      "provider": "provider[\"registry.terraform.io/ciscodevnet/mso\"]",
      "instances": [
        {
          "schema_version": 1,
          "attributes": {
            "bd_name": "BD-RCC-DCO",
            "description": "",
            "id": "fd00:10:80:be::1",
            "ip": "fd00:10:80:be::1/64",
            "no_default_gateway": false,
            "primary": false,
            "querier": false,
            "schema_id": "66154ea5749a9abe118014de",
            "scope": "public",
            "shared": true,
            "template_name": "L2_Stretched",
            "virtual": false
          },
          "sensitive_attributes": [],
          "identity_schema_version": 0,
          "private": "eyJzY2hlbWFfdmVyc2lvbiI6IjEifQ==",
          "dependencies": [
            "data.mso_schema.existing",
            "mso_schema_template_bd.bd_rcc_dco",
            "mso_schema_template_vrf.vrf_rcc"
          ]
        }
      ]
    },
    {
      "mode": "managed",
      "type": "mso_schema_template_bd_subnet",
      "name": "bd_rcc_dns_subnet",
      "provider": "provider[\"registry.terraform.io/ciscodevnet/mso\"]",
      "instances": [
        {
          "schema_version": 1,
          "attributes": {
            "bd_name": "BD-RCC-DNS",
            "description": "",
            "id": "fd00:10:20:bd::1",
            "ip": "fd00:10:20:bd::1/64",
            "no_default_gateway": false,
            "primary": false,
            "querier": false,
            "schema_id": "66154ea5749a9abe118014de",
            "scope": "public",
            "shared": true,
            "template_name": "L2_Stretched",
            "virtual": false
          },
          "sensitive_attributes": [],
          "identity_schema_version": 0,
          "private": "eyJzY2hlbWFfdmVyc2lvbiI6IjEifQ==",
          "dependencies": [
            "data.mso_schema.existing",
            "mso_schema_template_bd.bd_rcc_dns",
            "mso_schema_template_vrf.vrf_rcc"
          ]
        }
      ]
    },
    {
      "mode": "managed",
      "type": "mso_schema_template_bd_subnet",
      "name": "bd_rcc_svr_subnet",
      "provider": "provider[\"registry.terraform.io/ciscodevnet/mso\"]",
      "instances": [
        {
          "schema_version": 1,
          "attributes": {
            "bd_name": "BD-RCC-SVR",
            "description": "",
            "id": "fd00:10:80:bc::1",
            "ip": "fd00:10:80:bc::1/64",
            "no_default_gateway": false,
            "primary": false,
            "querier": false,
            "schema_id": "66154ea5749a9abe118014de",
            "scope": "public",
            "shared": true,
            "template_name": "L2_Stretched",
            "virtual": false
          },
          "sensitive_attributes": [],
          "identity_schema_version": 0,
          "private": "eyJzY2hlbWFfdmVyc2lvbiI6IjEifQ==",
          "dependencies": [
            "data.mso_schema.existing",
            "mso_schema_template_bd.bd_rcc_svr",
            "mso_schema_template_vrf.vrf_rcc"
          ]
        }
      ]
    },
    {
      "mode": "managed",
      "type": "mso_schema_template_bd_subnet",
      "name": "bd_rcc_unix_subnet",
      "provider": "provider[\"registry.terraform.io/ciscodevnet/mso\"]",
      "instances": [
        {
          "schema_version": 1,
          "attributes": {
            "bd_name": "BD-RCC-UNIX",
            "description": "",
            "id": "fd00:10:80:bf::1",
            "ip": "fd00:10:80:bf::1/64",
            "no_default_gateway": false,
            "primary": false,
            "querier": false,
            "schema_id": "66154ea5749a9abe118014de",
            "scope": "public",
            "shared": true,
            "template_name": "L2_Stretched",
            "virtual": false
          },
          "sensitive_attributes": [],
          "identity_schema_version": 0,
          "private": "eyJzY2hlbWFfdmVyc2lvbiI6IjEifQ==",
          "dependencies": [
            "data.mso_schema.existing",
            "mso_schema_template_bd.bd_rcc_unix",
            "mso_schema_template_vrf.vrf_rcc"
          ]
        }
      ]
    },
    {
      "mode": "managed",
      "type": "mso_schema_template_bd_subnet",
      "name": "bd_rweb_proxy_subnet",
      "provider": "provider[\"registry.terraform.io/ciscodevnet/mso\"]",
      "instances": [
        {
          "schema_version": 1,
          "attributes": {
            "bd_name": "BD-RWEB-PROXY",
            "description": "",
            "id": "fd00:10:60:d7::1",
            "ip": "fd00:10:60:d7::1/64",
            "no_default_gateway": false,
            "primary": false,
            "querier": false,
            "schema_id": "66154ea5749a9abe118014de",
            "scope": "public",
            "shared": true,
            "template_name": "L2_Stretched",
            "virtual": false
          },
          "sensitive_attributes": [],
          "identity_schema_version": 0,
          "private": "eyJzY2hlbWFfdmVyc2lvbiI6IjEifQ==",
          "dependencies": [
            "data.mso_schema.existing",
            "mso_schema_template_bd.bd_rweb_proxy",
            "mso_schema_template_vrf.vrf_rcc"
          ]
        }
      ]
    },
    {
      "mode": "managed",
      "type": "mso_schema_template_bd_subnet",
      "name": "bd_smtp_svr_subnet",
      "provider": "provider[\"registry.terraform.io/ciscodevnet/mso\"]",
      "instances": [
        {
          "schema_version": 1,
          "attributes": {
            "bd_name": "BD-SMTP-SVR",
            "description": "",
            "id": "fd00:10:20:d5::1",
            "ip": "fd00:10:20:d5::1/64",
            "no_default_gateway": false,
            "primary": false,
            "querier": false,
            "schema_id": "66154ea5749a9abe118014de",
            "scope": "public",
            "shared": true,
            "template_name": "L2_Stretched",
            "virtual": false
          },
          "sensitive_attributes": [],
          "identity_schema_version": 0,
          "private": "eyJzY2hlbWFfdmVyc2lvbiI6IjEifQ==",
          "dependencies": [
            "data.mso_schema.existing",
            "mso_schema_template_bd.bd_smtp_svr",
            "mso_schema_template_vrf.vrf_rcc"
          ]
        }
      ]
    },
    {
      "mode": "managed",
      "type": "mso_schema_template_bd_subnet",
      "name": "bd_syslog_subnet",
      "provider": "provider[\"registry.terraform.io/ciscodevnet/mso\"]",
      "instances": [
        {
          "schema_version": 1,
          "attributes": {
            "bd_name": "BD-SYSLOG",
            "description": "",
            "id": "fd00:10:a0:d9::1",
            "ip": "fd00:10:a0:d9::1/64",
            "no_default_gateway": false,
            "primary": false,
            "querier": false,
            "schema_id": "66154ea5749a9abe118014de",
            "scope": "public",
            "shared": true,
            "template_name": "L2_Non-Stretched",
            "virtual": false
          },
          "sensitive_attributes": [],
          "identity_schema_version": 0,
          "private": "eyJzY2hlbWFfdmVyc2lvbiI6IjEifQ==",
          "dependencies": [
            "data.mso_schema.existing",
            "mso_schema_template_bd.bd_syslog",
            "mso_schema_template_vrf.vrf_rcc"
          ]
        }
      ]
    },
    {
      "mode": "managed",
      "type": "mso_schema_template_bd_subnet",
      "name": "bd_vvoip_mgmt_subnet",
      "provider": "provider[\"registry.terraform.io/ciscodevnet/mso\"]",
      "instances": [
        {
          "schema_version": 1,
          "attributes": {
            "bd_name": "BD-VVOIP-MGMT",
            "description": "",
            "id": "fd00:10:30:41::1",
            "ip": "fd00:10:30:41::1/64",
            "no_default_gateway": false,
            "primary": false,
            "querier": false,
            "schema_id": "66154ea5749a9abe118014de",
            "scope": "public",
            "shared": true,
            "template_name": "L2_Stretched",
            "virtual": false
          },
          "sensitive_attributes": [],
          "identity_schema_version": 0,
          "private": "eyJzY2hlbWFfdmVyc2lvbiI6IjEifQ==",
          "dependencies": [
            "data.mso_schema.existing",
            "mso_schema_template_bd.bd_vvoip_mgmt",
            "mso_schema_template_vrf.vrf_rcc"
          ]
        }
      ]
    },
    {
      "mode": "managed",
      "type": "mso_schema_template_bd_subnet",
      "name": "bd_vvoip_proxy_subnet",
      "provider": "provider[\"registry.terraform.io/ciscodevnet/mso\"]",
      "instances": [
        {
          "schema_version": 1,
          "attributes": {
            "bd_name": "BD-VVOIP-PROXY",
            "description": "",
            "id": "fd00:10:30:42::1",
            "ip": "fd00:10:30:42::1/64",
            "no_default_gateway": false,
            "primary": false,
            "querier": false,
            "schema_id": "66154ea5749a9abe118014de",
            "scope": "public",
            "shared": true,
            "template_name": "L2_Stretched",
            "virtual": false
          },
          "sensitive_attributes": [],
          "identity_schema_version": 0,
          "private": "eyJzY2hlbWFfdmVyc2lvbiI6IjEifQ==",
          "dependencies": [
            "data.mso_schema.existing",
            "mso_schema_template_bd.bd_vvoip_proxy",
            "mso_schema_template_vrf.vrf_rcc"
          ]
        }
      ]
    },
    {
      "mode": "managed",
      "type": "mso_schema_template_bd_subnet",
      "name": "bd_web_svr_subnet",
      "provider": "provider[\"registry.terraform.io/ciscodevnet/mso\"]",
      "instances": [
        {
          "schema_version": 1,
          "attributes": {
            "bd_name": "BD-WEB-SVR",
            "description": "",
            "id": "fd00:10:70:e4::1",
            "ip": "fd00:10:70:e4::1/64",
            "no_default_gateway": false,
            "primary": false,
            "querier": false,
            "schema_id": "66154ea5749a9abe118014de",
            "scope": "public",
            "shared": true,
            "template_name": "L2_Stretched",
            "virtual": false
          },
          "sensitive_attributes": [],
          "identity_schema_version": 0,
          "private": "eyJzY2hlbWFfdmVyc2lvbiI6IjEifQ==",
          "dependencies": [
            "data.mso_schema.existing",
            "mso_schema_template_bd.bd_web_svr",
            "mso_schema_template_vrf.vrf_rcc"
          ]
        }
      ]
    },
    {
      "mode": "managed",
      "type": "mso_schema_template_contract",
      "name": "contract_vrf_rcc",
      "provider": "provider[\"registry.terraform.io/ciscodevnet/mso\"]",
      "instances": [
        {
          "schema_version": 1,
          "attributes": {
            "contract_name": "Any_VRF-RCC",
            "description": "",
            "directives": [],
            "display_name": "Any_VRF-RCC",
            "filter_relationship": [
              {
                "action": "permit",
                "directives": [],
                "filter_name": "Any",
                "filter_schema_id": "66154ea5749a9abe118014de",
                "filter_template_name": "UpgradeTemplate1",
                "filter_type": "bothWay",
                "priority": "default"
              }
            ],
            "filter_relationships": {
              "filter_name": "Any",
              "filter_schema_id": "66154ea5749a9abe118014de",
              "filter_template_name": "UpgradeTemplate1"
            },
            "filter_type": "bothWay",
            "id": "66154ea5749a9abe118014de/templates/UpgradeTemplate1/contracts/Any_VRF-RCC",
            "priority": "unspecified",
            "schema_id": "66154ea5749a9abe118014de",
            "scope": "context",
            "target_dscp": "unspecified",
            "template_name": "UpgradeTemplate1"
          },
          "sensitive_attributes": [],
          "identity_schema_version": 0,
          "private": "eyJzY2hlbWFfdmVyc2lvbiI6IjEifQ==",
          "dependencies": [
            "data.mso_schema.existing"
          ]
        }
      ]
    },
    {
      "mode": "managed",
      "type": "mso_schema_template_vrf",
      "name": "vrf_rcc",
      "provider": "provider[\"registry.terraform.io/ciscodevnet/mso\"]",
      "instances": [
        {
          "schema_version": 0,
          "attributes": {
            "description": "",
            "display_name": "VRF-RCC",
            "id": "VRF-RCC",
            "ip_data_plane_learning": "enabled",
            "layer3_multicast": false,
            "name": "VRF-RCC",
            "preferred_group": false,
            "rendezvous_points": [],
            "schema_id": "66154ea5749a9abe118014de",
            "site_aware_policy_enforcement": false,
            "template": "UpgradeTemplate1",
            "uuid": "11f66a64-a6b4-4354-bec7-38eca2229173",
            "vzany": true
          },
          "sensitive_attributes": [],
          "identity_schema_version": 0,
          "private": "bnVsbA==",
          "dependencies": [
            "data.mso_schema.existing"
          ]
        }
      ]
    }
  ],
  "check_results": null
}
